
Microsoft Visual Studio Solution File, Format Version 12.00
# Visual Studio 14
VisualStudioVersion = 14.0.25420.1
MinimumVisualStudioVersion = 10.0.40219.1
Project("{FAE04EC0-301F-11D3-BF4B-00C04F79EFBC}") = "SkiaDemo.Wpf", "SkiaDemo.Wpf\SkiaDemo.Wpf.csproj", "{BDE5F939-C291-44E3-9FE3-939D85341BB6}"
EndProject
Project("{D954291E-2A0B-460D-934E-DC6B0785DB48}") = "SkiaDemo.Shared", "SkiaDemo.Shared\SkiaDemo.Shared.shproj", "{418EAF2D-F3D1-4A66-9D9C-1729CC0A22CC}"
EndProject
Project("{D954291E-2A0B-460D-934E-DC6B0785DB48}") = "FileWriter.SvgSkiaSharp", "FileWriter.SvgSkiaSharp\FileWriter.SvgSkiaSharp.shproj", "{A80A1BD3-8FB4-4590-813A-FAD01DD2F977}"
EndProject
Project("{2150E333-8FDC-42A3-9474-1A3956D46DE8}") = "dependencies", "dependencies", "{E674EB24-2FD4-4165-8A28-981642572C94}"
EndProject
Project("{FAE04EC0-301F-11D3-BF4B-00C04F79EFBC}") = "Core2D", "..\src\Core2D\Core2D.csproj", "{4EE581B0-45F3-4D7E-BEAE-277ABF5F3FDD}"
EndProject
Project("{FAE04EC0-301F-11D3-BF4B-00C04F79EFBC}") = "Renderer.SkiaSharp", "..\dependencies\Renderer.SkiaSharp\Renderer.SkiaSharp.csproj", "{9B8FA9BD-63BE-4560-BA55-0D86AEE1809E}"
EndProject
Project("{FAE04EC0-301F-11D3-BF4B-00C04F79EFBC}") = "FileSystem.DotNetFx", "..\dependencies\FileSystem.DotNetFx\FileSystem.DotNetFx.csproj", "{D1F867F7-9029-480D-B1E1-B0BE4658B182}"
EndProject
Project("{FAE04EC0-301F-11D3-BF4B-00C04F79EFBC}") = "FileWriter.PdfSkiaSharp", "..\dependencies\FileWriter.PdfSkiaSharp\FileWriter.PdfSkiaSharp.csproj", "{C934BA25-608B-42FA-B766-42EFAD7DA6FF}"
EndProject
Project("{FAE04EC0-301F-11D3-BF4B-00C04F79EFBC}") = "Serializer.Newtonsoft", "..\dependencies\Serializer.Newtonsoft\Serializer.Newtonsoft.csproj", "{11E61A53-13D5-4447-8D66-3F328BBFC30A}"
EndProject
Project("{FAE04EC0-301F-11D3-BF4B-00C04F79EFBC}") = "Serializer.Xaml", "..\dependencies\Serializer.Xaml\Serializer.Xaml.csproj", "{1DCA99EA-F8FE-4DDD-AB81-BF0380C1B33D}"
EndProject
Project("{FAE04EC0-301F-11D3-BF4B-00C04F79EFBC}") = "TextFieldReader.CsvHelper", "..\dependencies\TextFieldReader.CsvHelper\TextFieldReader.CsvHelper.csproj", "{F215ADF5-74C1-4E26-9045-B6BBDA736092}"
EndProject
Project("{FAE04EC0-301F-11D3-BF4B-00C04F79EFBC}") = "TextFieldWriter.CsvHelper", "..\dependencies\TextFieldWriter.CsvHelper\TextFieldWriter.CsvHelper.csproj", "{AE7FF1B5-ABE3-45BF-87CC-44AC580A666A}"
EndProject
Project("{FAE04EC0-301F-11D3-BF4B-00C04F79EFBC}") = "Utilities.Wpf", "..\dependencies\Utilities.Wpf\Utilities.Wpf.csproj", "{E8D9036D-7E08-4405-B767-FB1E654EF66A}"
EndProject
Global
	GlobalSection(SharedMSBuildProjectFiles) = preSolution
		..\src\Core2D.Shared\Core2D.Shared.projitems*{11e61a53-13d5-4447-8d66-3f328bbfc30a}*SharedItemsImports = 4
		..\src\Core2D.Shared\Core2D.Shared.projitems*{1dca99ea-f8fe-4ddd-ab81-bf0380c1b33d}*SharedItemsImports = 4
		SkiaDemo.Shared\SkiaDemo.Shared.projitems*{418eaf2d-f3d1-4a66-9d9c-1729cc0a22cc}*SharedItemsImports = 13
		..\src\Core2D.Shared\Core2D.Shared.projitems*{4ee581b0-45f3-4d7e-beae-277abf5f3fdd}*SharedItemsImports = 4
		..\src\Core2D.Shared\Core2D.Shared.projitems*{9b8fa9bd-63be-4560-ba55-0d86aee1809e}*SharedItemsImports = 4
		FileWriter.SvgSkiaSharp\FileWriter.SvgSkiaSharp.projitems*{a80a1bd3-8fb4-4590-813a-fad01dd2f977}*SharedItemsImports = 13
		..\src\Core2D.Shared\Core2D.Shared.projitems*{ae7ff1b5-abe3-45bf-87cc-44ac580a666a}*SharedItemsImports = 4
		FileWriter.SvgSkiaSharp\FileWriter.SvgSkiaSharp.projitems*{bde5f939-c291-44e3-9fe3-939d85341bb6}*SharedItemsImports = 4
		SkiaDemo.Shared\SkiaDemo.Shared.projitems*{bde5f939-c291-44e3-9fe3-939d85341bb6}*SharedItemsImports = 4
		..\src\Core2D.Shared\Core2D.Shared.projitems*{c934ba25-608b-42fa-b766-42efad7da6ff}*SharedItemsImports = 4
		..\src\Core2D.Shared\Core2D.Shared.projitems*{d1f867f7-9029-480d-b1e1-b0be4658b182}*SharedItemsImports = 4
		..\src\Core2D.Shared\Core2D.Shared.projitems*{e8d9036d-7e08-4405-b767-fb1e654ef66a}*SharedItemsImports = 4
		..\src\Core2D.Shared\Core2D.Shared.projitems*{f215adf5-74c1-4e26-9045-b6bbda736092}*SharedItemsImports = 4
	EndGlobalSection
	GlobalSection(SolutionConfigurationPlatforms) = preSolution
		Debug|Any CPU = Debug|Any CPU
		Debug|x64 = Debug|x64
		Debug|x86 = Debug|x86
		Release|Any CPU = Release|Any CPU
		Release|x64 = Release|x64
		Release|x86 = Release|x86
	EndGlobalSection
	GlobalSection(ProjectConfigurationPlatforms) = postSolution
		{BDE5F939-C291-44E3-9FE3-939D85341BB6}.Debug|Any CPU.ActiveCfg = Debug|x86
		{BDE5F939-C291-44E3-9FE3-939D85341BB6}.Debug|Any CPU.Build.0 = Debug|x86
		{BDE5F939-C291-44E3-9FE3-939D85341BB6}.Debug|x64.ActiveCfg = Debug|x64
		{BDE5F939-C291-44E3-9FE3-939D85341BB6}.Debug|x64.Build.0 = Debug|x64
		{BDE5F939-C291-44E3-9FE3-939D85341BB6}.Debug|x86.ActiveCfg = Debug|x86
		{BDE5F939-C291-44E3-9FE3-939D85341BB6}.Debug|x86.Build.0 = Debug|x86
		{BDE5F939-C291-44E3-9FE3-939D85341BB6}.Release|Any CPU.ActiveCfg = Release|x86
		{BDE5F939-C291-44E3-9FE3-939D85341BB6}.Release|Any CPU.Build.0 = Release|x86
		{BDE5F939-C291-44E3-9FE3-939D85341BB6}.Release|x64.ActiveCfg = Release|x64
		{BDE5F939-C291-44E3-9FE3-939D85341BB6}.Release|x64.Build.0 = Release|x64
		{BDE5F939-C291-44E3-9FE3-939D85341BB6}.Release|x86.ActiveCfg = Release|x86
		{BDE5F939-C291-44E3-9FE3-939D85341BB6}.Release|x86.Build.0 = Release|x86
		{4EE581B0-45F3-4D7E-BEAE-277ABF5F3FDD}.Debug|Any CPU.ActiveCfg = Debug|Any CPU
		{4EE581B0-45F3-4D7E-BEAE-277ABF5F3FDD}.Debug|Any CPU.Build.0 = Debug|Any CPU
		{4EE581B0-45F3-4D7E-BEAE-277ABF5F3FDD}.Debug|x64.ActiveCfg = Debug|x64
		{4EE581B0-45F3-4D7E-BEAE-277ABF5F3FDD}.Debug|x64.Build.0 = Debug|x64
		{4EE581B0-45F3-4D7E-BEAE-277ABF5F3FDD}.Debug|x86.ActiveCfg = Debug|x86
		{4EE581B0-45F3-4D7E-BEAE-277ABF5F3FDD}.Debug|x86.Build.0 = Debug|x86
		{4EE581B0-45F3-4D7E-BEAE-277ABF5F3FDD}.Release|Any CPU.ActiveCfg = Release|Any CPU
		{4EE581B0-45F3-4D7E-BEAE-277ABF5F3FDD}.Release|Any CPU.Build.0 = Release|Any CPU
		{4EE581B0-45F3-4D7E-BEAE-277ABF5F3FDD}.Release|x64.ActiveCfg = Release|x64
		{4EE581B0-45F3-4D7E-BEAE-277ABF5F3FDD}.Release|x64.Build.0 = Release|x64
		{4EE581B0-45F3-4D7E-BEAE-277ABF5F3FDD}.Release|x86.ActiveCfg = Release|x86
		{4EE581B0-45F3-4D7E-BEAE-277ABF5F3FDD}.Release|x86.Build.0 = Release|x86
		{9B8FA9BD-63BE-4560-BA55-0D86AEE1809E}.Debug|Any CPU.ActiveCfg = Debug|Any CPU
		{9B8FA9BD-63BE-4560-BA55-0D86AEE1809E}.Debug|Any CPU.Build.0 = Debug|Any CPU
		{9B8FA9BD-63BE-4560-BA55-0D86AEE1809E}.Debug|x64.ActiveCfg = Debug|x64
		{9B8FA9BD-63BE-4560-BA55-0D86AEE1809E}.Debug|x64.Build.0 = Debug|x64
		{9B8FA9BD-63BE-4560-BA55-0D86AEE1809E}.Debug|x86.ActiveCfg = Debug|x86
		{9B8FA9BD-63BE-4560-BA55-0D86AEE1809E}.Debug|x86.Build.0 = Debug|x86
		{9B8FA9BD-63BE-4560-BA55-0D86AEE1809E}.Release|Any CPU.ActiveCfg = Release|Any CPU
		{9B8FA9BD-63BE-4560-BA55-0D86AEE1809E}.Release|Any CPU.Build.0 = Release|Any CPU
		{9B8FA9BD-63BE-4560-BA55-0D86AEE1809E}.Release|x64.ActiveCfg = Release|x64
		{9B8FA9BD-63BE-4560-BA55-0D86AEE1809E}.Release|x64.Build.0 = Release|x64
		{9B8FA9BD-63BE-4560-BA55-0D86AEE1809E}.Release|x86.ActiveCfg = Release|x86
		{9B8FA9BD-63BE-4560-BA55-0D86AEE1809E}.Release|x86.Build.0 = Release|x86
		{D1F867F7-9029-480D-B1E1-B0BE4658B182}.Debug|Any CPU.ActiveCfg = Debug|Any CPU
		{D1F867F7-9029-480D-B1E1-B0BE4658B182}.Debug|Any CPU.Build.0 = Debug|Any CPU
		{D1F867F7-9029-480D-B1E1-B0BE4658B182}.Debug|x64.ActiveCfg = Debug|x64
		{D1F867F7-9029-480D-B1E1-B0BE4658B182}.Debug|x64.Build.0 = Debug|x64
		{D1F867F7-9029-480D-B1E1-B0BE4658B182}.Debug|x86.ActiveCfg = Debug|x86
		{D1F867F7-9029-480D-B1E1-B0BE4658B182}.Debug|x86.Build.0 = Debug|x86
		{D1F867F7-9029-480D-B1E1-B0BE4658B182}.Release|Any CPU.ActiveCfg = Release|Any CPU
		{D1F867F7-9029-480D-B1E1-B0BE4658B182}.Release|Any CPU.Build.0 = Release|Any CPU
		{D1F867F7-9029-480D-B1E1-B0BE4658B182}.Release|x64.ActiveCfg = Release|x64
		{D1F867F7-9029-480D-B1E1-B0BE4658B182}.Release|x64.Build.0 = Release|x64
		{D1F867F7-9029-480D-B1E1-B0BE4658B182}.Release|x86.ActiveCfg = Release|x86
		{D1F867F7-9029-480D-B1E1-B0BE4658B182}.Release|x86.Build.0 = Release|x86
		{C934BA25-608B-42FA-B766-42EFAD7DA6FF}.Debug|Any CPU.ActiveCfg = Debug|Any CPU
		{C934BA25-608B-42FA-B766-42EFAD7DA6FF}.Debug|Any CPU.Build.0 = Debug|Any CPU
		{C934BA25-608B-42FA-B766-42EFAD7DA6FF}.Debug|x64.ActiveCfg = Debug|x64
		{C934BA25-608B-42FA-B766-42EFAD7DA6FF}.Debug|x64.Build.0 = Debug|x64
		{C934BA25-608B-42FA-B766-42EFAD7DA6FF}.Debug|x86.ActiveCfg = Debug|x86
		{C934BA25-608B-42FA-B766-42EFAD7DA6FF}.Debug|x86.Build.0 = Debug|x86
		{C934BA25-608B-42FA-B766-42EFAD7DA6FF}.Release|Any CPU.ActiveCfg = Release|Any CPU
		{C934BA25-608B-42FA-B766-42EFAD7DA6FF}.Release|Any CPU.Build.0 = Release|Any CPU
		{C934BA25-608B-42FA-B766-42EFAD7DA6FF}.Release|x64.ActiveCfg = Release|x64
		{C934BA25-608B-42FA-B766-42EFAD7DA6FF}.Release|x64.Build.0 = Release|x64
		{C934BA25-608B-42FA-B766-42EFAD7DA6FF}.Release|x86.ActiveCfg = Release|x86
		{C934BA25-608B-42FA-B766-42EFAD7DA6FF}.Release|x86.Build.0 = Release|x86
		{11E61A53-13D5-4447-8D66-3F328BBFC30A}.Debug|Any CPU.ActiveCfg = Debug|Any CPU
		{11E61A53-13D5-4447-8D66-3F328BBFC30A}.Debug|Any CPU.Build.0 = Debug|Any CPU
		{11E61A53-13D5-4447-8D66-3F328BBFC30A}.Debug|x64.ActiveCfg = Debug|x64
		{11E61A53-13D5-4447-8D66-3F328BBFC30A}.Debug|x64.Build.0 = Debug|x64
		{11E61A53-13D5-4447-8D66-3F328BBFC30A}.Debug|x86.ActiveCfg = Debug|x86
		{11E61A53-13D5-4447-8D66-3F328BBFC30A}.Debug|x86.Build.0 = Debug|x86
		{11E61A53-13D5-4447-8D66-3F328BBFC30A}.Release|Any CPU.ActiveCfg = Release|Any CPU
		{11E61A53-13D5-4447-8D66-3F328BBFC30A}.Release|Any CPU.Build.0 = Release|Any CPU
		{11E61A53-13D5-4447-8D66-3F328BBFC30A}.Release|x64.ActiveCfg = Release|x64
		{11E61A53-13D5-4447-8D66-3F328BBFC30A}.Release|x64.Build.0 = Release|x64
		{11E61A53-13D5-4447-8D66-3F328BBFC30A}.Release|x86.ActiveCfg = Release|x86
		{11E61A53-13D5-4447-8D66-3F328BBFC30A}.Release|x86.Build.0 = Release|x86
		{1DCA99EA-F8FE-4DDD-AB81-BF0380C1B33D}.Debug|Any CPU.ActiveCfg = Debug|Any CPU
		{1DCA99EA-F8FE-4DDD-AB81-BF0380C1B33D}.Debug|Any CPU.Build.0 = Debug|Any CPU
		{1DCA99EA-F8FE-4DDD-AB81-BF0380C1B33D}.Debug|x64.ActiveCfg = Debug|x64
		{1DCA99EA-F8FE-4DDD-AB81-BF0380C1B33D}.Debug|x64.Build.0 = Debug|x64
		{1DCA99EA-F8FE-4DDD-AB81-BF0380C1B33D}.Debug|x86.ActiveCfg = Debug|x86
		{1DCA99EA-F8FE-4DDD-AB81-BF0380C1B33D}.Debug|x86.Build.0 = Debug|x86
		{1DCA99EA-F8FE-4DDD-AB81-BF0380C1B33D}.Release|Any CPU.ActiveCfg = Release|Any CPU
		{1DCA99EA-F8FE-4DDD-AB81-BF0380C1B33D}.Release|Any CPU.Build.0 = Release|Any CPU
		{1DCA99EA-F8FE-4DDD-AB81-BF0380C1B33D}.Release|x64.ActiveCfg = Release|x64
		{1DCA99EA-F8FE-4DDD-AB81-BF0380C1B33D}.Release|x64.Build.0 = Release|x64
		{1DCA99EA-F8FE-4DDD-AB81-BF0380C1B33D}.Release|x86.ActiveCfg = Release|x86
		{1DCA99EA-F8FE-4DDD-AB81-BF0380C1B33D}.Release|x86.Build.0 = Release|x86
		{F215ADF5-74C1-4E26-9045-B6BBDA736092}.Debug|Any CPU.ActiveCfg = Debug|Any CPU
		{F215ADF5-74C1-4E26-9045-B6BBDA736092}.Debug|Any CPU.Build.0 = Debug|Any CPU
		{F215ADF5-74C1-4E26-9045-B6BBDA736092}.Debug|x64.ActiveCfg = Debug|x64
		{F215ADF5-74C1-4E26-9045-B6BBDA736092}.Debug|x64.Build.0 = Debug|x64
		{F215ADF5-74C1-4E26-9045-B6BBDA736092}.Debug|x86.ActiveCfg = Debug|x86
		{F215ADF5-74C1-4E26-9045-B6BBDA736092}.Debug|x86.Build.0 = Debug|x86
		{F215ADF5-74C1-4E26-9045-B6BBDA736092}.Release|Any CPU.ActiveCfg = Release|Any CPU
		{F215ADF5-74C1-4E26-9045-B6BBDA736092}.Release|Any CPU.Build.0 = Release|Any CPU
		{F215ADF5-74C1-4E26-9045-B6BBDA736092}.Release|x64.ActiveCfg = Release|x64
		{F215ADF5-74C1-4E26-9045-B6BBDA736092}.Release|x64.Build.0 = Release|x64
		{F215ADF5-74C1-4E26-9045-B6BBDA736092}.Release|x86.ActiveCfg = Release|x86
		{F215ADF5-74C1-4E26-9045-B6BBDA736092}.Release|x86.Build.0 = Release|x86
		{AE7FF1B5-ABE3-45BF-87CC-44AC580A666A}.Debug|Any CPU.ActiveCfg = Debug|Any CPU
		{AE7FF1B5-ABE3-45BF-87CC-44AC580A666A}.Debug|Any CPU.Build.0 = Debug|Any CPU
		{AE7FF1B5-ABE3-45BF-87CC-44AC580A666A}.Debug|x64.ActiveCfg = Debug|x64
		{AE7FF1B5-ABE3-45BF-87CC-44AC580A666A}.Debug|x64.Build.0 = Debug|x64
		{AE7FF1B5-ABE3-45BF-87CC-44AC580A666A}.Debug|x86.ActiveCfg = Debug|x86
		{AE7FF1B5-ABE3-45BF-87CC-44AC580A666A}.Debug|x86.Build.0 = Debug|x86
		{AE7FF1B5-ABE3-45BF-87CC-44AC580A666A}.Release|Any CPU.ActiveCfg = Release|Any CPU
		{AE7FF1B5-ABE3-45BF-87CC-44AC580A666A}.Release|Any CPU.Build.0 = Release|Any CPU
		{AE7FF1B5-ABE3-45BF-87CC-44AC580A666A}.Release|x64.ActiveCfg = Release|x64
		{AE7FF1B5-ABE3-45BF-87CC-44AC580A666A}.Release|x64.Build.0 = Release|x64
		{AE7FF1B5-ABE3-45BF-87CC-44AC580A666A}.Release|x86.ActiveCfg = Release|x86
		{AE7FF1B5-ABE3-45BF-87CC-44AC580A666A}.Release|x86.Build.0 = Release|x86
		{E8D9036D-7E08-4405-B767-FB1E654EF66A}.Debug|Any CPU.ActiveCfg = Debug|Any CPU
		{E8D9036D-7E08-4405-B767-FB1E654EF66A}.Debug|Any CPU.Build.0 = Debug|Any CPU
		{E8D9036D-7E08-4405-B767-FB1E654EF66A}.Debug|x64.ActiveCfg = Debug|x64
		{E8D9036D-7E08-4405-B767-FB1E654EF66A}.Debug|x64.Build.0 = Debug|x64
		{E8D9036D-7E08-4405-B767-FB1E654EF66A}.Debug|x86.ActiveCfg = Debug|x86
		{E8D9036D-7E08-4405-B767-FB1E654EF66A}.Debug|x86.Build.0 = Debug|x86
		{E8D9036D-7E08-4405-B767-FB1E654EF66A}.Release|Any CPU.ActiveCfg = Release|Any CPU
		{E8D9036D-7E08-4405-B767-FB1E654EF66A}.Release|Any CPU.Build.0 = Release|Any CPU
		{E8D9036D-7E08-4405-B767-FB1E654EF66A}.Release|x64.ActiveCfg = Release|x64
		{E8D9036D-7E08-4405-B767-FB1E654EF66A}.Release|x64.Build.0 = Release|x64
		{E8D9036D-7E08-4405-B767-FB1E654EF66A}.Release|x86.ActiveCfg = Release|x86
		{E8D9036D-7E08-4405-B767-FB1E654EF66A}.Release|x86.Build.0 = Release|x86
	EndGlobalSection
	GlobalSection(SolutionProperties) = preSolution
		HideSolutionNode = FALSE
	EndGlobalSection
	GlobalSection(NestedProjects) = preSolution
		{4EE581B0-45F3-4D7E-BEAE-277ABF5F3FDD} = {E674EB24-2FD4-4165-8A28-981642572C94}
		{9B8FA9BD-63BE-4560-BA55-0D86AEE1809E} = {E674EB24-2FD4-4165-8A28-981642572C94}
		{D1F867F7-9029-480D-B1E1-B0BE4658B182} = {E674EB24-2FD4-4165-8A28-981642572C94}
		{C934BA25-608B-42FA-B766-42EFAD7DA6FF} = {E674EB24-2FD4-4165-8A28-981642572C94}
		{11E61A53-13D5-4447-8D66-3F328BBFC30A} = {E674EB24-2FD4-4165-8A28-981642572C94}
		{1DCA99EA-F8FE-4DDD-AB81-BF0380C1B33D} = {E674EB24-2FD4-4165-8A28-981642572C94}
		{F215ADF5-74C1-4E26-9045-B6BBDA736092} = {E674EB24-2FD4-4165-8A28-981642572C94}
		{AE7FF1B5-ABE3-45BF-87CC-44AC580A666A} = {E674EB24-2FD4-4165-8A28-981642572C94}
		{E8D9036D-7E08-4405-B767-FB1E654EF66A} = {E674EB24-2FD4-4165-8A28-981642572C94}
	EndGlobalSection
EndGlobal
