
Microsoft Visual Studio Solution File, Format Version 12.00
# Visual Studio 14
VisualStudioVersion = 14.0.25420.1
MinimumVisualStudioVersion = 10.0.40219.1
Project("{2150E333-8FDC-42A3-9474-1A3956D46DE8}") = "dependencies", "dependencies", "{9DA997E2-E367-481C-B48A-278274034A26}"
EndProject
Project("{FAE04EC0-301F-11D3-BF4B-00C04F79EFBC}") = "FileWriter.Pdf-core", "dependencies\FileWriter.Pdf-core\FileWriter.Pdf-core.csproj", "{EC0EFA51-83F0-4439-BE9F-FAEBD3418C94}"
EndProject
Project("{FAE04EC0-301F-11D3-BF4B-00C04F79EFBC}") = "Renderer.PdfSharp-core", "dependencies\Renderer.PdfSharp-core\Renderer.PdfSharp-core.csproj", "{34C8EE31-A1FE-4A74-BE36-C1F38BC06FEC}"
EndProject
Project("{FAE04EC0-301F-11D3-BF4B-00C04F79EFBC}") = "Renderer.Avalonia", "dependencies\Renderer.Avalonia\Renderer.Avalonia.csproj", "{E05F3F7E-2176-43DC-90BB-F5C66CFDB12F}"
EndProject
Project("{FAE04EC0-301F-11D3-BF4B-00C04F79EFBC}") = "Serializer.Newtonsoft", "dependencies\Serializer.Newtonsoft\Serializer.Newtonsoft.csproj", "{11E61A53-13D5-4447-8D66-3F328BBFC30A}"
EndProject
Project("{FAE04EC0-301F-11D3-BF4B-00C04F79EFBC}") = "Serializer.Xaml", "dependencies\Serializer.Xaml\Serializer.Xaml.csproj", "{1DCA99EA-F8FE-4DDD-AB81-BF0380C1B33D}"
EndProject
Project("{FAE04EC0-301F-11D3-BF4B-00C04F79EFBC}") = "Log.Trace", "dependencies\Log.Trace\Log.Trace.csproj", "{68A36926-DF55-4F05-9F89-B9AB1463227E}"
EndProject
Project("{FAE04EC0-301F-11D3-BF4B-00C04F79EFBC}") = "TextFieldReader.CsvHelper", "dependencies\TextFieldReader.CsvHelper\TextFieldReader.CsvHelper.csproj", "{F215ADF5-74C1-4E26-9045-B6BBDA736092}"
EndProject
Project("{FAE04EC0-301F-11D3-BF4B-00C04F79EFBC}") = "TextFieldWriter.CsvHelper", "dependencies\TextFieldWriter.CsvHelper\TextFieldWriter.CsvHelper.csproj", "{AE7FF1B5-ABE3-45BF-87CC-44AC580A666A}"
EndProject
Project("{FAE04EC0-301F-11D3-BF4B-00C04F79EFBC}") = "FileSystem.DotNetFx", "dependencies\FileSystem.DotNetFx\FileSystem.DotNetFx.csproj", "{D1F867F7-9029-480D-B1E1-B0BE4658B182}"
EndProject
Project("{2150E333-8FDC-42A3-9474-1A3956D46DE8}") = "src", "src", "{BC6BAFE6-1735-4549-A7CC-819274780B38}"
EndProject
Project("{FAE04EC0-301F-11D3-BF4B-00C04F79EFBC}") = "Core2D", "src\Core2D\Core2D.csproj", "{4EE581B0-45F3-4D7E-BEAE-277ABF5F3FDD}"
EndProject
Project("{FAE04EC0-301F-11D3-BF4B-00C04F79EFBC}") = "Core2D.Avalonia.Cairo", "src\Core2D.Avalonia.Cairo\Core2D.Avalonia.Cairo.csproj", "{5ED631EC-651F-44D6-A99D-D1202F212656}"
EndProject
Project("{2150E333-8FDC-42A3-9474-1A3956D46DE8}") = "tests", "tests", "{8756F874-0C1B-4AB8-83E0-0BEDA782D212}"
EndProject
Project("{FAE04EC0-301F-11D3-BF4B-00C04F79EFBC}") = "Core2D.UnitTests", "tests\Core2D.UnitTests\Core2D.UnitTests.csproj", "{AB31E0E2-9090-4461-84BE-5C5AAA19758F}"
EndProject
Project("{FAE04EC0-301F-11D3-BF4B-00C04F79EFBC}") = "FileSystem.DotNetFx.UnitTests", "tests\FileSystem.DotNetFx.UnitTests\FileSystem.DotNetFx.UnitTests.csproj", "{E9C30F6F-00DD-494A-8E7C-253A5C76E999}"
EndProject
Project("{FAE04EC0-301F-11D3-BF4B-00C04F79EFBC}") = "PdfSharp", "dependencies\PDFsharp\src\PdfSharp\PdfSharp.csproj", "{5A6055BC-BF86-4FDD-9F62-0109DB7A303B}"
EndProject
Project("{FAE04EC0-301F-11D3-BF4B-00C04F79EFBC}") = "Utilities.Avalonia", "dependencies\Utilities.Avalonia\Utilities.Avalonia.csproj", "{C6DBD1FD-C462-4005-B382-97BB4AEF26F2}"
EndProject
Project("{FAE04EC0-301F-11D3-BF4B-00C04F79EFBC}") = "Core2D.Avalonia", "src\Core2D.Avalonia\Core2D.Avalonia.csproj", "{27CD58AE-D6D4-42AD-A315-2F1CB63454AF}"
EndProject
Global
	GlobalSection(SolutionConfigurationPlatforms) = preSolution
		Debug|AnyCPU = Debug|AnyCPU
		Debug|x64 = Debug|x64
		Debug|x86 = Debug|x86
		Release|AnyCPU = Release|AnyCPU
		Release|x64 = Release|x64
		Release|x86 = Release|x86
	EndGlobalSection
	GlobalSection(ProjectConfigurationPlatforms) = postSolution
		{EC0EFA51-83F0-4439-BE9F-FAEBD3418C94}.Debug|AnyCPU.ActiveCfg = Debug|Any CPU
		{EC0EFA51-83F0-4439-BE9F-FAEBD3418C94}.Debug|AnyCPU.Build.0 = Debug|Any CPU
		{EC0EFA51-83F0-4439-BE9F-FAEBD3418C94}.Debug|x64.ActiveCfg = Debug|x64
		{EC0EFA51-83F0-4439-BE9F-FAEBD3418C94}.Debug|x64.Build.0 = Debug|x64
		{EC0EFA51-83F0-4439-BE9F-FAEBD3418C94}.Debug|x86.ActiveCfg = Debug|x86
		{EC0EFA51-83F0-4439-BE9F-FAEBD3418C94}.Debug|x86.Build.0 = Debug|x86
		{EC0EFA51-83F0-4439-BE9F-FAEBD3418C94}.Release|AnyCPU.ActiveCfg = Release|Any CPU
		{EC0EFA51-83F0-4439-BE9F-FAEBD3418C94}.Release|AnyCPU.Build.0 = Release|Any CPU
		{EC0EFA51-83F0-4439-BE9F-FAEBD3418C94}.Release|x64.ActiveCfg = Release|x64
		{EC0EFA51-83F0-4439-BE9F-FAEBD3418C94}.Release|x64.Build.0 = Release|x64
		{EC0EFA51-83F0-4439-BE9F-FAEBD3418C94}.Release|x86.ActiveCfg = Release|x86
		{EC0EFA51-83F0-4439-BE9F-FAEBD3418C94}.Release|x86.Build.0 = Release|x86
		{34C8EE31-A1FE-4A74-BE36-C1F38BC06FEC}.Debug|AnyCPU.ActiveCfg = Debug|Any CPU
		{34C8EE31-A1FE-4A74-BE36-C1F38BC06FEC}.Debug|AnyCPU.Build.0 = Debug|Any CPU
		{34C8EE31-A1FE-4A74-BE36-C1F38BC06FEC}.Debug|x64.ActiveCfg = Debug|x64
		{34C8EE31-A1FE-4A74-BE36-C1F38BC06FEC}.Debug|x64.Build.0 = Debug|x64
		{34C8EE31-A1FE-4A74-BE36-C1F38BC06FEC}.Debug|x86.ActiveCfg = Debug|x86
		{34C8EE31-A1FE-4A74-BE36-C1F38BC06FEC}.Debug|x86.Build.0 = Debug|x86
		{34C8EE31-A1FE-4A74-BE36-C1F38BC06FEC}.Release|AnyCPU.ActiveCfg = Release|Any CPU
		{34C8EE31-A1FE-4A74-BE36-C1F38BC06FEC}.Release|AnyCPU.Build.0 = Release|Any CPU
		{34C8EE31-A1FE-4A74-BE36-C1F38BC06FEC}.Release|x64.ActiveCfg = Release|x64
		{34C8EE31-A1FE-4A74-BE36-C1F38BC06FEC}.Release|x64.Build.0 = Release|x64
		{34C8EE31-A1FE-4A74-BE36-C1F38BC06FEC}.Release|x86.ActiveCfg = Release|x86
		{34C8EE31-A1FE-4A74-BE36-C1F38BC06FEC}.Release|x86.Build.0 = Release|x86
		{E05F3F7E-2176-43DC-90BB-F5C66CFDB12F}.Debug|AnyCPU.ActiveCfg = Debug|Any CPU
		{E05F3F7E-2176-43DC-90BB-F5C66CFDB12F}.Debug|AnyCPU.Build.0 = Debug|Any CPU
		{E05F3F7E-2176-43DC-90BB-F5C66CFDB12F}.Debug|x64.ActiveCfg = Debug|x64
		{E05F3F7E-2176-43DC-90BB-F5C66CFDB12F}.Debug|x64.Build.0 = Debug|x64
		{E05F3F7E-2176-43DC-90BB-F5C66CFDB12F}.Debug|x86.ActiveCfg = Debug|x86
		{E05F3F7E-2176-43DC-90BB-F5C66CFDB12F}.Debug|x86.Build.0 = Debug|x86
		{E05F3F7E-2176-43DC-90BB-F5C66CFDB12F}.Release|AnyCPU.ActiveCfg = Release|Any CPU
		{E05F3F7E-2176-43DC-90BB-F5C66CFDB12F}.Release|AnyCPU.Build.0 = Release|Any CPU
		{E05F3F7E-2176-43DC-90BB-F5C66CFDB12F}.Release|x64.ActiveCfg = Release|x64
		{E05F3F7E-2176-43DC-90BB-F5C66CFDB12F}.Release|x64.Build.0 = Release|x64
		{E05F3F7E-2176-43DC-90BB-F5C66CFDB12F}.Release|x86.ActiveCfg = Release|x86
		{E05F3F7E-2176-43DC-90BB-F5C66CFDB12F}.Release|x86.Build.0 = Release|x86
		{11E61A53-13D5-4447-8D66-3F328BBFC30A}.Debug|AnyCPU.ActiveCfg = Debug|Any CPU
		{11E61A53-13D5-4447-8D66-3F328BBFC30A}.Debug|AnyCPU.Build.0 = Debug|Any CPU
		{11E61A53-13D5-4447-8D66-3F328BBFC30A}.Debug|x64.ActiveCfg = Debug|x64
		{11E61A53-13D5-4447-8D66-3F328BBFC30A}.Debug|x64.Build.0 = Debug|x64
		{11E61A53-13D5-4447-8D66-3F328BBFC30A}.Debug|x86.ActiveCfg = Debug|x86
		{11E61A53-13D5-4447-8D66-3F328BBFC30A}.Debug|x86.Build.0 = Debug|x86
		{11E61A53-13D5-4447-8D66-3F328BBFC30A}.Release|AnyCPU.ActiveCfg = Release|Any CPU
		{11E61A53-13D5-4447-8D66-3F328BBFC30A}.Release|AnyCPU.Build.0 = Release|Any CPU
		{11E61A53-13D5-4447-8D66-3F328BBFC30A}.Release|x64.ActiveCfg = Release|x64
		{11E61A53-13D5-4447-8D66-3F328BBFC30A}.Release|x64.Build.0 = Release|x64
		{11E61A53-13D5-4447-8D66-3F328BBFC30A}.Release|x86.ActiveCfg = Release|x86
		{11E61A53-13D5-4447-8D66-3F328BBFC30A}.Release|x86.Build.0 = Release|x86
		{1DCA99EA-F8FE-4DDD-AB81-BF0380C1B33D}.Debug|AnyCPU.ActiveCfg = Debug|Any CPU
		{1DCA99EA-F8FE-4DDD-AB81-BF0380C1B33D}.Debug|AnyCPU.Build.0 = Debug|Any CPU
		{1DCA99EA-F8FE-4DDD-AB81-BF0380C1B33D}.Debug|x64.ActiveCfg = Debug|x64
		{1DCA99EA-F8FE-4DDD-AB81-BF0380C1B33D}.Debug|x64.Build.0 = Debug|x64
		{1DCA99EA-F8FE-4DDD-AB81-BF0380C1B33D}.Debug|x86.ActiveCfg = Debug|x86
		{1DCA99EA-F8FE-4DDD-AB81-BF0380C1B33D}.Debug|x86.Build.0 = Debug|x86
		{1DCA99EA-F8FE-4DDD-AB81-BF0380C1B33D}.Release|AnyCPU.ActiveCfg = Release|Any CPU
		{1DCA99EA-F8FE-4DDD-AB81-BF0380C1B33D}.Release|AnyCPU.Build.0 = Release|Any CPU
		{1DCA99EA-F8FE-4DDD-AB81-BF0380C1B33D}.Release|x64.ActiveCfg = Release|x64
		{1DCA99EA-F8FE-4DDD-AB81-BF0380C1B33D}.Release|x64.Build.0 = Release|x64
		{1DCA99EA-F8FE-4DDD-AB81-BF0380C1B33D}.Release|x86.ActiveCfg = Release|x86
		{1DCA99EA-F8FE-4DDD-AB81-BF0380C1B33D}.Release|x86.Build.0 = Release|x86
		{68A36926-DF55-4F05-9F89-B9AB1463227E}.Debug|AnyCPU.ActiveCfg = Debug|Any CPU
		{68A36926-DF55-4F05-9F89-B9AB1463227E}.Debug|AnyCPU.Build.0 = Debug|Any CPU
		{68A36926-DF55-4F05-9F89-B9AB1463227E}.Debug|x64.ActiveCfg = Debug|x64
		{68A36926-DF55-4F05-9F89-B9AB1463227E}.Debug|x64.Build.0 = Debug|x64
		{68A36926-DF55-4F05-9F89-B9AB1463227E}.Debug|x86.ActiveCfg = Debug|x86
		{68A36926-DF55-4F05-9F89-B9AB1463227E}.Debug|x86.Build.0 = Debug|x86
		{68A36926-DF55-4F05-9F89-B9AB1463227E}.Release|AnyCPU.ActiveCfg = Release|Any CPU
		{68A36926-DF55-4F05-9F89-B9AB1463227E}.Release|AnyCPU.Build.0 = Release|Any CPU
		{68A36926-DF55-4F05-9F89-B9AB1463227E}.Release|x64.ActiveCfg = Release|x64
		{68A36926-DF55-4F05-9F89-B9AB1463227E}.Release|x64.Build.0 = Release|x64
		{68A36926-DF55-4F05-9F89-B9AB1463227E}.Release|x86.ActiveCfg = Release|x86
		{68A36926-DF55-4F05-9F89-B9AB1463227E}.Release|x86.Build.0 = Release|x86
		{F215ADF5-74C1-4E26-9045-B6BBDA736092}.Debug|AnyCPU.ActiveCfg = Debug|Any CPU
		{F215ADF5-74C1-4E26-9045-B6BBDA736092}.Debug|AnyCPU.Build.0 = Debug|Any CPU
		{F215ADF5-74C1-4E26-9045-B6BBDA736092}.Debug|x64.ActiveCfg = Debug|x64
		{F215ADF5-74C1-4E26-9045-B6BBDA736092}.Debug|x64.Build.0 = Debug|x64
		{F215ADF5-74C1-4E26-9045-B6BBDA736092}.Debug|x86.ActiveCfg = Debug|x86
		{F215ADF5-74C1-4E26-9045-B6BBDA736092}.Debug|x86.Build.0 = Debug|x86
		{F215ADF5-74C1-4E26-9045-B6BBDA736092}.Release|AnyCPU.ActiveCfg = Release|Any CPU
		{F215ADF5-74C1-4E26-9045-B6BBDA736092}.Release|AnyCPU.Build.0 = Release|Any CPU
		{F215ADF5-74C1-4E26-9045-B6BBDA736092}.Release|x64.ActiveCfg = Release|x64
		{F215ADF5-74C1-4E26-9045-B6BBDA736092}.Release|x64.Build.0 = Release|x64
		{F215ADF5-74C1-4E26-9045-B6BBDA736092}.Release|x86.ActiveCfg = Release|x86
		{F215ADF5-74C1-4E26-9045-B6BBDA736092}.Release|x86.Build.0 = Release|x86
		{AE7FF1B5-ABE3-45BF-87CC-44AC580A666A}.Debug|AnyCPU.ActiveCfg = Debug|Any CPU
		{AE7FF1B5-ABE3-45BF-87CC-44AC580A666A}.Debug|AnyCPU.Build.0 = Debug|Any CPU
		{AE7FF1B5-ABE3-45BF-87CC-44AC580A666A}.Debug|x64.ActiveCfg = Debug|x64
		{AE7FF1B5-ABE3-45BF-87CC-44AC580A666A}.Debug|x64.Build.0 = Debug|x64
		{AE7FF1B5-ABE3-45BF-87CC-44AC580A666A}.Debug|x86.ActiveCfg = Debug|x86
		{AE7FF1B5-ABE3-45BF-87CC-44AC580A666A}.Debug|x86.Build.0 = Debug|x86
		{AE7FF1B5-ABE3-45BF-87CC-44AC580A666A}.Release|AnyCPU.ActiveCfg = Release|Any CPU
		{AE7FF1B5-ABE3-45BF-87CC-44AC580A666A}.Release|AnyCPU.Build.0 = Release|Any CPU
		{AE7FF1B5-ABE3-45BF-87CC-44AC580A666A}.Release|x64.ActiveCfg = Release|x64
		{AE7FF1B5-ABE3-45BF-87CC-44AC580A666A}.Release|x64.Build.0 = Release|x64
		{AE7FF1B5-ABE3-45BF-87CC-44AC580A666A}.Release|x86.ActiveCfg = Release|x86
		{AE7FF1B5-ABE3-45BF-87CC-44AC580A666A}.Release|x86.Build.0 = Release|x86
		{D1F867F7-9029-480D-B1E1-B0BE4658B182}.Debug|AnyCPU.ActiveCfg = Debug|Any CPU
		{D1F867F7-9029-480D-B1E1-B0BE4658B182}.Debug|AnyCPU.Build.0 = Debug|Any CPU
		{D1F867F7-9029-480D-B1E1-B0BE4658B182}.Debug|x64.ActiveCfg = Debug|x64
		{D1F867F7-9029-480D-B1E1-B0BE4658B182}.Debug|x64.Build.0 = Debug|x64
		{D1F867F7-9029-480D-B1E1-B0BE4658B182}.Debug|x86.ActiveCfg = Debug|x86
		{D1F867F7-9029-480D-B1E1-B0BE4658B182}.Debug|x86.Build.0 = Debug|x86
		{D1F867F7-9029-480D-B1E1-B0BE4658B182}.Release|AnyCPU.ActiveCfg = Release|Any CPU
		{D1F867F7-9029-480D-B1E1-B0BE4658B182}.Release|AnyCPU.Build.0 = Release|Any CPU
		{D1F867F7-9029-480D-B1E1-B0BE4658B182}.Release|x64.ActiveCfg = Release|x64
		{D1F867F7-9029-480D-B1E1-B0BE4658B182}.Release|x64.Build.0 = Release|x64
		{D1F867F7-9029-480D-B1E1-B0BE4658B182}.Release|x86.ActiveCfg = Release|x86
		{D1F867F7-9029-480D-B1E1-B0BE4658B182}.Release|x86.Build.0 = Release|x86
		{4EE581B0-45F3-4D7E-BEAE-277ABF5F3FDD}.Debug|AnyCPU.ActiveCfg = Debug|Any CPU
		{4EE581B0-45F3-4D7E-BEAE-277ABF5F3FDD}.Debug|AnyCPU.Build.0 = Debug|Any CPU
		{4EE581B0-45F3-4D7E-BEAE-277ABF5F3FDD}.Debug|x64.ActiveCfg = Debug|x64
		{4EE581B0-45F3-4D7E-BEAE-277ABF5F3FDD}.Debug|x64.Build.0 = Debug|x64
		{4EE581B0-45F3-4D7E-BEAE-277ABF5F3FDD}.Debug|x86.ActiveCfg = Debug|x86
		{4EE581B0-45F3-4D7E-BEAE-277ABF5F3FDD}.Debug|x86.Build.0 = Debug|x86
		{4EE581B0-45F3-4D7E-BEAE-277ABF5F3FDD}.Release|AnyCPU.ActiveCfg = Release|Any CPU
		{4EE581B0-45F3-4D7E-BEAE-277ABF5F3FDD}.Release|AnyCPU.Build.0 = Release|Any CPU
		{4EE581B0-45F3-4D7E-BEAE-277ABF5F3FDD}.Release|x64.ActiveCfg = Release|x64
		{4EE581B0-45F3-4D7E-BEAE-277ABF5F3FDD}.Release|x64.Build.0 = Release|x64
		{4EE581B0-45F3-4D7E-BEAE-277ABF5F3FDD}.Release|x86.ActiveCfg = Release|x86
		{4EE581B0-45F3-4D7E-BEAE-277ABF5F3FDD}.Release|x86.Build.0 = Release|x86
		{5ED631EC-651F-44D6-A99D-D1202F212656}.Debug|AnyCPU.ActiveCfg = Debug|Any CPU
		{5ED631EC-651F-44D6-A99D-D1202F212656}.Debug|AnyCPU.Build.0 = Debug|Any CPU
		{5ED631EC-651F-44D6-A99D-D1202F212656}.Debug|x64.ActiveCfg = Debug|x64
		{5ED631EC-651F-44D6-A99D-D1202F212656}.Debug|x64.Build.0 = Debug|x64
		{5ED631EC-651F-44D6-A99D-D1202F212656}.Debug|x86.ActiveCfg = Debug|x86
		{5ED631EC-651F-44D6-A99D-D1202F212656}.Debug|x86.Build.0 = Debug|x86
		{5ED631EC-651F-44D6-A99D-D1202F212656}.Release|AnyCPU.ActiveCfg = Release|Any CPU
		{5ED631EC-651F-44D6-A99D-D1202F212656}.Release|AnyCPU.Build.0 = Release|Any CPU
		{5ED631EC-651F-44D6-A99D-D1202F212656}.Release|x64.ActiveCfg = Release|x64
		{5ED631EC-651F-44D6-A99D-D1202F212656}.Release|x64.Build.0 = Release|x64
		{5ED631EC-651F-44D6-A99D-D1202F212656}.Release|x86.ActiveCfg = Release|x86
		{5ED631EC-651F-44D6-A99D-D1202F212656}.Release|x86.Build.0 = Release|x86
		{AB31E0E2-9090-4461-84BE-5C5AAA19758F}.Debug|AnyCPU.ActiveCfg = Debug|Any CPU
		{AB31E0E2-9090-4461-84BE-5C5AAA19758F}.Debug|AnyCPU.Build.0 = Debug|Any CPU
		{AB31E0E2-9090-4461-84BE-5C5AAA19758F}.Debug|x64.ActiveCfg = Debug|x64
		{AB31E0E2-9090-4461-84BE-5C5AAA19758F}.Debug|x64.Build.0 = Debug|x64
		{AB31E0E2-9090-4461-84BE-5C5AAA19758F}.Debug|x86.ActiveCfg = Debug|x86
		{AB31E0E2-9090-4461-84BE-5C5AAA19758F}.Debug|x86.Build.0 = Debug|x86
		{AB31E0E2-9090-4461-84BE-5C5AAA19758F}.Release|AnyCPU.ActiveCfg = Release|Any CPU
		{AB31E0E2-9090-4461-84BE-5C5AAA19758F}.Release|AnyCPU.Build.0 = Release|Any CPU
		{AB31E0E2-9090-4461-84BE-5C5AAA19758F}.Release|x64.ActiveCfg = Release|x64
		{AB31E0E2-9090-4461-84BE-5C5AAA19758F}.Release|x64.Build.0 = Release|x64
		{AB31E0E2-9090-4461-84BE-5C5AAA19758F}.Release|x86.ActiveCfg = Release|x86
		{AB31E0E2-9090-4461-84BE-5C5AAA19758F}.Release|x86.Build.0 = Release|x86
		{E9C30F6F-00DD-494A-8E7C-253A5C76E999}.Debug|AnyCPU.ActiveCfg = Debug|Any CPU
		{E9C30F6F-00DD-494A-8E7C-253A5C76E999}.Debug|AnyCPU.Build.0 = Debug|Any CPU
		{E9C30F6F-00DD-494A-8E7C-253A5C76E999}.Debug|x64.ActiveCfg = Debug|x64
		{E9C30F6F-00DD-494A-8E7C-253A5C76E999}.Debug|x64.Build.0 = Debug|x64
		{E9C30F6F-00DD-494A-8E7C-253A5C76E999}.Debug|x86.ActiveCfg = Debug|x86
		{E9C30F6F-00DD-494A-8E7C-253A5C76E999}.Debug|x86.Build.0 = Debug|x86
		{E9C30F6F-00DD-494A-8E7C-253A5C76E999}.Release|AnyCPU.ActiveCfg = Release|Any CPU
		{E9C30F6F-00DD-494A-8E7C-253A5C76E999}.Release|AnyCPU.Build.0 = Release|Any CPU
		{E9C30F6F-00DD-494A-8E7C-253A5C76E999}.Release|x64.ActiveCfg = Release|x64
		{E9C30F6F-00DD-494A-8E7C-253A5C76E999}.Release|x64.Build.0 = Release|x64
		{E9C30F6F-00DD-494A-8E7C-253A5C76E999}.Release|x86.ActiveCfg = Release|x86
		{E9C30F6F-00DD-494A-8E7C-253A5C76E999}.Release|x86.Build.0 = Release|x86
		{5A6055BC-BF86-4FDD-9F62-0109DB7A303B}.Debug|AnyCPU.ActiveCfg = Debug|Any CPU
		{5A6055BC-BF86-4FDD-9F62-0109DB7A303B}.Debug|AnyCPU.Build.0 = Debug|Any CPU
		{5A6055BC-BF86-4FDD-9F62-0109DB7A303B}.Debug|x64.ActiveCfg = Debug|Any CPU
		{5A6055BC-BF86-4FDD-9F62-0109DB7A303B}.Debug|x64.Build.0 = Debug|Any CPU
		{5A6055BC-BF86-4FDD-9F62-0109DB7A303B}.Debug|x86.ActiveCfg = Debug|Any CPU
		{5A6055BC-BF86-4FDD-9F62-0109DB7A303B}.Debug|x86.Build.0 = Debug|Any CPU
		{5A6055BC-BF86-4FDD-9F62-0109DB7A303B}.Release|AnyCPU.ActiveCfg = Release|Any CPU
		{5A6055BC-BF86-4FDD-9F62-0109DB7A303B}.Release|AnyCPU.Build.0 = Release|Any CPU
		{5A6055BC-BF86-4FDD-9F62-0109DB7A303B}.Release|x64.ActiveCfg = Release|Any CPU
		{5A6055BC-BF86-4FDD-9F62-0109DB7A303B}.Release|x64.Build.0 = Release|Any CPU
		{5A6055BC-BF86-4FDD-9F62-0109DB7A303B}.Release|x86.ActiveCfg = Release|Any CPU
		{5A6055BC-BF86-4FDD-9F62-0109DB7A303B}.Release|x86.Build.0 = Release|Any CPU
		{C6DBD1FD-C462-4005-B382-97BB4AEF26F2}.Debug|AnyCPU.ActiveCfg = Debug|Any CPU
		{C6DBD1FD-C462-4005-B382-97BB4AEF26F2}.Debug|AnyCPU.Build.0 = Debug|Any CPU
		{C6DBD1FD-C462-4005-B382-97BB4AEF26F2}.Debug|x64.ActiveCfg = Debug|x64
		{C6DBD1FD-C462-4005-B382-97BB4AEF26F2}.Debug|x64.Build.0 = Debug|x64
		{C6DBD1FD-C462-4005-B382-97BB4AEF26F2}.Debug|x86.ActiveCfg = Debug|x86
		{C6DBD1FD-C462-4005-B382-97BB4AEF26F2}.Debug|x86.Build.0 = Debug|x86
		{C6DBD1FD-C462-4005-B382-97BB4AEF26F2}.Release|AnyCPU.ActiveCfg = Release|Any CPU
		{C6DBD1FD-C462-4005-B382-97BB4AEF26F2}.Release|AnyCPU.Build.0 = Release|Any CPU
		{C6DBD1FD-C462-4005-B382-97BB4AEF26F2}.Release|x64.ActiveCfg = Release|x64
		{C6DBD1FD-C462-4005-B382-97BB4AEF26F2}.Release|x64.Build.0 = Release|x64
		{C6DBD1FD-C462-4005-B382-97BB4AEF26F2}.Release|x86.ActiveCfg = Release|x86
		{C6DBD1FD-C462-4005-B382-97BB4AEF26F2}.Release|x86.Build.0 = Release|x86
		{27CD58AE-D6D4-42AD-A315-2F1CB63454AF}.Debug|AnyCPU.ActiveCfg = Debug|Any CPU
		{27CD58AE-D6D4-42AD-A315-2F1CB63454AF}.Debug|AnyCPU.Build.0 = Debug|Any CPU
		{27CD58AE-D6D4-42AD-A315-2F1CB63454AF}.Debug|x64.ActiveCfg = Debug|x64
		{27CD58AE-D6D4-42AD-A315-2F1CB63454AF}.Debug|x64.Build.0 = Debug|x64
		{27CD58AE-D6D4-42AD-A315-2F1CB63454AF}.Debug|x86.ActiveCfg = Debug|x86
		{27CD58AE-D6D4-42AD-A315-2F1CB63454AF}.Debug|x86.Build.0 = Debug|x86
		{27CD58AE-D6D4-42AD-A315-2F1CB63454AF}.Release|AnyCPU.ActiveCfg = Release|Any CPU
		{27CD58AE-D6D4-42AD-A315-2F1CB63454AF}.Release|AnyCPU.Build.0 = Release|Any CPU
		{27CD58AE-D6D4-42AD-A315-2F1CB63454AF}.Release|x64.ActiveCfg = Release|x64
		{27CD58AE-D6D4-42AD-A315-2F1CB63454AF}.Release|x64.Build.0 = Release|x64
		{27CD58AE-D6D4-42AD-A315-2F1CB63454AF}.Release|x86.ActiveCfg = Release|x86
		{27CD58AE-D6D4-42AD-A315-2F1CB63454AF}.Release|x86.Build.0 = Release|x86
	EndGlobalSection
	GlobalSection(SolutionProperties) = preSolution
		HideSolutionNode = FALSE
	EndGlobalSection
	GlobalSection(NestedProjects) = preSolution
		{EC0EFA51-83F0-4439-BE9F-FAEBD3418C94} = {9DA997E2-E367-481C-B48A-278274034A26}
		{34C8EE31-A1FE-4A74-BE36-C1F38BC06FEC} = {9DA997E2-E367-481C-B48A-278274034A26}
		{E05F3F7E-2176-43DC-90BB-F5C66CFDB12F} = {9DA997E2-E367-481C-B48A-278274034A26}
		{11E61A53-13D5-4447-8D66-3F328BBFC30A} = {9DA997E2-E367-481C-B48A-278274034A26}
		{1DCA99EA-F8FE-4DDD-AB81-BF0380C1B33D} = {9DA997E2-E367-481C-B48A-278274034A26}
		{68A36926-DF55-4F05-9F89-B9AB1463227E} = {9DA997E2-E367-481C-B48A-278274034A26}
		{F215ADF5-74C1-4E26-9045-B6BBDA736092} = {9DA997E2-E367-481C-B48A-278274034A26}
		{AE7FF1B5-ABE3-45BF-87CC-44AC580A666A} = {9DA997E2-E367-481C-B48A-278274034A26}
		{D1F867F7-9029-480D-B1E1-B0BE4658B182} = {9DA997E2-E367-481C-B48A-278274034A26}
		{4EE581B0-45F3-4D7E-BEAE-277ABF5F3FDD} = {BC6BAFE6-1735-4549-A7CC-819274780B38}
		{5ED631EC-651F-44D6-A99D-D1202F212656} = {BC6BAFE6-1735-4549-A7CC-819274780B38}
		{AB31E0E2-9090-4461-84BE-5C5AAA19758F} = {8756F874-0C1B-4AB8-83E0-0BEDA782D212}
		{E9C30F6F-00DD-494A-8E7C-253A5C76E999} = {8756F874-0C1B-4AB8-83E0-0BEDA782D212}
		{5A6055BC-BF86-4FDD-9F62-0109DB7A303B} = {9DA997E2-E367-481C-B48A-278274034A26}
		{C6DBD1FD-C462-4005-B382-97BB4AEF26F2} = {9DA997E2-E367-481C-B48A-278274034A26}
		{27CD58AE-D6D4-42AD-A315-2F1CB63454AF} = {BC6BAFE6-1735-4549-A7CC-819274780B38}
	EndGlobalSection
EndGlobal
