Microsoft Visual Studio Solution File, Format Version 12.00
# Visual Studio 14
VisualStudioVersion = 14.0.25420.1
MinimumVisualStudioVersion = 10.0.40219.1
Project("{2150E333-8FDC-42A3-9474-1A3956D46DE8}") = "dependencies", "dependencies", "{9DA997E2-E367-481C-B48A-278274034A26}"
EndProject
Project("{FAE04EC0-301F-11D3-BF4B-00C04F79EFBC}") = "Renderer.Avalonia", "dependencies\Renderer.Avalonia\Renderer.Avalonia.csproj", "{E05F3F7E-2176-43DC-90BB-F5C66CFDB12F}"
EndProject
Project("{2150E333-8FDC-42A3-9474-1A3956D46DE8}") = "src", "src", "{BC6BAFE6-1735-4549-A7CC-819274780B38}"
EndProject
Project("{FAE04EC0-301F-11D3-BF4B-00C04F79EFBC}") = "Core2D", "src\Core2D\Core2D.csproj", "{4EE581B0-45F3-4D7E-BEAE-277ABF5F3FDD}"
EndProject
Project("{FAE04EC0-301F-11D3-BF4B-00C04F79EFBC}") = "Core2D.Avalonia", "src\Core2D.Avalonia\Core2D.Avalonia.csproj", "{7ACB3221-EE78-43A9-AD7D-35DB687EC44C}"
EndProject
Project("{FAE04EC0-301F-11D3-BF4B-00C04F79EFBC}") = "Core2D.Avalonia.Droid", "src\Core2D.Avalonia.Droid\Core2D.Avalonia.Droid.csproj", "{803B8163-1A27-43F5-983A-DF4E5EFA5F2F}"
EndProject
Project("{2150E333-8FDC-42A3-9474-1A3956D46DE8}") = "tests", "tests", "{8756F874-0C1B-4AB8-83E0-0BEDA782D212}"
EndProject
Project("{FAE04EC0-301F-11D3-BF4B-00C04F79EFBC}") = "Core2D.UnitTests", "tests\Core2D.UnitTests\Core2D.UnitTests.csproj", "{AB31E0E2-9090-4461-84BE-5C5AAA19758F}"
EndProject
Project("{2150E333-8FDC-42A3-9474-1A3956D46DE8}") = "shared", "shared", "{C7162582-C1FD-45FB-99FD-6770D67B5A21}"
EndProject
Project("{D954291E-2A0B-460D-934E-DC6B0785DB48}") = "Core2D.Shared", "src\Core2D.Shared\Core2D.Shared.shproj", "{702FFCAA-5B6C-41CC-AA78-6C534450F1B2}"
EndProject
Global
	GlobalSection(SolutionConfigurationPlatforms) = preSolution
		Debug|Any CPU = Debug|Any CPU
		Debug|x64 = Debug|x64
		Debug|x86 = Debug|x86
		Release|Any CPU = Release|Any CPU
		Release|x64 = Release|x64
		Release|x86 = Release|x86
	EndGlobalSection
	GlobalSection(ProjectConfigurationPlatforms) = postSolution
		{E05F3F7E-2176-43DC-90BB-F5C66CFDB12F}.Debug|Any CPU.ActiveCfg = Debug|Any CPU
		{E05F3F7E-2176-43DC-90BB-F5C66CFDB12F}.Debug|Any CPU.Build.0 = Debug|Any CPU
		{E05F3F7E-2176-43DC-90BB-F5C66CFDB12F}.Debug|x64.ActiveCfg = Debug|x64
		{E05F3F7E-2176-43DC-90BB-F5C66CFDB12F}.Debug|x64.Build.0 = Debug|x64
		{E05F3F7E-2176-43DC-90BB-F5C66CFDB12F}.Debug|x86.ActiveCfg = Debug|x86
		{E05F3F7E-2176-43DC-90BB-F5C66CFDB12F}.Debug|x86.Build.0 = Debug|x86
		{E05F3F7E-2176-43DC-90BB-F5C66CFDB12F}.Release|Any CPU.ActiveCfg = Release|Any CPU
		{E05F3F7E-2176-43DC-90BB-F5C66CFDB12F}.Release|Any CPU.Build.0 = Release|Any CPU
		{E05F3F7E-2176-43DC-90BB-F5C66CFDB12F}.Release|x64.ActiveCfg = Release|x64
		{E05F3F7E-2176-43DC-90BB-F5C66CFDB12F}.Release|x64.Build.0 = Release|x64
		{E05F3F7E-2176-43DC-90BB-F5C66CFDB12F}.Release|x86.ActiveCfg = Release|x86
		{E05F3F7E-2176-43DC-90BB-F5C66CFDB12F}.Release|x86.Build.0 = Release|x86
		{4EE581B0-45F3-4D7E-BEAE-277ABF5F3FDD}.Debug|Any CPU.ActiveCfg = Debug|Any CPU
		{4EE581B0-45F3-4D7E-BEAE-277ABF5F3FDD}.Debug|Any CPU.Build.0 = Debug|Any CPU
		{4EE581B0-45F3-4D7E-BEAE-277ABF5F3FDD}.Debug|x64.ActiveCfg = Debug|x64
		{4EE581B0-45F3-4D7E-BEAE-277ABF5F3FDD}.Debug|x64.Build.0 = Debug|x64
		{4EE581B0-45F3-4D7E-BEAE-277ABF5F3FDD}.Debug|x86.ActiveCfg = Debug|x86
		{4EE581B0-45F3-4D7E-BEAE-277ABF5F3FDD}.Debug|x86.Build.0 = Debug|x86
		{4EE581B0-45F3-4D7E-BEAE-277ABF5F3FDD}.Release|Any CPU.ActiveCfg = Release|Any CPU
		{4EE581B0-45F3-4D7E-BEAE-277ABF5F3FDD}.Release|Any CPU.Build.0 = Release|Any CPU
		{4EE581B0-45F3-4D7E-BEAE-277ABF5F3FDD}.Release|x64.ActiveCfg = Release|x64
		{4EE581B0-45F3-4D7E-BEAE-277ABF5F3FDD}.Release|x64.Build.0 = Release|x64
		{4EE581B0-45F3-4D7E-BEAE-277ABF5F3FDD}.Release|x86.ActiveCfg = Release|x86
		{4EE581B0-45F3-4D7E-BEAE-277ABF5F3FDD}.Release|x86.Build.0 = Release|x86
		{7ACB3221-EE78-43A9-AD7D-35DB687EC44C}.Debug|Any CPU.ActiveCfg = Debug|Any CPU
		{7ACB3221-EE78-43A9-AD7D-35DB687EC44C}.Debug|Any CPU.Build.0 = Debug|Any CPU
		{7ACB3221-EE78-43A9-AD7D-35DB687EC44C}.Debug|x64.ActiveCfg = Debug|x64
		{7ACB3221-EE78-43A9-AD7D-35DB687EC44C}.Debug|x64.Build.0 = Debug|x64
		{7ACB3221-EE78-43A9-AD7D-35DB687EC44C}.Debug|x86.ActiveCfg = Debug|x86
		{7ACB3221-EE78-43A9-AD7D-35DB687EC44C}.Debug|x86.Build.0 = Debug|x86
		{7ACB3221-EE78-43A9-AD7D-35DB687EC44C}.Release|Any CPU.ActiveCfg = Release|Any CPU
		{7ACB3221-EE78-43A9-AD7D-35DB687EC44C}.Release|Any CPU.Build.0 = Release|Any CPU
		{7ACB3221-EE78-43A9-AD7D-35DB687EC44C}.Release|x64.ActiveCfg = Release|x64
		{7ACB3221-EE78-43A9-AD7D-35DB687EC44C}.Release|x64.Build.0 = Release|x64
		{7ACB3221-EE78-43A9-AD7D-35DB687EC44C}.Release|x86.ActiveCfg = Release|x86
		{7ACB3221-EE78-43A9-AD7D-35DB687EC44C}.Release|x86.Build.0 = Release|x86
		{803B8163-1A27-43F5-983A-DF4E5EFA5F2F}.Debug|Any CPU.ActiveCfg = Debug|Any CPU
		{803B8163-1A27-43F5-983A-DF4E5EFA5F2F}.Debug|Any CPU.Build.0 = Debug|Any CPU
		{803B8163-1A27-43F5-983A-DF4E5EFA5F2F}.Debug|x64.ActiveCfg = Debug|Any CPU
		{803B8163-1A27-43F5-983A-DF4E5EFA5F2F}.Debug|x64.Build.0 = Debug|Any CPU
		{803B8163-1A27-43F5-983A-DF4E5EFA5F2F}.Debug|x64.Deploy.0 = Debug|Any CPU
		{803B8163-1A27-43F5-983A-DF4E5EFA5F2F}.Debug|x86.ActiveCfg = Debug|Any CPU
		{803B8163-1A27-43F5-983A-DF4E5EFA5F2F}.Debug|x86.Build.0 = Debug|Any CPU
		{803B8163-1A27-43F5-983A-DF4E5EFA5F2F}.Debug|x86.Deploy.0 = Debug|Any CPU
		{803B8163-1A27-43F5-983A-DF4E5EFA5F2F}.Release|Any CPU.ActiveCfg = Release|Any CPU
		{803B8163-1A27-43F5-983A-DF4E5EFA5F2F}.Release|Any CPU.Build.0 = Release|Any CPU
		{803B8163-1A27-43F5-983A-DF4E5EFA5F2F}.Release|x64.ActiveCfg = Release|Any CPU
		{803B8163-1A27-43F5-983A-DF4E5EFA5F2F}.Release|x64.Build.0 = Release|Any CPU
		{803B8163-1A27-43F5-983A-DF4E5EFA5F2F}.Release|x64.Deploy.0 = Release|Any CPU
		{803B8163-1A27-43F5-983A-DF4E5EFA5F2F}.Release|x86.ActiveCfg = Release|Any CPU
		{803B8163-1A27-43F5-983A-DF4E5EFA5F2F}.Release|x86.Build.0 = Release|Any CPU
		{803B8163-1A27-43F5-983A-DF4E5EFA5F2F}.Release|x86.Deploy.0 = Release|Any CPU
		{AB31E0E2-9090-4461-84BE-5C5AAA19758F}.Debug|Any CPU.ActiveCfg = Debug|Any CPU
		{AB31E0E2-9090-4461-84BE-5C5AAA19758F}.Debug|Any CPU.Build.0 = Debug|Any CPU
		{AB31E0E2-9090-4461-84BE-5C5AAA19758F}.Debug|x64.ActiveCfg = Debug|x64
		{AB31E0E2-9090-4461-84BE-5C5AAA19758F}.Debug|x64.Build.0 = Debug|x64
		{AB31E0E2-9090-4461-84BE-5C5AAA19758F}.Debug|x86.ActiveCfg = Debug|x86
		{AB31E0E2-9090-4461-84BE-5C5AAA19758F}.Debug|x86.Build.0 = Debug|x86
		{AB31E0E2-9090-4461-84BE-5C5AAA19758F}.Release|Any CPU.ActiveCfg = Release|Any CPU
		{AB31E0E2-9090-4461-84BE-5C5AAA19758F}.Release|Any CPU.Build.0 = Release|Any CPU
		{AB31E0E2-9090-4461-84BE-5C5AAA19758F}.Release|x64.ActiveCfg = Release|x64
		{AB31E0E2-9090-4461-84BE-5C5AAA19758F}.Release|x64.Build.0 = Release|x64
		{AB31E0E2-9090-4461-84BE-5C5AAA19758F}.Release|x86.ActiveCfg = Release|x86
		{AB31E0E2-9090-4461-84BE-5C5AAA19758F}.Release|x86.Build.0 = Release|x86
		{702FFCAA-5B6C-41CC-AA78-6C534450F1B2}.Debug|Any CPU.ActiveCfg = Debug|Any CPU
		{702FFCAA-5B6C-41CC-AA78-6C534450F1B2}.Debug|Any CPU.Build.0 = Debug|Any CPU
		{702FFCAA-5B6C-41CC-AA78-6C534450F1B2}.Debug|x64.ActiveCfg = Debug|x64
		{702FFCAA-5B6C-41CC-AA78-6C534450F1B2}.Debug|x64.Build.0 = Debug|x64
		{702FFCAA-5B6C-41CC-AA78-6C534450F1B2}.Debug|x86.ActiveCfg = Debug|x86
		{702FFCAA-5B6C-41CC-AA78-6C534450F1B2}.Debug|x86.Build.0 = Debug|x86
		{702FFCAA-5B6C-41CC-AA78-6C534450F1B2}.Release|Any CPU.ActiveCfg = Release|Any CPU
		{702FFCAA-5B6C-41CC-AA78-6C534450F1B2}.Release|Any CPU.Build.0 = Release|Any CPU
		{702FFCAA-5B6C-41CC-AA78-6C534450F1B2}.Release|x64.ActiveCfg = Release|x64
		{702FFCAA-5B6C-41CC-AA78-6C534450F1B2}.Release|x64.Build.0 = Release|x64
		{702FFCAA-5B6C-41CC-AA78-6C534450F1B2}.Release|x86.ActiveCfg = Release|x86
		{702FFCAA-5B6C-41CC-AA78-6C534450F1B2}.Release|x86.Build.0 = Release|x86
	EndGlobalSection
	GlobalSection(SharedMSBuildProjectFiles) = preSolution
		src\Core2D.Shared\Core2D.Shared.projitems*{0eec62cc-3cff-4185-88d6-ba107f0d8ff4}*SharedItemsImports = 4
		src\Core2D.Shared\Core2D.Shared.projitems*{11e61a53-13d5-4447-8d66-3f328bbfc30a}*SharedItemsImports = 4
		src\Core2D.Shared\Core2D.Shared.projitems*{12889680-3769-4914-be60-5d09e83df5b2}*SharedItemsImports = 4
		src\Core2D.Shared\Core2D.Shared.projitems*{1dca99ea-f8fe-4ddd-ab81-bf0380c1b33d}*SharedItemsImports = 4
		src\Core2D.Shared\Core2D.Shared.projitems*{34c8ee31-a1fe-4a74-be36-c1f38bc06fec}*SharedItemsImports = 4
		src\Core2D.Shared\Core2D.Shared.projitems*{3660fce5-3d0f-412e-93a7-d0d992b4da65}*SharedItemsImports = 4
		src\Core2D.Shared\Core2D.Shared.projitems*{3bfbd239-8979-480d-b1cb-b763f7c915c8}*SharedItemsImports = 4
		src\Core2D.Shared\Core2D.Shared.projitems*{3dc476e6-5032-4888-9337-221b88653c40}*SharedItemsImports = 4
		src\Core2D.Shared\Core2D.Shared.projitems*{4006ce8a-1eb9-4d08-afc4-bacfd26c91a0}*SharedItemsImports = 4
		src\Core2D.Shared\Core2D.Shared.projitems*{4868069e-3ad4-497e-9b8e-148d1eeacfd7}*SharedItemsImports = 4
		src\Core2D.Shared\Core2D.Shared.projitems*{4ee581b0-45f3-4d7e-beae-277abf5f3fdd}*SharedItemsImports = 4
		src\Core2D.Shared\Core2D.Shared.projitems*{5c5a31b5-8f76-42e7-aea8-55b32ca641fa}*SharedItemsImports = 4
		src\Core2D.Shared\Core2D.Shared.projitems*{5ed631ec-651f-44d6-a99d-d1202f212656}*SharedItemsImports = 4
		src\Core2D.Shared\Core2D.Shared.projitems*{68a36926-df55-4f05-9f89-b9ab1463227e}*SharedItemsImports = 4
		src\Core2D.Shared\Core2D.Shared.projitems*{702ffcaa-5b6c-41cc-aa78-6c534450f1b2}*SharedItemsImports = 13
		src\Core2D.Shared\Core2D.Shared.projitems*{7acb3221-ee78-43a9-ad7d-35db687ec44c}*SharedItemsImports = 4
		src\Core2D.Shared\Core2D.Shared.projitems*{803b8163-1a27-43f5-983a-df4e5efa5f2f}*SharedItemsImports = 4
		src\Core2D.Shared\Core2D.Shared.projitems*{8d8845d7-998d-4fc2-b4a0-51e2efb34b45}*SharedItemsImports = 4
		src\Core2D.Shared\Core2D.Shared.projitems*{9b8fa9bd-63be-4560-ba55-0d86aee1809e}*SharedItemsImports = 4
		src\Core2D.Shared\Core2D.Shared.projitems*{acc2c898-b49b-4ed9-b18c-389f50801b39}*SharedItemsImports = 4
		src\Core2D.Shared\Core2D.Shared.projitems*{ae7ff1b5-abe3-45bf-87cc-44ac580a666a}*SharedItemsImports = 4
		src\Core2D.Shared\Core2D.Shared.projitems*{c8c7b0ef-4fb1-4fef-a6aa-1ff81589b716}*SharedItemsImports = 4
		src\Core2D.Shared\Core2D.Shared.projitems*{c934ba25-608b-42fa-b766-42efad7da6ff}*SharedItemsImports = 4
		src\Core2D.Shared\Core2D.Shared.projitems*{d1f867f7-9029-480d-b1e1-b0be4658b182}*SharedItemsImports = 4
		src\Core2D.Shared\Core2D.Shared.projitems*{d40b3bcd-0a26-40bb-960b-9464d248c934}*SharedItemsImports = 4
		src\Core2D.Shared\Core2D.Shared.projitems*{e05f3f7e-2176-43dc-90bb-f5c66cfdb12f}*SharedItemsImports = 4
		src\Core2D.Shared\Core2D.Shared.projitems*{ec0efa51-83f0-4439-be9f-faebd3418c94}*SharedItemsImports = 4
		src\Core2D.Shared\Core2D.Shared.projitems*{f215adf5-74c1-4e26-9045-b6bbda736092}*SharedItemsImports = 4
	EndGlobalSection
	GlobalSection(SolutionProperties) = preSolution
		HideSolutionNode = FALSE
	EndGlobalSection
	GlobalSection(NestedProjects) = preSolution
		{E05F3F7E-2176-43DC-90BB-F5C66CFDB12F} = {9DA997E2-E367-481C-B48A-278274034A26}
		{4EE581B0-45F3-4D7E-BEAE-277ABF5F3FDD} = {BC6BAFE6-1735-4549-A7CC-819274780B38}
		{7ACB3221-EE78-43A9-AD7D-35DB687EC44C} = {BC6BAFE6-1735-4549-A7CC-819274780B38}
		{803B8163-1A27-43F5-983A-DF4E5EFA5F2F} = {BC6BAFE6-1735-4549-A7CC-819274780B38}
		{AB31E0E2-9090-4461-84BE-5C5AAA19758F} = {8756F874-0C1B-4AB8-83E0-0BEDA782D212}
		{702FFCAA-5B6C-41CC-AA78-6C534450F1B2} = {C7162582-C1FD-45FB-99FD-6770D67B5A21}
	EndGlobalSection
EndGlobal
