
Microsoft Visual Studio Solution File, Format Version 12.00
# Visual Studio 14
VisualStudioVersion = 14.0.25123.0
MinimumVisualStudioVersion = 10.0.40219.1
Project("{FAE04EC0-301F-11D3-BF4B-00C04F79EFBC}") = "Core2D.Uwp", "src\Core2D.Uwp\Core2D.Uwp.csproj", "{9A474916-EA8C-48FB-8CF6-425D95B6B7FD}"
EndProject
Project("{FAE04EC0-301F-11D3-BF4B-00C04F79EFBC}") = "Core2D", "src\Core2D\Core2D.csproj", "{4EE581B0-45F3-4D7E-BEAE-277ABF5F3FDD}"
EndProject
Project("{D954291E-2A0B-460D-934E-DC6B0785DB48}") = "Core2D.Shared", "src\Core2D.Shared\Core2D.Shared.shproj", "{702FFCAA-5B6C-41CC-AA78-6C534450F1B2}"
EndProject
Project("{FAE04EC0-301F-11D3-BF4B-00C04F79EFBC}") = "Serializer.Newtonsoft", "dependencies\Serializer.Newtonsoft\Serializer.Newtonsoft.csproj", "{11E61A53-13D5-4447-8D66-3F328BBFC30A}"
EndProject
Project("{2150E333-8FDC-42A3-9474-1A3956D46DE8}") = "dependencies", "dependencies", "{BB33496B-83C4-4D9F-BA8D-4E8AC986014F}"
EndProject
Project("{2150E333-8FDC-42A3-9474-1A3956D46DE8}") = "shared", "shared", "{04864834-7CE0-4794-B217-89D35AB3F1B5}"
EndProject
Project("{2150E333-8FDC-42A3-9474-1A3956D46DE8}") = "src", "src", "{9171DC67-69C0-420F-9AE2-E260FB42C0EA}"
EndProject
Project("{FAE04EC0-301F-11D3-BF4B-00C04F79EFBC}") = "Serializer.Xaml", "dependencies\Serializer.Xaml\Serializer.Xaml.csproj", "{1DCA99EA-F8FE-4DDD-AB81-BF0380C1B33D}"
EndProject
Project("{FAE04EC0-301F-11D3-BF4B-00C04F79EFBC}") = "TextFieldReader.CsvHelper", "dependencies\TextFieldReader.CsvHelper\TextFieldReader.CsvHelper.csproj", "{F215ADF5-74C1-4E26-9045-B6BBDA736092}"
EndProject
Project("{FAE04EC0-301F-11D3-BF4B-00C04F79EFBC}") = "TextFieldWriter.CsvHelper", "dependencies\TextFieldWriter.CsvHelper\TextFieldWriter.CsvHelper.csproj", "{AE7FF1B5-ABE3-45BF-87CC-44AC580A666A}"
EndProject
Project("{FAE04EC0-301F-11D3-BF4B-00C04F79EFBC}") = "Renderer.Win2D", "dependencies\Renderer.Win2D\Renderer.Win2D.csproj", "{EA79FDCF-C78B-4170-BFBE-BEB2303D911D}"
EndProject
Global
	GlobalSection(SharedMSBuildProjectFiles) = preSolution
		src\Core2D.Shared\Core2D.Shared.projitems*{ea79fdcf-c78b-4170-bfbe-beb2303d911d}*SharedItemsImports = 4
		src\Core2D.Shared\Core2D.Shared.projitems*{4ee581b0-45f3-4d7e-beae-277abf5f3fdd}*SharedItemsImports = 4
		src\Core2D.Shared\Core2D.Shared.projitems*{f215adf5-74c1-4e26-9045-b6bbda736092}*SharedItemsImports = 4
		src\Core2D.Shared\Core2D.Shared.projitems*{9a474916-ea8c-48fb-8cf6-425d95b6b7fd}*SharedItemsImports = 4
		src\Core2D.Shared\Core2D.Shared.projitems*{11e61a53-13d5-4447-8d66-3f328bbfc30a}*SharedItemsImports = 4
		src\Core2D.Shared\Core2D.Shared.projitems*{ae7ff1b5-abe3-45bf-87cc-44ac580a666a}*SharedItemsImports = 4
		src\Core2D.Shared\Core2D.Shared.projitems*{702ffcaa-5b6c-41cc-aa78-6c534450f1b2}*SharedItemsImports = 13
		src\Core2D.Shared\Core2D.Shared.projitems*{1dca99ea-f8fe-4ddd-ab81-bf0380c1b33d}*SharedItemsImports = 4
	EndGlobalSection
	GlobalSection(SolutionConfigurationPlatforms) = preSolution
		Debug|Any CPU = Debug|Any CPU
		Debug|ARM = Debug|ARM
		Debug|x64 = Debug|x64
		Debug|x86 = Debug|x86
		Release|Any CPU = Release|Any CPU
		Release|ARM = Release|ARM
		Release|x64 = Release|x64
		Release|x86 = Release|x86
	EndGlobalSection
	GlobalSection(ProjectConfigurationPlatforms) = postSolution
		{9A474916-EA8C-48FB-8CF6-425D95B6B7FD}.Debug|Any CPU.ActiveCfg = Debug|x86
		{9A474916-EA8C-48FB-8CF6-425D95B6B7FD}.Debug|Any CPU.Build.0 = Debug|x86
		{9A474916-EA8C-48FB-8CF6-425D95B6B7FD}.Debug|Any CPU.Deploy.0 = Debug|x86
		{9A474916-EA8C-48FB-8CF6-425D95B6B7FD}.Debug|ARM.ActiveCfg = Debug|ARM
		{9A474916-EA8C-48FB-8CF6-425D95B6B7FD}.Debug|ARM.Build.0 = Debug|ARM
		{9A474916-EA8C-48FB-8CF6-425D95B6B7FD}.Debug|ARM.Deploy.0 = Debug|ARM
		{9A474916-EA8C-48FB-8CF6-425D95B6B7FD}.Debug|x64.ActiveCfg = Debug|x64
		{9A474916-EA8C-48FB-8CF6-425D95B6B7FD}.Debug|x64.Build.0 = Debug|x64
		{9A474916-EA8C-48FB-8CF6-425D95B6B7FD}.Debug|x64.Deploy.0 = Debug|x64
		{9A474916-EA8C-48FB-8CF6-425D95B6B7FD}.Debug|x86.ActiveCfg = Debug|x86
		{9A474916-EA8C-48FB-8CF6-425D95B6B7FD}.Debug|x86.Build.0 = Debug|x86
		{9A474916-EA8C-48FB-8CF6-425D95B6B7FD}.Debug|x86.Deploy.0 = Debug|x86
		{9A474916-EA8C-48FB-8CF6-425D95B6B7FD}.Release|Any CPU.ActiveCfg = Release|x86
		{9A474916-EA8C-48FB-8CF6-425D95B6B7FD}.Release|Any CPU.Build.0 = Release|x86
		{9A474916-EA8C-48FB-8CF6-425D95B6B7FD}.Release|Any CPU.Deploy.0 = Release|x86
		{9A474916-EA8C-48FB-8CF6-425D95B6B7FD}.Release|ARM.ActiveCfg = Release|ARM
		{9A474916-EA8C-48FB-8CF6-425D95B6B7FD}.Release|ARM.Build.0 = Release|ARM
		{9A474916-EA8C-48FB-8CF6-425D95B6B7FD}.Release|ARM.Deploy.0 = Release|ARM
		{9A474916-EA8C-48FB-8CF6-425D95B6B7FD}.Release|x64.ActiveCfg = Release|x64
		{9A474916-EA8C-48FB-8CF6-425D95B6B7FD}.Release|x64.Build.0 = Release|x64
		{9A474916-EA8C-48FB-8CF6-425D95B6B7FD}.Release|x64.Deploy.0 = Release|x64
		{9A474916-EA8C-48FB-8CF6-425D95B6B7FD}.Release|x86.ActiveCfg = Release|x86
		{9A474916-EA8C-48FB-8CF6-425D95B6B7FD}.Release|x86.Build.0 = Release|x86
		{9A474916-EA8C-48FB-8CF6-425D95B6B7FD}.Release|x86.Deploy.0 = Release|x86
		{4EE581B0-45F3-4D7E-BEAE-277ABF5F3FDD}.Debug|Any CPU.ActiveCfg = Debug|Any CPU
		{4EE581B0-45F3-4D7E-BEAE-277ABF5F3FDD}.Debug|Any CPU.Build.0 = Debug|Any CPU
		{4EE581B0-45F3-4D7E-BEAE-277ABF5F3FDD}.Debug|ARM.ActiveCfg = Debug|Any CPU
		{4EE581B0-45F3-4D7E-BEAE-277ABF5F3FDD}.Debug|ARM.Build.0 = Debug|Any CPU
		{4EE581B0-45F3-4D7E-BEAE-277ABF5F3FDD}.Debug|x64.ActiveCfg = Debug|x64
		{4EE581B0-45F3-4D7E-BEAE-277ABF5F3FDD}.Debug|x64.Build.0 = Debug|x64
		{4EE581B0-45F3-4D7E-BEAE-277ABF5F3FDD}.Debug|x86.ActiveCfg = Debug|x86
		{4EE581B0-45F3-4D7E-BEAE-277ABF5F3FDD}.Debug|x86.Build.0 = Debug|x86
		{4EE581B0-45F3-4D7E-BEAE-277ABF5F3FDD}.Release|Any CPU.ActiveCfg = Release|Any CPU
		{4EE581B0-45F3-4D7E-BEAE-277ABF5F3FDD}.Release|Any CPU.Build.0 = Release|Any CPU
		{4EE581B0-45F3-4D7E-BEAE-277ABF5F3FDD}.Release|ARM.ActiveCfg = Release|Any CPU
		{4EE581B0-45F3-4D7E-BEAE-277ABF5F3FDD}.Release|ARM.Build.0 = Release|Any CPU
		{4EE581B0-45F3-4D7E-BEAE-277ABF5F3FDD}.Release|x64.ActiveCfg = Release|x64
		{4EE581B0-45F3-4D7E-BEAE-277ABF5F3FDD}.Release|x64.Build.0 = Release|x64
		{4EE581B0-45F3-4D7E-BEAE-277ABF5F3FDD}.Release|x86.ActiveCfg = Release|x86
		{4EE581B0-45F3-4D7E-BEAE-277ABF5F3FDD}.Release|x86.Build.0 = Release|x86
		{11E61A53-13D5-4447-8D66-3F328BBFC30A}.Debug|Any CPU.ActiveCfg = Debug|Any CPU
		{11E61A53-13D5-4447-8D66-3F328BBFC30A}.Debug|Any CPU.Build.0 = Debug|Any CPU
		{11E61A53-13D5-4447-8D66-3F328BBFC30A}.Debug|ARM.ActiveCfg = Debug|Any CPU
		{11E61A53-13D5-4447-8D66-3F328BBFC30A}.Debug|ARM.Build.0 = Debug|Any CPU
		{11E61A53-13D5-4447-8D66-3F328BBFC30A}.Debug|x64.ActiveCfg = Debug|x64
		{11E61A53-13D5-4447-8D66-3F328BBFC30A}.Debug|x64.Build.0 = Debug|x64
		{11E61A53-13D5-4447-8D66-3F328BBFC30A}.Debug|x86.ActiveCfg = Debug|x86
		{11E61A53-13D5-4447-8D66-3F328BBFC30A}.Debug|x86.Build.0 = Debug|x86
		{11E61A53-13D5-4447-8D66-3F328BBFC30A}.Release|Any CPU.ActiveCfg = Release|Any CPU
		{11E61A53-13D5-4447-8D66-3F328BBFC30A}.Release|Any CPU.Build.0 = Release|Any CPU
		{11E61A53-13D5-4447-8D66-3F328BBFC30A}.Release|ARM.ActiveCfg = Release|Any CPU
		{11E61A53-13D5-4447-8D66-3F328BBFC30A}.Release|ARM.Build.0 = Release|Any CPU
		{11E61A53-13D5-4447-8D66-3F328BBFC30A}.Release|x64.ActiveCfg = Release|x64
		{11E61A53-13D5-4447-8D66-3F328BBFC30A}.Release|x64.Build.0 = Release|x64
		{11E61A53-13D5-4447-8D66-3F328BBFC30A}.Release|x86.ActiveCfg = Release|x86
		{11E61A53-13D5-4447-8D66-3F328BBFC30A}.Release|x86.Build.0 = Release|x86
		{1DCA99EA-F8FE-4DDD-AB81-BF0380C1B33D}.Debug|Any CPU.ActiveCfg = Debug|Any CPU
		{1DCA99EA-F8FE-4DDD-AB81-BF0380C1B33D}.Debug|Any CPU.Build.0 = Debug|Any CPU
		{1DCA99EA-F8FE-4DDD-AB81-BF0380C1B33D}.Debug|ARM.ActiveCfg = Debug|Any CPU
		{1DCA99EA-F8FE-4DDD-AB81-BF0380C1B33D}.Debug|ARM.Build.0 = Debug|Any CPU
		{1DCA99EA-F8FE-4DDD-AB81-BF0380C1B33D}.Debug|x64.ActiveCfg = Debug|x64
		{1DCA99EA-F8FE-4DDD-AB81-BF0380C1B33D}.Debug|x64.Build.0 = Debug|x64
		{1DCA99EA-F8FE-4DDD-AB81-BF0380C1B33D}.Debug|x86.ActiveCfg = Debug|x86
		{1DCA99EA-F8FE-4DDD-AB81-BF0380C1B33D}.Debug|x86.Build.0 = Debug|x86
		{1DCA99EA-F8FE-4DDD-AB81-BF0380C1B33D}.Release|Any CPU.ActiveCfg = Release|Any CPU
		{1DCA99EA-F8FE-4DDD-AB81-BF0380C1B33D}.Release|Any CPU.Build.0 = Release|Any CPU
		{1DCA99EA-F8FE-4DDD-AB81-BF0380C1B33D}.Release|ARM.ActiveCfg = Release|Any CPU
		{1DCA99EA-F8FE-4DDD-AB81-BF0380C1B33D}.Release|ARM.Build.0 = Release|Any CPU
		{1DCA99EA-F8FE-4DDD-AB81-BF0380C1B33D}.Release|x64.ActiveCfg = Release|x64
		{1DCA99EA-F8FE-4DDD-AB81-BF0380C1B33D}.Release|x64.Build.0 = Release|x64
		{1DCA99EA-F8FE-4DDD-AB81-BF0380C1B33D}.Release|x86.ActiveCfg = Release|x86
		{1DCA99EA-F8FE-4DDD-AB81-BF0380C1B33D}.Release|x86.Build.0 = Release|x86
		{F215ADF5-74C1-4E26-9045-B6BBDA736092}.Debug|Any CPU.ActiveCfg = Debug|Any CPU
		{F215ADF5-74C1-4E26-9045-B6BBDA736092}.Debug|Any CPU.Build.0 = Debug|Any CPU
		{F215ADF5-74C1-4E26-9045-B6BBDA736092}.Debug|ARM.ActiveCfg = Debug|Any CPU
		{F215ADF5-74C1-4E26-9045-B6BBDA736092}.Debug|ARM.Build.0 = Debug|Any CPU
		{F215ADF5-74C1-4E26-9045-B6BBDA736092}.Debug|x64.ActiveCfg = Debug|x64
		{F215ADF5-74C1-4E26-9045-B6BBDA736092}.Debug|x64.Build.0 = Debug|x64
		{F215ADF5-74C1-4E26-9045-B6BBDA736092}.Debug|x86.ActiveCfg = Debug|x86
		{F215ADF5-74C1-4E26-9045-B6BBDA736092}.Debug|x86.Build.0 = Debug|x86
		{F215ADF5-74C1-4E26-9045-B6BBDA736092}.Release|Any CPU.ActiveCfg = Release|Any CPU
		{F215ADF5-74C1-4E26-9045-B6BBDA736092}.Release|Any CPU.Build.0 = Release|Any CPU
		{F215ADF5-74C1-4E26-9045-B6BBDA736092}.Release|ARM.ActiveCfg = Release|Any CPU
		{F215ADF5-74C1-4E26-9045-B6BBDA736092}.Release|ARM.Build.0 = Release|Any CPU
		{F215ADF5-74C1-4E26-9045-B6BBDA736092}.Release|x64.ActiveCfg = Release|x64
		{F215ADF5-74C1-4E26-9045-B6BBDA736092}.Release|x64.Build.0 = Release|x64
		{F215ADF5-74C1-4E26-9045-B6BBDA736092}.Release|x86.ActiveCfg = Release|x86
		{F215ADF5-74C1-4E26-9045-B6BBDA736092}.Release|x86.Build.0 = Release|x86
		{AE7FF1B5-ABE3-45BF-87CC-44AC580A666A}.Debug|Any CPU.ActiveCfg = Debug|Any CPU
		{AE7FF1B5-ABE3-45BF-87CC-44AC580A666A}.Debug|Any CPU.Build.0 = Debug|Any CPU
		{AE7FF1B5-ABE3-45BF-87CC-44AC580A666A}.Debug|ARM.ActiveCfg = Debug|Any CPU
		{AE7FF1B5-ABE3-45BF-87CC-44AC580A666A}.Debug|ARM.Build.0 = Debug|Any CPU
		{AE7FF1B5-ABE3-45BF-87CC-44AC580A666A}.Debug|x64.ActiveCfg = Debug|x64
		{AE7FF1B5-ABE3-45BF-87CC-44AC580A666A}.Debug|x64.Build.0 = Debug|x64
		{AE7FF1B5-ABE3-45BF-87CC-44AC580A666A}.Debug|x86.ActiveCfg = Debug|x86
		{AE7FF1B5-ABE3-45BF-87CC-44AC580A666A}.Debug|x86.Build.0 = Debug|x86
		{AE7FF1B5-ABE3-45BF-87CC-44AC580A666A}.Release|Any CPU.ActiveCfg = Release|Any CPU
		{AE7FF1B5-ABE3-45BF-87CC-44AC580A666A}.Release|Any CPU.Build.0 = Release|Any CPU
		{AE7FF1B5-ABE3-45BF-87CC-44AC580A666A}.Release|ARM.ActiveCfg = Release|Any CPU
		{AE7FF1B5-ABE3-45BF-87CC-44AC580A666A}.Release|ARM.Build.0 = Release|Any CPU
		{AE7FF1B5-ABE3-45BF-87CC-44AC580A666A}.Release|x64.ActiveCfg = Release|x64
		{AE7FF1B5-ABE3-45BF-87CC-44AC580A666A}.Release|x64.Build.0 = Release|x64
		{AE7FF1B5-ABE3-45BF-87CC-44AC580A666A}.Release|x86.ActiveCfg = Release|x86
		{AE7FF1B5-ABE3-45BF-87CC-44AC580A666A}.Release|x86.Build.0 = Release|x86
		{EA79FDCF-C78B-4170-BFBE-BEB2303D911D}.Debug|Any CPU.ActiveCfg = Debug|Any CPU
		{EA79FDCF-C78B-4170-BFBE-BEB2303D911D}.Debug|Any CPU.Build.0 = Debug|Any CPU
		{EA79FDCF-C78B-4170-BFBE-BEB2303D911D}.Debug|ARM.ActiveCfg = Debug|ARM
		{EA79FDCF-C78B-4170-BFBE-BEB2303D911D}.Debug|ARM.Build.0 = Debug|ARM
		{EA79FDCF-C78B-4170-BFBE-BEB2303D911D}.Debug|x64.ActiveCfg = Debug|x64
		{EA79FDCF-C78B-4170-BFBE-BEB2303D911D}.Debug|x64.Build.0 = Debug|x64
		{EA79FDCF-C78B-4170-BFBE-BEB2303D911D}.Debug|x86.ActiveCfg = Debug|x86
		{EA79FDCF-C78B-4170-BFBE-BEB2303D911D}.Debug|x86.Build.0 = Debug|x86
		{EA79FDCF-C78B-4170-BFBE-BEB2303D911D}.Release|Any CPU.ActiveCfg = Release|Any CPU
		{EA79FDCF-C78B-4170-BFBE-BEB2303D911D}.Release|Any CPU.Build.0 = Release|Any CPU
		{EA79FDCF-C78B-4170-BFBE-BEB2303D911D}.Release|ARM.ActiveCfg = Release|ARM
		{EA79FDCF-C78B-4170-BFBE-BEB2303D911D}.Release|ARM.Build.0 = Release|ARM
		{EA79FDCF-C78B-4170-BFBE-BEB2303D911D}.Release|x64.ActiveCfg = Release|x64
		{EA79FDCF-C78B-4170-BFBE-BEB2303D911D}.Release|x64.Build.0 = Release|x64
		{EA79FDCF-C78B-4170-BFBE-BEB2303D911D}.Release|x86.ActiveCfg = Release|x86
		{EA79FDCF-C78B-4170-BFBE-BEB2303D911D}.Release|x86.Build.0 = Release|x86
	EndGlobalSection
	GlobalSection(SolutionProperties) = preSolution
		HideSolutionNode = FALSE
	EndGlobalSection
	GlobalSection(NestedProjects) = preSolution
		{9A474916-EA8C-48FB-8CF6-425D95B6B7FD} = {9171DC67-69C0-420F-9AE2-E260FB42C0EA}
		{4EE581B0-45F3-4D7E-BEAE-277ABF5F3FDD} = {9171DC67-69C0-420F-9AE2-E260FB42C0EA}
		{702FFCAA-5B6C-41CC-AA78-6C534450F1B2} = {04864834-7CE0-4794-B217-89D35AB3F1B5}
		{11E61A53-13D5-4447-8D66-3F328BBFC30A} = {BB33496B-83C4-4D9F-BA8D-4E8AC986014F}
		{1DCA99EA-F8FE-4DDD-AB81-BF0380C1B33D} = {BB33496B-83C4-4D9F-BA8D-4E8AC986014F}
		{F215ADF5-74C1-4E26-9045-B6BBDA736092} = {BB33496B-83C4-4D9F-BA8D-4E8AC986014F}
		{AE7FF1B5-ABE3-45BF-87CC-44AC580A666A} = {BB33496B-83C4-4D9F-BA8D-4E8AC986014F}
		{EA79FDCF-C78B-4170-BFBE-BEB2303D911D} = {BB33496B-83C4-4D9F-BA8D-4E8AC986014F}
	EndGlobalSection
EndGlobal
