
Microsoft Visual Studio Solution File, Format Version 12.00
# Visual Studio Version 17
VisualStudioVersion = 17.0.31717.71
MinimumVisualStudioVersion = 15.0.26124.0
Project("{2150E333-8FDC-42A3-9474-1A3956D46DE8}") = "src", "src", "{A5C9C74C-A503-4375-B56A-1411181B6E5A}"
EndProject
Project("{9A19103F-16F7-4668-BE54-9A1E7A4F7556}") = "Core2D", "src\Core2D\Core2D.csproj", "{3F804F82-57E8-47EE-BE48-FF19462C3B97}"
EndProject
Project("{9A19103F-16F7-4668-BE54-9A1E7A4F7556}") = "Core2D.Generators", "src\Core2D.Generators\Core2D.Generators.csproj", "{C2E3F840-F1D4-4995-BF41-E3EE8BB3D0CA}"
EndProject
Project("{9A19103F-16F7-4668-BE54-9A1E7A4F7556}") = "Core2D.Desktop", "src\Core2D.Desktop\Core2D.Desktop.csproj", "{0AFCF95C-41E1-4F26-8DF5-2CF112527A71}"
EndProject
Project("{2150E333-8FDC-42A3-9474-1A3956D46DE8}") = "config", "config", "{2054893F-E436-4482-B4D3-1BED82C2603D}"
	ProjectSection(SolutionItems) = preProject
		.editorconfig = .editorconfig
		Directory.Build.props = Directory.Build.props
		global.json = global.json
		NuGet.Config = NuGet.Config
		omnisharp.json = omnisharp.json
		azure-pipelines.yml = azure-pipelines.yml
		build.cmd = build.cmd
		build.ps1 = build.ps1
		build.sh = build.sh
	EndProjectSection
EndProject
Project("{2150E333-8FDC-42A3-9474-1A3956D46DE8}") = "samples", "samples", "{1E03FE6F-FA1D-422E-A0C1-A06AC959E4FC}"
EndProject
Project("{FAE04EC0-301F-11D3-BF4B-00C04F79EFBC}") = "Demo.Base", "samples\Demo.Base\Demo.Base.csproj", "{D1A5EC32-49CF-41A5-85F2-9796490B18FF}"
EndProject
Project("{2150E333-8FDC-42A3-9474-1A3956D46DE8}") = "tests", "tests", "{33116698-64BF-46E3-A655-86981600BFAD}"
EndProject
Project("{2150E333-8FDC-42A3-9474-1A3956D46DE8}") = "build", "build", "{1AE10EDE-F6CB-4EE3-9096-FFBBA86B0627}"
EndProject
Project("{FAE04EC0-301F-11D3-BF4B-00C04F79EFBC}") = "Core2D.UnitTests", "tests\Core2D.UnitTests\Core2D.UnitTests.csproj", "{41864624-DF9B-4E24-821C-134C79C7E2B3}"
EndProject
Project("{FAE04EC0-301F-11D3-BF4B-00C04F79EFBC}") = "_build", "build\build\_build.csproj", "{C43260E6-62B6-415F-9301-ED34DA1816D7}"
EndProject
Project("{FAE04EC0-301F-11D3-BF4B-00C04F79EFBC}") = "Core2D.Web", "src\Core2D.Web\Core2D.Web.csproj", "{FF36305E-27AC-404C-9EE1-459FB160FA19}"
EndProject
Project("{FAE04EC0-301F-11D3-BF4B-00C04F79EFBC}") = "Demo.Desktop", "samples\Demo.Desktop\Demo.Desktop.csproj", "{79954C93-1801-44F1-BC3E-8E872FAE4782}"
EndProject
Global
	GlobalSection(SolutionConfigurationPlatforms) = preSolution
		Debug|Any CPU = Debug|Any CPU
		Debug|x64 = Debug|x64
		Debug|x86 = Debug|x86
		Release|Any CPU = Release|Any CPU
		Release|x64 = Release|x64
		Release|x86 = Release|x86
	EndGlobalSection
	GlobalSection(ProjectConfigurationPlatforms) = postSolution
		{3F804F82-57E8-47EE-BE48-FF19462C3B97}.Debug|Any CPU.ActiveCfg = Debug|Any CPU
		{3F804F82-57E8-47EE-BE48-FF19462C3B97}.Debug|Any CPU.Build.0 = Debug|Any CPU
		{3F804F82-57E8-47EE-BE48-FF19462C3B97}.Debug|x64.ActiveCfg = Debug|Any CPU
		{3F804F82-57E8-47EE-BE48-FF19462C3B97}.Debug|x64.Build.0 = Debug|Any CPU
		{3F804F82-57E8-47EE-BE48-FF19462C3B97}.Debug|x86.ActiveCfg = Debug|Any CPU
		{3F804F82-57E8-47EE-BE48-FF19462C3B97}.Debug|x86.Build.0 = Debug|Any CPU
		{3F804F82-57E8-47EE-BE48-FF19462C3B97}.Release|Any CPU.ActiveCfg = Release|Any CPU
		{3F804F82-57E8-47EE-BE48-FF19462C3B97}.Release|Any CPU.Build.0 = Release|Any CPU
		{3F804F82-57E8-47EE-BE48-FF19462C3B97}.Release|x64.ActiveCfg = Release|Any CPU
		{3F804F82-57E8-47EE-BE48-FF19462C3B97}.Release|x64.Build.0 = Release|Any CPU
		{3F804F82-57E8-47EE-BE48-FF19462C3B97}.Release|x86.ActiveCfg = Release|Any CPU
		{3F804F82-57E8-47EE-BE48-FF19462C3B97}.Release|x86.Build.0 = Release|Any CPU
		{C2E3F840-F1D4-4995-BF41-E3EE8BB3D0CA}.Debug|Any CPU.ActiveCfg = Debug|Any CPU
		{C2E3F840-F1D4-4995-BF41-E3EE8BB3D0CA}.Debug|Any CPU.Build.0 = Debug|Any CPU
		{C2E3F840-F1D4-4995-BF41-E3EE8BB3D0CA}.Debug|x64.ActiveCfg = Debug|Any CPU
		{C2E3F840-F1D4-4995-BF41-E3EE8BB3D0CA}.Debug|x64.Build.0 = Debug|Any CPU
		{C2E3F840-F1D4-4995-BF41-E3EE8BB3D0CA}.Debug|x86.ActiveCfg = Debug|Any CPU
		{C2E3F840-F1D4-4995-BF41-E3EE8BB3D0CA}.Debug|x86.Build.0 = Debug|Any CPU
		{C2E3F840-F1D4-4995-BF41-E3EE8BB3D0CA}.Release|Any CPU.ActiveCfg = Release|Any CPU
		{C2E3F840-F1D4-4995-BF41-E3EE8BB3D0CA}.Release|Any CPU.Build.0 = Release|Any CPU
		{C2E3F840-F1D4-4995-BF41-E3EE8BB3D0CA}.Release|x64.ActiveCfg = Release|Any CPU
		{C2E3F840-F1D4-4995-BF41-E3EE8BB3D0CA}.Release|x64.Build.0 = Release|Any CPU
		{C2E3F840-F1D4-4995-BF41-E3EE8BB3D0CA}.Release|x86.ActiveCfg = Release|Any CPU
		{C2E3F840-F1D4-4995-BF41-E3EE8BB3D0CA}.Release|x86.Build.0 = Release|Any CPU
		{0AFCF95C-41E1-4F26-8DF5-2CF112527A71}.Debug|Any CPU.ActiveCfg = Debug|Any CPU
		{0AFCF95C-41E1-4F26-8DF5-2CF112527A71}.Debug|Any CPU.Build.0 = Debug|Any CPU
		{0AFCF95C-41E1-4F26-8DF5-2CF112527A71}.Debug|x64.ActiveCfg = Debug|Any CPU
		{0AFCF95C-41E1-4F26-8DF5-2CF112527A71}.Debug|x64.Build.0 = Debug|Any CPU
		{0AFCF95C-41E1-4F26-8DF5-2CF112527A71}.Debug|x86.ActiveCfg = Debug|Any CPU
		{0AFCF95C-41E1-4F26-8DF5-2CF112527A71}.Debug|x86.Build.0 = Debug|Any CPU
		{0AFCF95C-41E1-4F26-8DF5-2CF112527A71}.Release|Any CPU.ActiveCfg = Release|Any CPU
		{0AFCF95C-41E1-4F26-8DF5-2CF112527A71}.Release|Any CPU.Build.0 = Release|Any CPU
		{0AFCF95C-41E1-4F26-8DF5-2CF112527A71}.Release|x64.ActiveCfg = Release|Any CPU
		{0AFCF95C-41E1-4F26-8DF5-2CF112527A71}.Release|x64.Build.0 = Release|Any CPU
		{0AFCF95C-41E1-4F26-8DF5-2CF112527A71}.Release|x86.ActiveCfg = Release|Any CPU
		{0AFCF95C-41E1-4F26-8DF5-2CF112527A71}.Release|x86.Build.0 = Release|Any CPU
		{D1A5EC32-49CF-41A5-85F2-9796490B18FF}.Debug|Any CPU.ActiveCfg = Debug|Any CPU
		{D1A5EC32-49CF-41A5-85F2-9796490B18FF}.Debug|Any CPU.Build.0 = Debug|Any CPU
		{D1A5EC32-49CF-41A5-85F2-9796490B18FF}.Debug|x64.ActiveCfg = Debug|Any CPU
		{D1A5EC32-49CF-41A5-85F2-9796490B18FF}.Debug|x64.Build.0 = Debug|Any CPU
		{D1A5EC32-49CF-41A5-85F2-9796490B18FF}.Debug|x86.ActiveCfg = Debug|Any CPU
		{D1A5EC32-49CF-41A5-85F2-9796490B18FF}.Debug|x86.Build.0 = Debug|Any CPU
		{D1A5EC32-49CF-41A5-85F2-9796490B18FF}.Release|Any CPU.ActiveCfg = Release|Any CPU
		{D1A5EC32-49CF-41A5-85F2-9796490B18FF}.Release|Any CPU.Build.0 = Release|Any CPU
		{D1A5EC32-49CF-41A5-85F2-9796490B18FF}.Release|x64.ActiveCfg = Release|Any CPU
		{D1A5EC32-49CF-41A5-85F2-9796490B18FF}.Release|x64.Build.0 = Release|Any CPU
		{D1A5EC32-49CF-41A5-85F2-9796490B18FF}.Release|x86.ActiveCfg = Release|Any CPU
		{D1A5EC32-49CF-41A5-85F2-9796490B18FF}.Release|x86.Build.0 = Release|Any CPU
		{41864624-DF9B-4E24-821C-134C79C7E2B3}.Debug|Any CPU.ActiveCfg = Debug|Any CPU
		{41864624-DF9B-4E24-821C-134C79C7E2B3}.Debug|Any CPU.Build.0 = Debug|Any CPU
		{41864624-DF9B-4E24-821C-134C79C7E2B3}.Debug|x64.ActiveCfg = Debug|Any CPU
		{41864624-DF9B-4E24-821C-134C79C7E2B3}.Debug|x64.Build.0 = Debug|Any CPU
		{41864624-DF9B-4E24-821C-134C79C7E2B3}.Debug|x86.ActiveCfg = Debug|Any CPU
		{41864624-DF9B-4E24-821C-134C79C7E2B3}.Debug|x86.Build.0 = Debug|Any CPU
		{41864624-DF9B-4E24-821C-134C79C7E2B3}.Release|Any CPU.ActiveCfg = Release|Any CPU
		{41864624-DF9B-4E24-821C-134C79C7E2B3}.Release|Any CPU.Build.0 = Release|Any CPU
		{41864624-DF9B-4E24-821C-134C79C7E2B3}.Release|x64.ActiveCfg = Release|Any CPU
		{41864624-DF9B-4E24-821C-134C79C7E2B3}.Release|x64.Build.0 = Release|Any CPU
		{41864624-DF9B-4E24-821C-134C79C7E2B3}.Release|x86.ActiveCfg = Release|Any CPU
		{41864624-DF9B-4E24-821C-134C79C7E2B3}.Release|x86.Build.0 = Release|Any CPU
		{C43260E6-62B6-415F-9301-ED34DA1816D7}.Debug|Any CPU.ActiveCfg = Debug|Any CPU
		{C43260E6-62B6-415F-9301-ED34DA1816D7}.Debug|Any CPU.Build.0 = Debug|Any CPU
		{C43260E6-62B6-415F-9301-ED34DA1816D7}.Debug|x64.ActiveCfg = Debug|Any CPU
		{C43260E6-62B6-415F-9301-ED34DA1816D7}.Debug|x64.Build.0 = Debug|Any CPU
		{C43260E6-62B6-415F-9301-ED34DA1816D7}.Debug|x86.ActiveCfg = Debug|Any CPU
		{C43260E6-62B6-415F-9301-ED34DA1816D7}.Debug|x86.Build.0 = Debug|Any CPU
		{C43260E6-62B6-415F-9301-ED34DA1816D7}.Release|Any CPU.ActiveCfg = Release|Any CPU
		{C43260E6-62B6-415F-9301-ED34DA1816D7}.Release|Any CPU.Build.0 = Release|Any CPU
		{C43260E6-62B6-415F-9301-ED34DA1816D7}.Release|x64.ActiveCfg = Release|Any CPU
		{C43260E6-62B6-415F-9301-ED34DA1816D7}.Release|x64.Build.0 = Release|Any CPU
		{C43260E6-62B6-415F-9301-ED34DA1816D7}.Release|x86.ActiveCfg = Release|Any CPU
		{C43260E6-62B6-415F-9301-ED34DA1816D7}.Release|x86.Build.0 = Release|Any CPU
		{FF36305E-27AC-404C-9EE1-459FB160FA19}.Debug|Any CPU.ActiveCfg = Debug|Any CPU
		{FF36305E-27AC-404C-9EE1-459FB160FA19}.Debug|Any CPU.Build.0 = Debug|Any CPU
		{FF36305E-27AC-404C-9EE1-459FB160FA19}.Debug|x64.ActiveCfg = Debug|Any CPU
		{FF36305E-27AC-404C-9EE1-459FB160FA19}.Debug|x64.Build.0 = Debug|Any CPU
		{FF36305E-27AC-404C-9EE1-459FB160FA19}.Debug|x86.ActiveCfg = Debug|Any CPU
		{FF36305E-27AC-404C-9EE1-459FB160FA19}.Debug|x86.Build.0 = Debug|Any CPU
		{FF36305E-27AC-404C-9EE1-459FB160FA19}.Release|Any CPU.ActiveCfg = Release|Any CPU
		{FF36305E-27AC-404C-9EE1-459FB160FA19}.Release|Any CPU.Build.0 = Release|Any CPU
		{FF36305E-27AC-404C-9EE1-459FB160FA19}.Release|x64.ActiveCfg = Release|Any CPU
		{FF36305E-27AC-404C-9EE1-459FB160FA19}.Release|x64.Build.0 = Release|Any CPU
		{FF36305E-27AC-404C-9EE1-459FB160FA19}.Release|x86.ActiveCfg = Release|Any CPU
		{FF36305E-27AC-404C-9EE1-459FB160FA19}.Release|x86.Build.0 = Release|Any CPU
		{79954C93-1801-44F1-BC3E-8E872FAE4782}.Debug|Any CPU.ActiveCfg = Debug|Any CPU
		{79954C93-1801-44F1-BC3E-8E872FAE4782}.Debug|Any CPU.Build.0 = Debug|Any CPU
		{79954C93-1801-44F1-BC3E-8E872FAE4782}.Debug|x64.ActiveCfg = Debug|Any CPU
		{79954C93-1801-44F1-BC3E-8E872FAE4782}.Debug|x64.Build.0 = Debug|Any CPU
		{79954C93-1801-44F1-BC3E-8E872FAE4782}.Debug|x86.ActiveCfg = Debug|Any CPU
		{79954C93-1801-44F1-BC3E-8E872FAE4782}.Debug|x86.Build.0 = Debug|Any CPU
		{79954C93-1801-44F1-BC3E-8E872FAE4782}.Release|Any CPU.ActiveCfg = Release|Any CPU
		{79954C93-1801-44F1-BC3E-8E872FAE4782}.Release|Any CPU.Build.0 = Release|Any CPU
		{79954C93-1801-44F1-BC3E-8E872FAE4782}.Release|x64.ActiveCfg = Release|Any CPU
		{79954C93-1801-44F1-BC3E-8E872FAE4782}.Release|x64.Build.0 = Release|Any CPU
		{79954C93-1801-44F1-BC3E-8E872FAE4782}.Release|x86.ActiveCfg = Release|Any CPU
		{79954C93-1801-44F1-BC3E-8E872FAE4782}.Release|x86.Build.0 = Release|Any CPU
	EndGlobalSection
	GlobalSection(SolutionProperties) = preSolution
		HideSolutionNode = FALSE
	EndGlobalSection
	GlobalSection(NestedProjects) = preSolution
		{3F804F82-57E8-47EE-BE48-FF19462C3B97} = {A5C9C74C-A503-4375-B56A-1411181B6E5A}
		{C2E3F840-F1D4-4995-BF41-E3EE8BB3D0CA} = {A5C9C74C-A503-4375-B56A-1411181B6E5A}
		{0AFCF95C-41E1-4F26-8DF5-2CF112527A71} = {A5C9C74C-A503-4375-B56A-1411181B6E5A}
		{D1A5EC32-49CF-41A5-85F2-9796490B18FF} = {1E03FE6F-FA1D-422E-A0C1-A06AC959E4FC}
		{41864624-DF9B-4E24-821C-134C79C7E2B3} = {33116698-64BF-46E3-A655-86981600BFAD}
		{C43260E6-62B6-415F-9301-ED34DA1816D7} = {1AE10EDE-F6CB-4EE3-9096-FFBBA86B0627}
		{FF36305E-27AC-404C-9EE1-459FB160FA19} = {A5C9C74C-A503-4375-B56A-1411181B6E5A}
		{79954C93-1801-44F1-BC3E-8E872FAE4782} = {1E03FE6F-FA1D-422E-A0C1-A06AC959E4FC}
	EndGlobalSection
	GlobalSection(ExtensibilityGlobals) = postSolution
		SolutionGuid = {0720A3F0-7CD3-4F9C-8DFF-858B38D44C31}
	EndGlobalSection
EndGlobal
