
Microsoft Visual Studio Solution File, Format Version 12.00
# Visual Studio 14
VisualStudioVersion = 14.0.25420.1
MinimumVisualStudioVersion = 10.0.40219.1
Project("{2150E333-8FDC-42A3-9474-1A3956D46DE8}") = "dependencies", "dependencies", "{9DA997E2-E367-481C-B48A-278274034A26}"
EndProject
Project("{FAE04EC0-301F-11D3-BF4B-00C04F79EFBC}") = "Renderer.Avalonia", "dependencies\Renderer.Avalonia\Renderer.Avalonia.csproj", "{E05F3F7E-2176-43DC-90BB-F5C66CFDB12F}"
EndProject
Project("{FAE04EC0-301F-11D3-BF4B-00C04F79EFBC}") = "Serializer.Newtonsoft", "dependencies\Serializer.Newtonsoft\Serializer.Newtonsoft.csproj", "{11E61A53-13D5-4447-8D66-3F328BBFC30A}"
EndProject
Project("{FAE04EC0-301F-11D3-BF4B-00C04F79EFBC}") = "Serializer.Xaml", "dependencies\Serializer.Xaml\Serializer.Xaml.csproj", "{1DCA99EA-F8FE-4DDD-AB81-BF0380C1B33D}"
EndProject
Project("{FAE04EC0-301F-11D3-BF4B-00C04F79EFBC}") = "Log.Trace", "dependencies\Log.Trace\Log.Trace.csproj", "{68A36926-DF55-4F05-9F89-B9AB1463227E}"
EndProject
Project("{FAE04EC0-301F-11D3-BF4B-00C04F79EFBC}") = "TextFieldReader.CsvHelper", "dependencies\TextFieldReader.CsvHelper\TextFieldReader.CsvHelper.csproj", "{F215ADF5-74C1-4E26-9045-B6BBDA736092}"
EndProject
Project("{FAE04EC0-301F-11D3-BF4B-00C04F79EFBC}") = "TextFieldWriter.CsvHelper", "dependencies\TextFieldWriter.CsvHelper\TextFieldWriter.CsvHelper.csproj", "{AE7FF1B5-ABE3-45BF-87CC-44AC580A666A}"
EndProject
Project("{FAE04EC0-301F-11D3-BF4B-00C04F79EFBC}") = "FileSystem.DotNetFx", "dependencies\FileSystem.DotNetFx\FileSystem.DotNetFx.csproj", "{D1F867F7-9029-480D-B1E1-B0BE4658B182}"
EndProject
Project("{2150E333-8FDC-42A3-9474-1A3956D46DE8}") = "src", "src", "{BC6BAFE6-1735-4549-A7CC-819274780B38}"
EndProject
Project("{FAE04EC0-301F-11D3-BF4B-00C04F79EFBC}") = "Core2D", "src\Core2D\Core2D.csproj", "{4EE581B0-45F3-4D7E-BEAE-277ABF5F3FDD}"
EndProject
Project("{2150E333-8FDC-42A3-9474-1A3956D46DE8}") = "tests", "tests", "{8756F874-0C1B-4AB8-83E0-0BEDA782D212}"
EndProject
Project("{FAE04EC0-301F-11D3-BF4B-00C04F79EFBC}") = "Core2D.UnitTests", "tests\Core2D.UnitTests\Core2D.UnitTests.csproj", "{AB31E0E2-9090-4461-84BE-5C5AAA19758F}"
EndProject
Project("{FAE04EC0-301F-11D3-BF4B-00C04F79EFBC}") = "FileSystem.DotNetFx.UnitTests", "tests\FileSystem.DotNetFx.UnitTests\FileSystem.DotNetFx.UnitTests.csproj", "{E9C30F6F-00DD-494A-8E7C-253A5C76E999}"
EndProject
Project("{2150E333-8FDC-42A3-9474-1A3956D46DE8}") = "shared", "shared", "{C7162582-C1FD-45FB-99FD-6770D67B5A21}"
EndProject
Project("{D954291E-2A0B-460D-934E-DC6B0785DB48}") = "Core2D.Shared", "src\Core2D.Shared\Core2D.Shared.shproj", "{702FFCAA-5B6C-41CC-AA78-6C534450F1B2}"
EndProject
Project("{FAE04EC0-301F-11D3-BF4B-00C04F79EFBC}") = "Renderer.SkiaSharp", "dependencies\Renderer.SkiaSharp\Renderer.SkiaSharp.csproj", "{9B8FA9BD-63BE-4560-BA55-0D86AEE1809E}"
EndProject
Project("{FAE04EC0-301F-11D3-BF4B-00C04F79EFBC}") = "FileWriter.PdfSkiaSharp", "dependencies\FileWriter.PdfSkiaSharp\FileWriter.PdfSkiaSharp.csproj", "{C934BA25-608B-42FA-B766-42EFAD7DA6FF}"
EndProject
Project("{FAE04EC0-301F-11D3-BF4B-00C04F79EFBC}") = "Utilities.Avalonia", "dependencies\Utilities.Avalonia\Utilities.Avalonia.csproj", "{C6DBD1FD-C462-4005-B382-97BB4AEF26F2}"
EndProject
Project("{FAE04EC0-301F-11D3-BF4B-00C04F79EFBC}") = "Serializer.Xaml.UnitTests", "tests\Serializer.Xaml.UnitTests\Serializer.Xaml.UnitTests.csproj", "{6DFDDEC8-933F-4B94-BEC5-933ED73E7D70}"
EndProject
Project("{FAE04EC0-301F-11D3-BF4B-00C04F79EFBC}") = "Core2D.Avalonia", "src\Core2D.Avalonia\Core2D.Avalonia.csproj", "{27CD58AE-D6D4-42AD-A315-2F1CB63454AF}"
EndProject
Project("{FAE04EC0-301F-11D3-BF4B-00C04F79EFBC}") = "ScriptRunner.Roslyn", "dependencies\ScriptRunner.Roslyn\ScriptRunner.Roslyn.csproj", "{352C23CD-8A6D-4C91-9FD2-FC35ECBC8AFE}"
EndProject
Project("{FAE04EC0-301F-11D3-BF4B-00C04F79EFBC}") = "FileWriter.SvgSkiaSharp", "dependencies\FileWriter.SvgSkiaSharp\FileWriter.SvgSkiaSharp.csproj", "{E2827255-924C-456E-8049-14E333C6FD18}"
EndProject
Project("{FAE04EC0-301F-11D3-BF4B-00C04F79EFBC}") = "Core2D.Spatial", "src\Core2D.Spatial\Core2D.Spatial.csproj", "{BF27E596-01F5-45AF-99FB-703C004D27A5}"
EndProject
Project("{FAE04EC0-301F-11D3-BF4B-00C04F79EFBC}") = "Core2D.Spatial.UnitTests", "tests\Core2D.Spatial.UnitTests\Core2D.Spatial.UnitTests.csproj", "{6F803C3D-0E71-48F9-A58B-40B7F3CDAC6F}"
EndProject
Project("{FAE04EC0-301F-11D3-BF4B-00C04F79EFBC}") = "Core2D.Avalonia.Droid", "src\Core2D.Avalonia.Droid\Core2D.Avalonia.Droid.csproj", "{002CF309-4DA9-4383-975F-C0A94F45AC38}"
EndProject
Global
	GlobalSection(SharedMSBuildProjectFiles) = preSolution
		src\Core2D.Shared\Core2D.Shared.projitems*{11e61a53-13d5-4447-8d66-3f328bbfc30a}*SharedItemsImports = 4
		src\Core2D.Shared\Core2D.Shared.projitems*{1dca99ea-f8fe-4ddd-ab81-bf0380c1b33d}*SharedItemsImports = 4
		src\Core2D.Shared\Core2D.Shared.projitems*{27cd58ae-d6d4-42ad-a315-2f1cb63454af}*SharedItemsImports = 4
		src\Core2D.Shared\Core2D.Shared.projitems*{352c23cd-8a6d-4c91-9fd2-fc35ecbc8afe}*SharedItemsImports = 4
		src\Core2D.Shared\Core2D.Shared.projitems*{4ee581b0-45f3-4d7e-beae-277abf5f3fdd}*SharedItemsImports = 4
		src\Core2D.Shared\Core2D.Shared.projitems*{68a36926-df55-4f05-9f89-b9ab1463227e}*SharedItemsImports = 4
		src\Core2D.Shared\Core2D.Shared.projitems*{702ffcaa-5b6c-41cc-aa78-6c534450f1b2}*SharedItemsImports = 13
		src\Core2D.Shared\Core2D.Shared.projitems*{9b8fa9bd-63be-4560-ba55-0d86aee1809e}*SharedItemsImports = 4
		src\Core2D.Shared\Core2D.Shared.projitems*{ae7ff1b5-abe3-45bf-87cc-44ac580a666a}*SharedItemsImports = 4
		src\Core2D.Shared\Core2D.Shared.projitems*{bf27e596-01f5-45af-99fb-703c004d27a5}*SharedItemsImports = 4
		src\Core2D.Shared\Core2D.Shared.projitems*{c6dbd1fd-c462-4005-b382-97bb4aef26f2}*SharedItemsImports = 4
		src\Core2D.Shared\Core2D.Shared.projitems*{c934ba25-608b-42fa-b766-42efad7da6ff}*SharedItemsImports = 4
		src\Core2D.Shared\Core2D.Shared.projitems*{d1f867f7-9029-480d-b1e1-b0be4658b182}*SharedItemsImports = 4
		src\Core2D.Shared\Core2D.Shared.projitems*{e05f3f7e-2176-43dc-90bb-f5c66cfdb12f}*SharedItemsImports = 4
		src\Core2D.Shared\Core2D.Shared.projitems*{e2827255-924c-456e-8049-14e333c6fd18}*SharedItemsImports = 4
		src\Core2D.Shared\Core2D.Shared.projitems*{f215adf5-74c1-4e26-9045-b6bbda736092}*SharedItemsImports = 4
	EndGlobalSection
	GlobalSection(SolutionConfigurationPlatforms) = preSolution
		Debug|AnyCPU = Debug|AnyCPU
		Debug|x64 = Debug|x64
		Debug|x86 = Debug|x86
		Release|AnyCPU = Release|AnyCPU
		Release|x64 = Release|x64
		Release|x86 = Release|x86
	EndGlobalSection
	GlobalSection(ProjectConfigurationPlatforms) = postSolution
		{E05F3F7E-2176-43DC-90BB-F5C66CFDB12F}.Debug|AnyCPU.ActiveCfg = Debug|Any CPU
		{E05F3F7E-2176-43DC-90BB-F5C66CFDB12F}.Debug|AnyCPU.Build.0 = Debug|Any CPU
		{E05F3F7E-2176-43DC-90BB-F5C66CFDB12F}.Debug|x64.ActiveCfg = Debug|x64
		{E05F3F7E-2176-43DC-90BB-F5C66CFDB12F}.Debug|x64.Build.0 = Debug|x64
		{E05F3F7E-2176-43DC-90BB-F5C66CFDB12F}.Debug|x86.ActiveCfg = Debug|x86
		{E05F3F7E-2176-43DC-90BB-F5C66CFDB12F}.Debug|x86.Build.0 = Debug|x86
		{E05F3F7E-2176-43DC-90BB-F5C66CFDB12F}.Release|AnyCPU.ActiveCfg = Release|Any CPU
		{E05F3F7E-2176-43DC-90BB-F5C66CFDB12F}.Release|AnyCPU.Build.0 = Release|Any CPU
		{E05F3F7E-2176-43DC-90BB-F5C66CFDB12F}.Release|x64.ActiveCfg = Release|x64
		{E05F3F7E-2176-43DC-90BB-F5C66CFDB12F}.Release|x64.Build.0 = Release|x64
		{E05F3F7E-2176-43DC-90BB-F5C66CFDB12F}.Release|x86.ActiveCfg = Release|x86
		{E05F3F7E-2176-43DC-90BB-F5C66CFDB12F}.Release|x86.Build.0 = Release|x86
		{11E61A53-13D5-4447-8D66-3F328BBFC30A}.Debug|AnyCPU.ActiveCfg = Debug|Any CPU
		{11E61A53-13D5-4447-8D66-3F328BBFC30A}.Debug|AnyCPU.Build.0 = Debug|Any CPU
		{11E61A53-13D5-4447-8D66-3F328BBFC30A}.Debug|x64.ActiveCfg = Debug|x64
		{11E61A53-13D5-4447-8D66-3F328BBFC30A}.Debug|x64.Build.0 = Debug|x64
		{11E61A53-13D5-4447-8D66-3F328BBFC30A}.Debug|x86.ActiveCfg = Debug|x86
		{11E61A53-13D5-4447-8D66-3F328BBFC30A}.Debug|x86.Build.0 = Debug|x86
		{11E61A53-13D5-4447-8D66-3F328BBFC30A}.Release|AnyCPU.ActiveCfg = Release|Any CPU
		{11E61A53-13D5-4447-8D66-3F328BBFC30A}.Release|AnyCPU.Build.0 = Release|Any CPU
		{11E61A53-13D5-4447-8D66-3F328BBFC30A}.Release|x64.ActiveCfg = Release|x64
		{11E61A53-13D5-4447-8D66-3F328BBFC30A}.Release|x64.Build.0 = Release|x64
		{11E61A53-13D5-4447-8D66-3F328BBFC30A}.Release|x86.ActiveCfg = Release|x86
		{11E61A53-13D5-4447-8D66-3F328BBFC30A}.Release|x86.Build.0 = Release|x86
		{1DCA99EA-F8FE-4DDD-AB81-BF0380C1B33D}.Debug|AnyCPU.ActiveCfg = Debug|Any CPU
		{1DCA99EA-F8FE-4DDD-AB81-BF0380C1B33D}.Debug|AnyCPU.Build.0 = Debug|Any CPU
		{1DCA99EA-F8FE-4DDD-AB81-BF0380C1B33D}.Debug|x64.ActiveCfg = Debug|x64
		{1DCA99EA-F8FE-4DDD-AB81-BF0380C1B33D}.Debug|x64.Build.0 = Debug|x64
		{1DCA99EA-F8FE-4DDD-AB81-BF0380C1B33D}.Debug|x86.ActiveCfg = Debug|x86
		{1DCA99EA-F8FE-4DDD-AB81-BF0380C1B33D}.Debug|x86.Build.0 = Debug|x86
		{1DCA99EA-F8FE-4DDD-AB81-BF0380C1B33D}.Release|AnyCPU.ActiveCfg = Release|Any CPU
		{1DCA99EA-F8FE-4DDD-AB81-BF0380C1B33D}.Release|AnyCPU.Build.0 = Release|Any CPU
		{1DCA99EA-F8FE-4DDD-AB81-BF0380C1B33D}.Release|x64.ActiveCfg = Release|x64
		{1DCA99EA-F8FE-4DDD-AB81-BF0380C1B33D}.Release|x64.Build.0 = Release|x64
		{1DCA99EA-F8FE-4DDD-AB81-BF0380C1B33D}.Release|x86.ActiveCfg = Release|x86
		{1DCA99EA-F8FE-4DDD-AB81-BF0380C1B33D}.Release|x86.Build.0 = Release|x86
		{68A36926-DF55-4F05-9F89-B9AB1463227E}.Debug|AnyCPU.ActiveCfg = Debug|Any CPU
		{68A36926-DF55-4F05-9F89-B9AB1463227E}.Debug|AnyCPU.Build.0 = Debug|Any CPU
		{68A36926-DF55-4F05-9F89-B9AB1463227E}.Debug|x64.ActiveCfg = Debug|x64
		{68A36926-DF55-4F05-9F89-B9AB1463227E}.Debug|x64.Build.0 = Debug|x64
		{68A36926-DF55-4F05-9F89-B9AB1463227E}.Debug|x86.ActiveCfg = Debug|x86
		{68A36926-DF55-4F05-9F89-B9AB1463227E}.Debug|x86.Build.0 = Debug|x86
		{68A36926-DF55-4F05-9F89-B9AB1463227E}.Release|AnyCPU.ActiveCfg = Release|Any CPU
		{68A36926-DF55-4F05-9F89-B9AB1463227E}.Release|AnyCPU.Build.0 = Release|Any CPU
		{68A36926-DF55-4F05-9F89-B9AB1463227E}.Release|x64.ActiveCfg = Release|x64
		{68A36926-DF55-4F05-9F89-B9AB1463227E}.Release|x64.Build.0 = Release|x64
		{68A36926-DF55-4F05-9F89-B9AB1463227E}.Release|x86.ActiveCfg = Release|x86
		{68A36926-DF55-4F05-9F89-B9AB1463227E}.Release|x86.Build.0 = Release|x86
		{F215ADF5-74C1-4E26-9045-B6BBDA736092}.Debug|AnyCPU.ActiveCfg = Debug|Any CPU
		{F215ADF5-74C1-4E26-9045-B6BBDA736092}.Debug|AnyCPU.Build.0 = Debug|Any CPU
		{F215ADF5-74C1-4E26-9045-B6BBDA736092}.Debug|x64.ActiveCfg = Debug|x64
		{F215ADF5-74C1-4E26-9045-B6BBDA736092}.Debug|x64.Build.0 = Debug|x64
		{F215ADF5-74C1-4E26-9045-B6BBDA736092}.Debug|x86.ActiveCfg = Debug|x86
		{F215ADF5-74C1-4E26-9045-B6BBDA736092}.Debug|x86.Build.0 = Debug|x86
		{F215ADF5-74C1-4E26-9045-B6BBDA736092}.Release|AnyCPU.ActiveCfg = Release|Any CPU
		{F215ADF5-74C1-4E26-9045-B6BBDA736092}.Release|AnyCPU.Build.0 = Release|Any CPU
		{F215ADF5-74C1-4E26-9045-B6BBDA736092}.Release|x64.ActiveCfg = Release|x64
		{F215ADF5-74C1-4E26-9045-B6BBDA736092}.Release|x64.Build.0 = Release|x64
		{F215ADF5-74C1-4E26-9045-B6BBDA736092}.Release|x86.ActiveCfg = Release|x86
		{F215ADF5-74C1-4E26-9045-B6BBDA736092}.Release|x86.Build.0 = Release|x86
		{AE7FF1B5-ABE3-45BF-87CC-44AC580A666A}.Debug|AnyCPU.ActiveCfg = Debug|Any CPU
		{AE7FF1B5-ABE3-45BF-87CC-44AC580A666A}.Debug|AnyCPU.Build.0 = Debug|Any CPU
		{AE7FF1B5-ABE3-45BF-87CC-44AC580A666A}.Debug|x64.ActiveCfg = Debug|x64
		{AE7FF1B5-ABE3-45BF-87CC-44AC580A666A}.Debug|x64.Build.0 = Debug|x64
		{AE7FF1B5-ABE3-45BF-87CC-44AC580A666A}.Debug|x86.ActiveCfg = Debug|x86
		{AE7FF1B5-ABE3-45BF-87CC-44AC580A666A}.Debug|x86.Build.0 = Debug|x86
		{AE7FF1B5-ABE3-45BF-87CC-44AC580A666A}.Release|AnyCPU.ActiveCfg = Release|Any CPU
		{AE7FF1B5-ABE3-45BF-87CC-44AC580A666A}.Release|AnyCPU.Build.0 = Release|Any CPU
		{AE7FF1B5-ABE3-45BF-87CC-44AC580A666A}.Release|x64.ActiveCfg = Release|x64
		{AE7FF1B5-ABE3-45BF-87CC-44AC580A666A}.Release|x64.Build.0 = Release|x64
		{AE7FF1B5-ABE3-45BF-87CC-44AC580A666A}.Release|x86.ActiveCfg = Release|x86
		{AE7FF1B5-ABE3-45BF-87CC-44AC580A666A}.Release|x86.Build.0 = Release|x86
		{D1F867F7-9029-480D-B1E1-B0BE4658B182}.Debug|AnyCPU.ActiveCfg = Debug|Any CPU
		{D1F867F7-9029-480D-B1E1-B0BE4658B182}.Debug|AnyCPU.Build.0 = Debug|Any CPU
		{D1F867F7-9029-480D-B1E1-B0BE4658B182}.Debug|x64.ActiveCfg = Debug|x64
		{D1F867F7-9029-480D-B1E1-B0BE4658B182}.Debug|x64.Build.0 = Debug|x64
		{D1F867F7-9029-480D-B1E1-B0BE4658B182}.Debug|x86.ActiveCfg = Debug|x86
		{D1F867F7-9029-480D-B1E1-B0BE4658B182}.Debug|x86.Build.0 = Debug|x86
		{D1F867F7-9029-480D-B1E1-B0BE4658B182}.Release|AnyCPU.ActiveCfg = Release|Any CPU
		{D1F867F7-9029-480D-B1E1-B0BE4658B182}.Release|AnyCPU.Build.0 = Release|Any CPU
		{D1F867F7-9029-480D-B1E1-B0BE4658B182}.Release|x64.ActiveCfg = Release|x64
		{D1F867F7-9029-480D-B1E1-B0BE4658B182}.Release|x64.Build.0 = Release|x64
		{D1F867F7-9029-480D-B1E1-B0BE4658B182}.Release|x86.ActiveCfg = Release|x86
		{D1F867F7-9029-480D-B1E1-B0BE4658B182}.Release|x86.Build.0 = Release|x86
		{4EE581B0-45F3-4D7E-BEAE-277ABF5F3FDD}.Debug|AnyCPU.ActiveCfg = Debug|Any CPU
		{4EE581B0-45F3-4D7E-BEAE-277ABF5F3FDD}.Debug|AnyCPU.Build.0 = Debug|Any CPU
		{4EE581B0-45F3-4D7E-BEAE-277ABF5F3FDD}.Debug|x64.ActiveCfg = Debug|x64
		{4EE581B0-45F3-4D7E-BEAE-277ABF5F3FDD}.Debug|x64.Build.0 = Debug|x64
		{4EE581B0-45F3-4D7E-BEAE-277ABF5F3FDD}.Debug|x86.ActiveCfg = Debug|x86
		{4EE581B0-45F3-4D7E-BEAE-277ABF5F3FDD}.Debug|x86.Build.0 = Debug|x86
		{4EE581B0-45F3-4D7E-BEAE-277ABF5F3FDD}.Release|AnyCPU.ActiveCfg = Release|Any CPU
		{4EE581B0-45F3-4D7E-BEAE-277ABF5F3FDD}.Release|AnyCPU.Build.0 = Release|Any CPU
		{4EE581B0-45F3-4D7E-BEAE-277ABF5F3FDD}.Release|x64.ActiveCfg = Release|x64
		{4EE581B0-45F3-4D7E-BEAE-277ABF5F3FDD}.Release|x64.Build.0 = Release|x64
		{4EE581B0-45F3-4D7E-BEAE-277ABF5F3FDD}.Release|x86.ActiveCfg = Release|x86
		{4EE581B0-45F3-4D7E-BEAE-277ABF5F3FDD}.Release|x86.Build.0 = Release|x86
		{AB31E0E2-9090-4461-84BE-5C5AAA19758F}.Debug|AnyCPU.ActiveCfg = Debug|Any CPU
		{AB31E0E2-9090-4461-84BE-5C5AAA19758F}.Debug|AnyCPU.Build.0 = Debug|Any CPU
		{AB31E0E2-9090-4461-84BE-5C5AAA19758F}.Debug|x64.ActiveCfg = Debug|x64
		{AB31E0E2-9090-4461-84BE-5C5AAA19758F}.Debug|x64.Build.0 = Debug|x64
		{AB31E0E2-9090-4461-84BE-5C5AAA19758F}.Debug|x86.ActiveCfg = Debug|x86
		{AB31E0E2-9090-4461-84BE-5C5AAA19758F}.Debug|x86.Build.0 = Debug|x86
		{AB31E0E2-9090-4461-84BE-5C5AAA19758F}.Release|AnyCPU.ActiveCfg = Release|Any CPU
		{AB31E0E2-9090-4461-84BE-5C5AAA19758F}.Release|AnyCPU.Build.0 = Release|Any CPU
		{AB31E0E2-9090-4461-84BE-5C5AAA19758F}.Release|x64.ActiveCfg = Release|x64
		{AB31E0E2-9090-4461-84BE-5C5AAA19758F}.Release|x64.Build.0 = Release|x64
		{AB31E0E2-9090-4461-84BE-5C5AAA19758F}.Release|x86.ActiveCfg = Release|x86
		{AB31E0E2-9090-4461-84BE-5C5AAA19758F}.Release|x86.Build.0 = Release|x86
		{E9C30F6F-00DD-494A-8E7C-253A5C76E999}.Debug|AnyCPU.ActiveCfg = Debug|Any CPU
		{E9C30F6F-00DD-494A-8E7C-253A5C76E999}.Debug|AnyCPU.Build.0 = Debug|Any CPU
		{E9C30F6F-00DD-494A-8E7C-253A5C76E999}.Debug|x64.ActiveCfg = Debug|x64
		{E9C30F6F-00DD-494A-8E7C-253A5C76E999}.Debug|x64.Build.0 = Debug|x64
		{E9C30F6F-00DD-494A-8E7C-253A5C76E999}.Debug|x86.ActiveCfg = Debug|x86
		{E9C30F6F-00DD-494A-8E7C-253A5C76E999}.Debug|x86.Build.0 = Debug|x86
		{E9C30F6F-00DD-494A-8E7C-253A5C76E999}.Release|AnyCPU.ActiveCfg = Release|Any CPU
		{E9C30F6F-00DD-494A-8E7C-253A5C76E999}.Release|AnyCPU.Build.0 = Release|Any CPU
		{E9C30F6F-00DD-494A-8E7C-253A5C76E999}.Release|x64.ActiveCfg = Release|x64
		{E9C30F6F-00DD-494A-8E7C-253A5C76E999}.Release|x64.Build.0 = Release|x64
		{E9C30F6F-00DD-494A-8E7C-253A5C76E999}.Release|x86.ActiveCfg = Release|x86
		{E9C30F6F-00DD-494A-8E7C-253A5C76E999}.Release|x86.Build.0 = Release|x86
		{9B8FA9BD-63BE-4560-BA55-0D86AEE1809E}.Debug|AnyCPU.ActiveCfg = Debug|Any CPU
		{9B8FA9BD-63BE-4560-BA55-0D86AEE1809E}.Debug|AnyCPU.Build.0 = Debug|Any CPU
		{9B8FA9BD-63BE-4560-BA55-0D86AEE1809E}.Debug|x64.ActiveCfg = Debug|x64
		{9B8FA9BD-63BE-4560-BA55-0D86AEE1809E}.Debug|x64.Build.0 = Debug|x64
		{9B8FA9BD-63BE-4560-BA55-0D86AEE1809E}.Debug|x86.ActiveCfg = Debug|x86
		{9B8FA9BD-63BE-4560-BA55-0D86AEE1809E}.Debug|x86.Build.0 = Debug|x86
		{9B8FA9BD-63BE-4560-BA55-0D86AEE1809E}.Release|AnyCPU.ActiveCfg = Release|Any CPU
		{9B8FA9BD-63BE-4560-BA55-0D86AEE1809E}.Release|AnyCPU.Build.0 = Release|Any CPU
		{9B8FA9BD-63BE-4560-BA55-0D86AEE1809E}.Release|x64.ActiveCfg = Release|x64
		{9B8FA9BD-63BE-4560-BA55-0D86AEE1809E}.Release|x64.Build.0 = Release|x64
		{9B8FA9BD-63BE-4560-BA55-0D86AEE1809E}.Release|x86.ActiveCfg = Release|x86
		{9B8FA9BD-63BE-4560-BA55-0D86AEE1809E}.Release|x86.Build.0 = Release|x86
		{C934BA25-608B-42FA-B766-42EFAD7DA6FF}.Debug|AnyCPU.ActiveCfg = Debug|Any CPU
		{C934BA25-608B-42FA-B766-42EFAD7DA6FF}.Debug|AnyCPU.Build.0 = Debug|Any CPU
		{C934BA25-608B-42FA-B766-42EFAD7DA6FF}.Debug|x64.ActiveCfg = Debug|x64
		{C934BA25-608B-42FA-B766-42EFAD7DA6FF}.Debug|x64.Build.0 = Debug|x64
		{C934BA25-608B-42FA-B766-42EFAD7DA6FF}.Debug|x86.ActiveCfg = Debug|x86
		{C934BA25-608B-42FA-B766-42EFAD7DA6FF}.Debug|x86.Build.0 = Debug|x86
		{C934BA25-608B-42FA-B766-42EFAD7DA6FF}.Release|AnyCPU.ActiveCfg = Release|Any CPU
		{C934BA25-608B-42FA-B766-42EFAD7DA6FF}.Release|AnyCPU.Build.0 = Release|Any CPU
		{C934BA25-608B-42FA-B766-42EFAD7DA6FF}.Release|x64.ActiveCfg = Release|x64
		{C934BA25-608B-42FA-B766-42EFAD7DA6FF}.Release|x64.Build.0 = Release|x64
		{C934BA25-608B-42FA-B766-42EFAD7DA6FF}.Release|x86.ActiveCfg = Release|x86
		{C934BA25-608B-42FA-B766-42EFAD7DA6FF}.Release|x86.Build.0 = Release|x86
		{C6DBD1FD-C462-4005-B382-97BB4AEF26F2}.Debug|AnyCPU.ActiveCfg = Debug|Any CPU
		{C6DBD1FD-C462-4005-B382-97BB4AEF26F2}.Debug|AnyCPU.Build.0 = Debug|Any CPU
		{C6DBD1FD-C462-4005-B382-97BB4AEF26F2}.Debug|x64.ActiveCfg = Debug|x64
		{C6DBD1FD-C462-4005-B382-97BB4AEF26F2}.Debug|x64.Build.0 = Debug|x64
		{C6DBD1FD-C462-4005-B382-97BB4AEF26F2}.Debug|x86.ActiveCfg = Debug|x86
		{C6DBD1FD-C462-4005-B382-97BB4AEF26F2}.Debug|x86.Build.0 = Debug|x86
		{C6DBD1FD-C462-4005-B382-97BB4AEF26F2}.Release|AnyCPU.ActiveCfg = Release|Any CPU
		{C6DBD1FD-C462-4005-B382-97BB4AEF26F2}.Release|AnyCPU.Build.0 = Release|Any CPU
		{C6DBD1FD-C462-4005-B382-97BB4AEF26F2}.Release|x64.ActiveCfg = Release|x64
		{C6DBD1FD-C462-4005-B382-97BB4AEF26F2}.Release|x64.Build.0 = Release|x64
		{C6DBD1FD-C462-4005-B382-97BB4AEF26F2}.Release|x86.ActiveCfg = Release|x86
		{C6DBD1FD-C462-4005-B382-97BB4AEF26F2}.Release|x86.Build.0 = Release|x86
		{6DFDDEC8-933F-4B94-BEC5-933ED73E7D70}.Debug|AnyCPU.ActiveCfg = Debug|Any CPU
		{6DFDDEC8-933F-4B94-BEC5-933ED73E7D70}.Debug|AnyCPU.Build.0 = Debug|Any CPU
		{6DFDDEC8-933F-4B94-BEC5-933ED73E7D70}.Debug|x64.ActiveCfg = Debug|x64
		{6DFDDEC8-933F-4B94-BEC5-933ED73E7D70}.Debug|x64.Build.0 = Debug|x64
		{6DFDDEC8-933F-4B94-BEC5-933ED73E7D70}.Debug|x86.ActiveCfg = Debug|x86
		{6DFDDEC8-933F-4B94-BEC5-933ED73E7D70}.Debug|x86.Build.0 = Debug|x86
		{6DFDDEC8-933F-4B94-BEC5-933ED73E7D70}.Release|AnyCPU.ActiveCfg = Release|Any CPU
		{6DFDDEC8-933F-4B94-BEC5-933ED73E7D70}.Release|AnyCPU.Build.0 = Release|Any CPU
		{6DFDDEC8-933F-4B94-BEC5-933ED73E7D70}.Release|x64.ActiveCfg = Release|x64
		{6DFDDEC8-933F-4B94-BEC5-933ED73E7D70}.Release|x64.Build.0 = Release|x64
		{6DFDDEC8-933F-4B94-BEC5-933ED73E7D70}.Release|x86.ActiveCfg = Release|x86
		{6DFDDEC8-933F-4B94-BEC5-933ED73E7D70}.Release|x86.Build.0 = Release|x86
		{27CD58AE-D6D4-42AD-A315-2F1CB63454AF}.Debug|AnyCPU.ActiveCfg = Debug|Any CPU
		{27CD58AE-D6D4-42AD-A315-2F1CB63454AF}.Debug|AnyCPU.Build.0 = Debug|Any CPU
		{27CD58AE-D6D4-42AD-A315-2F1CB63454AF}.Debug|x64.ActiveCfg = Debug|x64
		{27CD58AE-D6D4-42AD-A315-2F1CB63454AF}.Debug|x64.Build.0 = Debug|x64
		{27CD58AE-D6D4-42AD-A315-2F1CB63454AF}.Debug|x86.ActiveCfg = Debug|x86
		{27CD58AE-D6D4-42AD-A315-2F1CB63454AF}.Debug|x86.Build.0 = Debug|x86
		{27CD58AE-D6D4-42AD-A315-2F1CB63454AF}.Release|AnyCPU.ActiveCfg = Release|Any CPU
		{27CD58AE-D6D4-42AD-A315-2F1CB63454AF}.Release|AnyCPU.Build.0 = Release|Any CPU
		{27CD58AE-D6D4-42AD-A315-2F1CB63454AF}.Release|x64.ActiveCfg = Release|x64
		{27CD58AE-D6D4-42AD-A315-2F1CB63454AF}.Release|x64.Build.0 = Release|x64
		{27CD58AE-D6D4-42AD-A315-2F1CB63454AF}.Release|x86.ActiveCfg = Release|x86
		{27CD58AE-D6D4-42AD-A315-2F1CB63454AF}.Release|x86.Build.0 = Release|x86
		{352C23CD-8A6D-4C91-9FD2-FC35ECBC8AFE}.Debug|AnyCPU.ActiveCfg = Debug|Any CPU
		{352C23CD-8A6D-4C91-9FD2-FC35ECBC8AFE}.Debug|AnyCPU.Build.0 = Debug|Any CPU
		{352C23CD-8A6D-4C91-9FD2-FC35ECBC8AFE}.Debug|x64.ActiveCfg = Debug|x64
		{352C23CD-8A6D-4C91-9FD2-FC35ECBC8AFE}.Debug|x64.Build.0 = Debug|x64
		{352C23CD-8A6D-4C91-9FD2-FC35ECBC8AFE}.Debug|x86.ActiveCfg = Debug|x86
		{352C23CD-8A6D-4C91-9FD2-FC35ECBC8AFE}.Debug|x86.Build.0 = Debug|x86
		{352C23CD-8A6D-4C91-9FD2-FC35ECBC8AFE}.Release|AnyCPU.ActiveCfg = Release|Any CPU
		{352C23CD-8A6D-4C91-9FD2-FC35ECBC8AFE}.Release|AnyCPU.Build.0 = Release|Any CPU
		{352C23CD-8A6D-4C91-9FD2-FC35ECBC8AFE}.Release|x64.ActiveCfg = Release|x64
		{352C23CD-8A6D-4C91-9FD2-FC35ECBC8AFE}.Release|x64.Build.0 = Release|x64
		{352C23CD-8A6D-4C91-9FD2-FC35ECBC8AFE}.Release|x86.ActiveCfg = Release|x86
		{352C23CD-8A6D-4C91-9FD2-FC35ECBC8AFE}.Release|x86.Build.0 = Release|x86
		{E2827255-924C-456E-8049-14E333C6FD18}.Debug|AnyCPU.ActiveCfg = Debug|Any CPU
		{E2827255-924C-456E-8049-14E333C6FD18}.Debug|AnyCPU.Build.0 = Debug|Any CPU
		{E2827255-924C-456E-8049-14E333C6FD18}.Debug|x64.ActiveCfg = Debug|x64
		{E2827255-924C-456E-8049-14E333C6FD18}.Debug|x64.Build.0 = Debug|x64
		{E2827255-924C-456E-8049-14E333C6FD18}.Debug|x86.ActiveCfg = Debug|x86
		{E2827255-924C-456E-8049-14E333C6FD18}.Debug|x86.Build.0 = Debug|x86
		{E2827255-924C-456E-8049-14E333C6FD18}.Release|AnyCPU.ActiveCfg = Release|Any CPU
		{E2827255-924C-456E-8049-14E333C6FD18}.Release|AnyCPU.Build.0 = Release|Any CPU
		{E2827255-924C-456E-8049-14E333C6FD18}.Release|x64.ActiveCfg = Release|x64
		{E2827255-924C-456E-8049-14E333C6FD18}.Release|x64.Build.0 = Release|x64
		{E2827255-924C-456E-8049-14E333C6FD18}.Release|x86.ActiveCfg = Release|x86
		{E2827255-924C-456E-8049-14E333C6FD18}.Release|x86.Build.0 = Release|x86
		{BF27E596-01F5-45AF-99FB-703C004D27A5}.Debug|AnyCPU.ActiveCfg = Debug|Any CPU
		{BF27E596-01F5-45AF-99FB-703C004D27A5}.Debug|AnyCPU.Build.0 = Debug|Any CPU
		{BF27E596-01F5-45AF-99FB-703C004D27A5}.Debug|x64.ActiveCfg = Debug|x64
		{BF27E596-01F5-45AF-99FB-703C004D27A5}.Debug|x64.Build.0 = Debug|x64
		{BF27E596-01F5-45AF-99FB-703C004D27A5}.Debug|x86.ActiveCfg = Debug|x86
		{BF27E596-01F5-45AF-99FB-703C004D27A5}.Debug|x86.Build.0 = Debug|x86
		{BF27E596-01F5-45AF-99FB-703C004D27A5}.Release|AnyCPU.ActiveCfg = Release|Any CPU
		{BF27E596-01F5-45AF-99FB-703C004D27A5}.Release|AnyCPU.Build.0 = Release|Any CPU
		{BF27E596-01F5-45AF-99FB-703C004D27A5}.Release|x64.ActiveCfg = Release|x64
		{BF27E596-01F5-45AF-99FB-703C004D27A5}.Release|x64.Build.0 = Release|x64
		{BF27E596-01F5-45AF-99FB-703C004D27A5}.Release|x86.ActiveCfg = Release|x86
		{BF27E596-01F5-45AF-99FB-703C004D27A5}.Release|x86.Build.0 = Release|x86
		{6F803C3D-0E71-48F9-A58B-40B7F3CDAC6F}.Debug|AnyCPU.ActiveCfg = Debug|Any CPU
		{6F803C3D-0E71-48F9-A58B-40B7F3CDAC6F}.Debug|AnyCPU.Build.0 = Debug|Any CPU
		{6F803C3D-0E71-48F9-A58B-40B7F3CDAC6F}.Debug|x64.ActiveCfg = Debug|x64
		{6F803C3D-0E71-48F9-A58B-40B7F3CDAC6F}.Debug|x64.Build.0 = Debug|x64
		{6F803C3D-0E71-48F9-A58B-40B7F3CDAC6F}.Debug|x86.ActiveCfg = Debug|x86
		{6F803C3D-0E71-48F9-A58B-40B7F3CDAC6F}.Debug|x86.Build.0 = Debug|x86
		{6F803C3D-0E71-48F9-A58B-40B7F3CDAC6F}.Release|AnyCPU.ActiveCfg = Release|Any CPU
		{6F803C3D-0E71-48F9-A58B-40B7F3CDAC6F}.Release|AnyCPU.Build.0 = Release|Any CPU
		{6F803C3D-0E71-48F9-A58B-40B7F3CDAC6F}.Release|x64.ActiveCfg = Release|x64
		{6F803C3D-0E71-48F9-A58B-40B7F3CDAC6F}.Release|x64.Build.0 = Release|x64
		{6F803C3D-0E71-48F9-A58B-40B7F3CDAC6F}.Release|x86.ActiveCfg = Release|x86
		{6F803C3D-0E71-48F9-A58B-40B7F3CDAC6F}.Release|x86.Build.0 = Release|x86
		{002CF309-4DA9-4383-975F-C0A94F45AC38}.Debug|AnyCPU.ActiveCfg = Debug|Any CPU
		{002CF309-4DA9-4383-975F-C0A94F45AC38}.Debug|AnyCPU.Build.0 = Debug|Any CPU
		{002CF309-4DA9-4383-975F-C0A94F45AC38}.Debug|AnyCPU.Deploy.0 = Debug|Any CPU
		{002CF309-4DA9-4383-975F-C0A94F45AC38}.Debug|x64.ActiveCfg = Debug|Any CPU
		{002CF309-4DA9-4383-975F-C0A94F45AC38}.Debug|x64.Build.0 = Debug|Any CPU
		{002CF309-4DA9-4383-975F-C0A94F45AC38}.Debug|x64.Deploy.0 = Debug|Any CPU
		{002CF309-4DA9-4383-975F-C0A94F45AC38}.Debug|x86.ActiveCfg = Debug|Any CPU
		{002CF309-4DA9-4383-975F-C0A94F45AC38}.Debug|x86.Build.0 = Debug|Any CPU
		{002CF309-4DA9-4383-975F-C0A94F45AC38}.Debug|x86.Deploy.0 = Debug|Any CPU
		{002CF309-4DA9-4383-975F-C0A94F45AC38}.Release|AnyCPU.ActiveCfg = Release|Any CPU
		{002CF309-4DA9-4383-975F-C0A94F45AC38}.Release|AnyCPU.Build.0 = Release|Any CPU
		{002CF309-4DA9-4383-975F-C0A94F45AC38}.Release|AnyCPU.Deploy.0 = Release|Any CPU
		{002CF309-4DA9-4383-975F-C0A94F45AC38}.Release|x64.ActiveCfg = Release|Any CPU
		{002CF309-4DA9-4383-975F-C0A94F45AC38}.Release|x64.Build.0 = Release|Any CPU
		{002CF309-4DA9-4383-975F-C0A94F45AC38}.Release|x64.Deploy.0 = Release|Any CPU
		{002CF309-4DA9-4383-975F-C0A94F45AC38}.Release|x86.ActiveCfg = Release|Any CPU
		{002CF309-4DA9-4383-975F-C0A94F45AC38}.Release|x86.Build.0 = Release|Any CPU
		{002CF309-4DA9-4383-975F-C0A94F45AC38}.Release|x86.Deploy.0 = Release|Any CPU
	EndGlobalSection
	GlobalSection(SolutionProperties) = preSolution
		HideSolutionNode = FALSE
	EndGlobalSection
	GlobalSection(NestedProjects) = preSolution
		{E05F3F7E-2176-43DC-90BB-F5C66CFDB12F} = {9DA997E2-E367-481C-B48A-278274034A26}
		{11E61A53-13D5-4447-8D66-3F328BBFC30A} = {9DA997E2-E367-481C-B48A-278274034A26}
		{1DCA99EA-F8FE-4DDD-AB81-BF0380C1B33D} = {9DA997E2-E367-481C-B48A-278274034A26}
		{68A36926-DF55-4F05-9F89-B9AB1463227E} = {9DA997E2-E367-481C-B48A-278274034A26}
		{F215ADF5-74C1-4E26-9045-B6BBDA736092} = {9DA997E2-E367-481C-B48A-278274034A26}
		{AE7FF1B5-ABE3-45BF-87CC-44AC580A666A} = {9DA997E2-E367-481C-B48A-278274034A26}
		{D1F867F7-9029-480D-B1E1-B0BE4658B182} = {9DA997E2-E367-481C-B48A-278274034A26}
		{4EE581B0-45F3-4D7E-BEAE-277ABF5F3FDD} = {BC6BAFE6-1735-4549-A7CC-819274780B38}
		{AB31E0E2-9090-4461-84BE-5C5AAA19758F} = {8756F874-0C1B-4AB8-83E0-0BEDA782D212}
		{E9C30F6F-00DD-494A-8E7C-253A5C76E999} = {8756F874-0C1B-4AB8-83E0-0BEDA782D212}
		{702FFCAA-5B6C-41CC-AA78-6C534450F1B2} = {C7162582-C1FD-45FB-99FD-6770D67B5A21}
		{9B8FA9BD-63BE-4560-BA55-0D86AEE1809E} = {9DA997E2-E367-481C-B48A-278274034A26}
		{C934BA25-608B-42FA-B766-42EFAD7DA6FF} = {9DA997E2-E367-481C-B48A-278274034A26}
		{C6DBD1FD-C462-4005-B382-97BB4AEF26F2} = {9DA997E2-E367-481C-B48A-278274034A26}
		{6DFDDEC8-933F-4B94-BEC5-933ED73E7D70} = {8756F874-0C1B-4AB8-83E0-0BEDA782D212}
		{27CD58AE-D6D4-42AD-A315-2F1CB63454AF} = {BC6BAFE6-1735-4549-A7CC-819274780B38}
		{352C23CD-8A6D-4C91-9FD2-FC35ECBC8AFE} = {9DA997E2-E367-481C-B48A-278274034A26}
		{E2827255-924C-456E-8049-14E333C6FD18} = {9DA997E2-E367-481C-B48A-278274034A26}
		{BF27E596-01F5-45AF-99FB-703C004D27A5} = {BC6BAFE6-1735-4549-A7CC-819274780B38}
		{6F803C3D-0E71-48F9-A58B-40B7F3CDAC6F} = {8756F874-0C1B-4AB8-83E0-0BEDA782D212}
		{002CF309-4DA9-4383-975F-C0A94F45AC38} = {BC6BAFE6-1735-4549-A7CC-819274780B38}
	EndGlobalSection
EndGlobal
