
Microsoft Visual Studio Solution File, Format Version 12.00
# Visual Studio Version 17
VisualStudioVersion = 17.0.31717.71
MinimumVisualStudioVersion = 15.0.26124.0
Project("{2150E333-8FDC-42A3-9474-1A3956D46DE8}") = "src", "src", "{A5C9C74C-A503-4375-B56A-1411181B6E5A}"
EndProject
Project("{9A19103F-16F7-4668-BE54-9A1E7A4F7556}") = "Core2D", "src\Core2D\Core2D.csproj", "{3F804F82-57E8-47EE-BE48-FF19462C3B97}"
EndProject
Project("{9A19103F-16F7-4668-BE54-9A1E7A4F7556}") = "Core2D.Generators", "src\Core2D.Generators\Core2D.Generators.csproj", "{C2E3F840-F1D4-4995-BF41-E3EE8BB3D0CA}"
EndProject
Project("{2150E333-8FDC-42A3-9474-1A3956D46DE8}") = "config", "config", "{2054893F-E436-4482-B4D3-1BED82C2603D}"
	ProjectSection(SolutionItems) = preProject
		.editorconfig = .editorconfig
		Directory.Build.props = Directory.Build.props
		global.json = global.json
		NuGet.Config = NuGet.Config
		Directory.Packages.props = Directory.Packages.props
	EndProjectSection
EndProject
Project("{2150E333-8FDC-42A3-9474-1A3956D46DE8}") = "docs", "docs", "{93539864-8DAD-47A6-BB47-948EE086C030}"
	ProjectSection(SolutionItems) = preProject
		LICENSE.TXT = LICENSE.TXT
		README.md = README.md
	EndProjectSection
EndProject
Project("{2150E333-8FDC-42A3-9474-1A3956D46DE8}") = "external", "external", "{5B9FFF6D-2E10-4D67-9916-4D4B1690E683}"
EndProject
Project("{2150E333-8FDC-42A3-9474-1A3956D46DE8}") = "ACadSharp", "ACadSharp", "{795A25F3-2D7B-49CE-88D8-16266941D704}"
EndProject
Project("{FAE04EC0-301F-11D3-BF4B-00C04F79EFBC}") = "ACadSharp", "external\ACadSharp\src\ACadSharp\ACadSharp.csproj", "{7F9047AA-6151-4529-8739-128868B75919}"
EndProject
Project("{2150E333-8FDC-42A3-9474-1A3956D46DE8}") = "PdfPig.Rendering.Skia", "PdfPig.Rendering.Skia", "{BA32BBA6-8CF4-4812-AF69-E62CF0E2B663}"
EndProject
Project("{FAE04EC0-301F-11D3-BF4B-00C04F79EFBC}") = "UglyToad.PdfPig.Rendering.Skia", "external\PdfPig.Rendering.Skia\UglyToad.PdfPig.Rendering.Skia\UglyToad.PdfPig.Rendering.Skia.csproj", "{7930D0CE-E2A5-4AAC-9C57-25E76B534D32}"
EndProject
Project("{FAE04EC0-301F-11D3-BF4B-00C04F79EFBC}") = "Core2D.Spatial", "src\Core2D.Spatial\Core2D.Spatial.csproj", "{74EA9F2E-B211-45FF-8563-F336202B5E79}"
EndProject
Project("{FAE04EC0-301F-11D3-BF4B-00C04F79EFBC}") = "Core2D.ViewModels", "src\Core2D.ViewModels\Core2D.ViewModels.csproj", "{381CB674-65C5-4BA7-AB5E-7DA9629CEE96}"
EndProject
Project("{FAE04EC0-301F-11D3-BF4B-00C04F79EFBC}") = "Core2D.Modules.FileSystem", "src\Core2D.Modules.FileSystem\Core2D.Modules.FileSystem.csproj", "{3412D1E8-2AAE-47AC-BCB2-1E8E1885582F}"
EndProject
Project("{FAE04EC0-301F-11D3-BF4B-00C04F79EFBC}") = "Core2D.Modules.FileWriter", "src\Core2D.Modules.FileWriter\Core2D.Modules.FileWriter.csproj", "{DD70DF4A-E61F-4877-94CD-1F0ACAC2591D}"
EndProject
Project("{FAE04EC0-301F-11D3-BF4B-00C04F79EFBC}") = "Core2D.Modules.Log", "src\Core2D.Modules.Log\Core2D.Modules.Log.csproj", "{78836085-C57D-4B47-8C52-230D4D590F9D}"
EndProject
Project("{FAE04EC0-301F-11D3-BF4B-00C04F79EFBC}") = "Core2D.Modules.ScriptRunner", "src\Core2D.Modules.ScriptRunner\Core2D.Modules.ScriptRunner.csproj", "{54A6FDC7-C196-49FB-988D-4207E25DF68F}"
EndProject
Project("{FAE04EC0-301F-11D3-BF4B-00C04F79EFBC}") = "Core2D.Modules.Serializer", "src\Core2D.Modules.Serializer\Core2D.Modules.Serializer.csproj", "{0C8CB05E-681C-4B1C-BF81-34342F0C2FA2}"
EndProject
Project("{FAE04EC0-301F-11D3-BF4B-00C04F79EFBC}") = "Core2D.Modules.SvgExporter", "src\Core2D.Modules.SvgExporter\Core2D.Modules.SvgExporter.csproj", "{56DACB99-D29B-432F-A9B9-4564A9147C0E}"
EndProject
Project("{FAE04EC0-301F-11D3-BF4B-00C04F79EFBC}") = "Core2D.Modules.TextFieldReader", "src\Core2D.Modules.TextFieldReader\Core2D.Modules.TextFieldReader.csproj", "{37C00522-AA3B-4DF0-B5D6-4A42523AA3F0}"
EndProject
Project("{FAE04EC0-301F-11D3-BF4B-00C04F79EFBC}") = "Core2D.Modules.TextFieldWriter", "src\Core2D.Modules.TextFieldWriter\Core2D.Modules.TextFieldWriter.csproj", "{71CDC5C2-028F-464A-9A06-B6A9349E6C12}"
EndProject
Project("{FAE04EC0-301F-11D3-BF4B-00C04F79EFBC}") = "Core2D.Modules.XamlExporter", "src\Core2D.Modules.XamlExporter\Core2D.Modules.XamlExporter.csproj", "{8FE93A8E-5D40-4295-BF24-CE920730C94D}"
EndProject
Project("{2150E333-8FDC-42A3-9474-1A3956D46DE8}") = "tests", "tests", "{0AB3BF05-4346-4AA6-1389-037BE0695223}"
EndProject
Project("{FAE04EC0-301F-11D3-BF4B-00C04F79EFBC}") = "Core2D.ViewModels.Tests", "tests\Core2D.ViewModels.Tests\Core2D.ViewModels.Tests.csproj", "{C189554F-6506-45BE-A2A8-3A9302FDEE17}"
EndProject
Project("{FAE04EC0-301F-11D3-BF4B-00C04F79EFBC}") = "Core2D.Modules.Renderer.Avalonia", "src\Core2D.Modules.Renderer.Avalonia\Core2D.Modules.Renderer.Avalonia.csproj", "{3A8392FF-FD22-4150-A428-F41A939EFE81}"
EndProject
Project("{FAE04EC0-301F-11D3-BF4B-00C04F79EFBC}") = "Core2D.Modules.Renderer.Common", "src\Core2D.Modules.Renderer.Common\Core2D.Modules.Renderer.Common.csproj", "{1AF923BA-BF03-4928-B3A0-4E6DD47C0C92}"
EndProject
Project("{FAE04EC0-301F-11D3-BF4B-00C04F79EFBC}") = "Core2D.Modules.Renderer.Dwg", "src\Core2D.Modules.Renderer.Dwg\Core2D.Modules.Renderer.Dwg.csproj", "{217A4286-42A7-4795-B28E-7EEA8294C94D}"
EndProject
Project("{FAE04EC0-301F-11D3-BF4B-00C04F79EFBC}") = "Core2D.Modules.Renderer.Dxf", "src\Core2D.Modules.Renderer.Dxf\Core2D.Modules.Renderer.Dxf.csproj", "{FE89C351-49EC-4CB9-AE6C-C4F7AFA7E1C4}"
EndProject
Project("{FAE04EC0-301F-11D3-BF4B-00C04F79EFBC}") = "Core2D.Modules.Renderer.OpenXml", "src\Core2D.Modules.Renderer.OpenXml\Core2D.Modules.Renderer.OpenXml.csproj", "{E2A51075-16CB-49C3-8B0F-F1DDB6A196B7}"
EndProject
Project("{FAE04EC0-301F-11D3-BF4B-00C04F79EFBC}") = "Core2D.Modules.Renderer.PdfSharp", "src\Core2D.Modules.Renderer.PdfSharp\Core2D.Modules.Renderer.PdfSharp.csproj", "{8728CF4D-C28C-4CC7-84BF-2B322885873A}"
EndProject
Project("{FAE04EC0-301F-11D3-BF4B-00C04F79EFBC}") = "Core2D.Modules.Renderer.SkiaSharp", "src\Core2D.Modules.Renderer.SkiaSharp\Core2D.Modules.Renderer.SkiaSharp.csproj", "{99F7AF8A-289E-4F37-BE54-EFF68A1C431B}"
EndProject
Project("{FAE04EC0-301F-11D3-BF4B-00C04F79EFBC}") = "Core2D.Modules.Renderer.SparseStrips", "src\Core2D.Modules.Renderer.SparseStrips\Core2D.Modules.Renderer.SparseStrips.csproj", "{2792C91B-F5E8-421B-8423-7D8C53F7DB05}"
EndProject
Project("{FAE04EC0-301F-11D3-BF4B-00C04F79EFBC}") = "Core2D.Modules.Renderer.VelloSharp", "src\Core2D.Modules.Renderer.VelloSharp\Core2D.Modules.Renderer.VelloSharp.csproj", "{E0699064-8DCC-44D8-979F-5353638B05FB}"
EndProject
Project("{FAE04EC0-301F-11D3-BF4B-00C04F79EFBC}") = "Core2D.Modules.Renderer.WinForms", "src\Core2D.Modules.Renderer.WinForms\Core2D.Modules.Renderer.WinForms.csproj", "{ACE8BCF4-5896-44F6-9864-77B373DCF1C7}"
EndProject
Project("{FAE04EC0-301F-11D3-BF4B-00C04F79EFBC}") = "Core2D.Modules.Renderer.Wmf", "src\Core2D.Modules.Renderer.Wmf\Core2D.Modules.Renderer.Wmf.csproj", "{5B723A2C-2ED2-4611-A2B2-C20526BDFCCA}"
EndProject
Project("{FAE04EC0-301F-11D3-BF4B-00C04F79EFBC}") = "Core2D.Desktop", "src\Core2D.Desktop\Core2D.Desktop.csproj", "{8D46981E-1879-461A-89DD-F302E465C7B2}"
EndProject
Project("{FAE04EC0-301F-11D3-BF4B-00C04F79EFBC}") = "Core2D.Browser", "src\Core2D.Browser\Core2D.Browser.csproj", "{6FE8C6DB-1CE7-4D70-BEC6-7555680E3FF8}"
EndProject
Project("{FAE04EC0-301F-11D3-BF4B-00C04F79EFBC}") = "Core2D.Controls.Ruler", "src\Core2D.Controls.Ruler\Core2D.Controls.Ruler.csproj", "{E2D0D466-A538-44E5-B2DC-59D0A7A4F55A}"
EndProject
Global
	GlobalSection(SolutionConfigurationPlatforms) = preSolution
		Debug|Any CPU = Debug|Any CPU
		Debug|x64 = Debug|x64
		Debug|x86 = Debug|x86
		Release|Any CPU = Release|Any CPU
		Release|x64 = Release|x64
		Release|x86 = Release|x86
	EndGlobalSection
	GlobalSection(ProjectConfigurationPlatforms) = postSolution
		{3F804F82-57E8-47EE-BE48-FF19462C3B97}.Debug|Any CPU.ActiveCfg = Debug|Any CPU
		{3F804F82-57E8-47EE-BE48-FF19462C3B97}.Debug|Any CPU.Build.0 = Debug|Any CPU
		{3F804F82-57E8-47EE-BE48-FF19462C3B97}.Debug|x64.ActiveCfg = Debug|Any CPU
		{3F804F82-57E8-47EE-BE48-FF19462C3B97}.Debug|x64.Build.0 = Debug|Any CPU
		{3F804F82-57E8-47EE-BE48-FF19462C3B97}.Debug|x86.ActiveCfg = Debug|Any CPU
		{3F804F82-57E8-47EE-BE48-FF19462C3B97}.Debug|x86.Build.0 = Debug|Any CPU
		{3F804F82-57E8-47EE-BE48-FF19462C3B97}.Release|Any CPU.ActiveCfg = Release|Any CPU
		{3F804F82-57E8-47EE-BE48-FF19462C3B97}.Release|Any CPU.Build.0 = Release|Any CPU
		{3F804F82-57E8-47EE-BE48-FF19462C3B97}.Release|x64.ActiveCfg = Release|Any CPU
		{3F804F82-57E8-47EE-BE48-FF19462C3B97}.Release|x64.Build.0 = Release|Any CPU
		{3F804F82-57E8-47EE-BE48-FF19462C3B97}.Release|x86.ActiveCfg = Release|Any CPU
		{3F804F82-57E8-47EE-BE48-FF19462C3B97}.Release|x86.Build.0 = Release|Any CPU
		{C2E3F840-F1D4-4995-BF41-E3EE8BB3D0CA}.Debug|Any CPU.ActiveCfg = Debug|Any CPU
		{C2E3F840-F1D4-4995-BF41-E3EE8BB3D0CA}.Debug|Any CPU.Build.0 = Debug|Any CPU
		{C2E3F840-F1D4-4995-BF41-E3EE8BB3D0CA}.Debug|x64.ActiveCfg = Debug|Any CPU
		{C2E3F840-F1D4-4995-BF41-E3EE8BB3D0CA}.Debug|x64.Build.0 = Debug|Any CPU
		{C2E3F840-F1D4-4995-BF41-E3EE8BB3D0CA}.Debug|x86.ActiveCfg = Debug|Any CPU
		{C2E3F840-F1D4-4995-BF41-E3EE8BB3D0CA}.Debug|x86.Build.0 = Debug|Any CPU
		{C2E3F840-F1D4-4995-BF41-E3EE8BB3D0CA}.Release|Any CPU.ActiveCfg = Release|Any CPU
		{C2E3F840-F1D4-4995-BF41-E3EE8BB3D0CA}.Release|Any CPU.Build.0 = Release|Any CPU
		{C2E3F840-F1D4-4995-BF41-E3EE8BB3D0CA}.Release|x64.ActiveCfg = Release|Any CPU
		{C2E3F840-F1D4-4995-BF41-E3EE8BB3D0CA}.Release|x64.Build.0 = Release|Any CPU
		{C2E3F840-F1D4-4995-BF41-E3EE8BB3D0CA}.Release|x86.ActiveCfg = Release|Any CPU
		{C2E3F840-F1D4-4995-BF41-E3EE8BB3D0CA}.Release|x86.Build.0 = Release|Any CPU
		{7F9047AA-6151-4529-8739-128868B75919}.Debug|Any CPU.ActiveCfg = Debug|Any CPU
		{7F9047AA-6151-4529-8739-128868B75919}.Debug|Any CPU.Build.0 = Debug|Any CPU
		{7F9047AA-6151-4529-8739-128868B75919}.Debug|x64.ActiveCfg = Debug|Any CPU
		{7F9047AA-6151-4529-8739-128868B75919}.Debug|x64.Build.0 = Debug|Any CPU
		{7F9047AA-6151-4529-8739-128868B75919}.Debug|x86.ActiveCfg = Debug|Any CPU
		{7F9047AA-6151-4529-8739-128868B75919}.Debug|x86.Build.0 = Debug|Any CPU
		{7F9047AA-6151-4529-8739-128868B75919}.Release|Any CPU.ActiveCfg = Release|Any CPU
		{7F9047AA-6151-4529-8739-128868B75919}.Release|Any CPU.Build.0 = Release|Any CPU
		{7F9047AA-6151-4529-8739-128868B75919}.Release|x64.ActiveCfg = Release|Any CPU
		{7F9047AA-6151-4529-8739-128868B75919}.Release|x64.Build.0 = Release|Any CPU
		{7F9047AA-6151-4529-8739-128868B75919}.Release|x86.ActiveCfg = Release|Any CPU
		{7F9047AA-6151-4529-8739-128868B75919}.Release|x86.Build.0 = Release|Any CPU
		{7930D0CE-E2A5-4AAC-9C57-25E76B534D32}.Debug|Any CPU.ActiveCfg = Debug|Any CPU
		{7930D0CE-E2A5-4AAC-9C57-25E76B534D32}.Debug|Any CPU.Build.0 = Debug|Any CPU
		{7930D0CE-E2A5-4AAC-9C57-25E76B534D32}.Debug|x64.ActiveCfg = Debug|Any CPU
		{7930D0CE-E2A5-4AAC-9C57-25E76B534D32}.Debug|x64.Build.0 = Debug|Any CPU
		{7930D0CE-E2A5-4AAC-9C57-25E76B534D32}.Debug|x86.ActiveCfg = Debug|Any CPU
		{7930D0CE-E2A5-4AAC-9C57-25E76B534D32}.Debug|x86.Build.0 = Debug|Any CPU
		{7930D0CE-E2A5-4AAC-9C57-25E76B534D32}.Release|Any CPU.ActiveCfg = Release|Any CPU
		{7930D0CE-E2A5-4AAC-9C57-25E76B534D32}.Release|Any CPU.Build.0 = Release|Any CPU
		{7930D0CE-E2A5-4AAC-9C57-25E76B534D32}.Release|x64.ActiveCfg = Release|Any CPU
		{7930D0CE-E2A5-4AAC-9C57-25E76B534D32}.Release|x64.Build.0 = Release|Any CPU
		{7930D0CE-E2A5-4AAC-9C57-25E76B534D32}.Release|x86.ActiveCfg = Release|Any CPU
		{7930D0CE-E2A5-4AAC-9C57-25E76B534D32}.Release|x86.Build.0 = Release|Any CPU
		{74EA9F2E-B211-45FF-8563-F336202B5E79}.Debug|Any CPU.ActiveCfg = Debug|Any CPU
		{74EA9F2E-B211-45FF-8563-F336202B5E79}.Debug|Any CPU.Build.0 = Debug|Any CPU
		{74EA9F2E-B211-45FF-8563-F336202B5E79}.Debug|x64.ActiveCfg = Debug|Any CPU
		{74EA9F2E-B211-45FF-8563-F336202B5E79}.Debug|x64.Build.0 = Debug|Any CPU
		{74EA9F2E-B211-45FF-8563-F336202B5E79}.Debug|x86.ActiveCfg = Debug|Any CPU
		{74EA9F2E-B211-45FF-8563-F336202B5E79}.Debug|x86.Build.0 = Debug|Any CPU
		{74EA9F2E-B211-45FF-8563-F336202B5E79}.Release|Any CPU.ActiveCfg = Release|Any CPU
		{74EA9F2E-B211-45FF-8563-F336202B5E79}.Release|Any CPU.Build.0 = Release|Any CPU
		{74EA9F2E-B211-45FF-8563-F336202B5E79}.Release|x64.ActiveCfg = Release|Any CPU
		{74EA9F2E-B211-45FF-8563-F336202B5E79}.Release|x64.Build.0 = Release|Any CPU
		{74EA9F2E-B211-45FF-8563-F336202B5E79}.Release|x86.ActiveCfg = Release|Any CPU
		{74EA9F2E-B211-45FF-8563-F336202B5E79}.Release|x86.Build.0 = Release|Any CPU
		{381CB674-65C5-4BA7-AB5E-7DA9629CEE96}.Debug|Any CPU.ActiveCfg = Debug|Any CPU
		{381CB674-65C5-4BA7-AB5E-7DA9629CEE96}.Debug|Any CPU.Build.0 = Debug|Any CPU
		{381CB674-65C5-4BA7-AB5E-7DA9629CEE96}.Debug|x64.ActiveCfg = Debug|Any CPU
		{381CB674-65C5-4BA7-AB5E-7DA9629CEE96}.Debug|x64.Build.0 = Debug|Any CPU
		{381CB674-65C5-4BA7-AB5E-7DA9629CEE96}.Debug|x86.ActiveCfg = Debug|Any CPU
		{381CB674-65C5-4BA7-AB5E-7DA9629CEE96}.Debug|x86.Build.0 = Debug|Any CPU
		{381CB674-65C5-4BA7-AB5E-7DA9629CEE96}.Release|Any CPU.ActiveCfg = Release|Any CPU
		{381CB674-65C5-4BA7-AB5E-7DA9629CEE96}.Release|Any CPU.Build.0 = Release|Any CPU
		{381CB674-65C5-4BA7-AB5E-7DA9629CEE96}.Release|x64.ActiveCfg = Release|Any CPU
		{381CB674-65C5-4BA7-AB5E-7DA9629CEE96}.Release|x64.Build.0 = Release|Any CPU
		{381CB674-65C5-4BA7-AB5E-7DA9629CEE96}.Release|x86.ActiveCfg = Release|Any CPU
		{381CB674-65C5-4BA7-AB5E-7DA9629CEE96}.Release|x86.Build.0 = Release|Any CPU
		{3412D1E8-2AAE-47AC-BCB2-1E8E1885582F}.Debug|Any CPU.ActiveCfg = Debug|Any CPU
		{3412D1E8-2AAE-47AC-BCB2-1E8E1885582F}.Debug|Any CPU.Build.0 = Debug|Any CPU
		{3412D1E8-2AAE-47AC-BCB2-1E8E1885582F}.Debug|x64.ActiveCfg = Debug|Any CPU
		{3412D1E8-2AAE-47AC-BCB2-1E8E1885582F}.Debug|x64.Build.0 = Debug|Any CPU
		{3412D1E8-2AAE-47AC-BCB2-1E8E1885582F}.Debug|x86.ActiveCfg = Debug|Any CPU
		{3412D1E8-2AAE-47AC-BCB2-1E8E1885582F}.Debug|x86.Build.0 = Debug|Any CPU
		{3412D1E8-2AAE-47AC-BCB2-1E8E1885582F}.Release|Any CPU.ActiveCfg = Release|Any CPU
		{3412D1E8-2AAE-47AC-BCB2-1E8E1885582F}.Release|Any CPU.Build.0 = Release|Any CPU
		{3412D1E8-2AAE-47AC-BCB2-1E8E1885582F}.Release|x64.ActiveCfg = Release|Any CPU
		{3412D1E8-2AAE-47AC-BCB2-1E8E1885582F}.Release|x64.Build.0 = Release|Any CPU
		{3412D1E8-2AAE-47AC-BCB2-1E8E1885582F}.Release|x86.ActiveCfg = Release|Any CPU
		{3412D1E8-2AAE-47AC-BCB2-1E8E1885582F}.Release|x86.Build.0 = Release|Any CPU
		{DD70DF4A-E61F-4877-94CD-1F0ACAC2591D}.Debug|Any CPU.ActiveCfg = Debug|Any CPU
		{DD70DF4A-E61F-4877-94CD-1F0ACAC2591D}.Debug|Any CPU.Build.0 = Debug|Any CPU
		{DD70DF4A-E61F-4877-94CD-1F0ACAC2591D}.Debug|x64.ActiveCfg = Debug|Any CPU
		{DD70DF4A-E61F-4877-94CD-1F0ACAC2591D}.Debug|x64.Build.0 = Debug|Any CPU
		{DD70DF4A-E61F-4877-94CD-1F0ACAC2591D}.Debug|x86.ActiveCfg = Debug|Any CPU
		{DD70DF4A-E61F-4877-94CD-1F0ACAC2591D}.Debug|x86.Build.0 = Debug|Any CPU
		{DD70DF4A-E61F-4877-94CD-1F0ACAC2591D}.Release|Any CPU.ActiveCfg = Release|Any CPU
		{DD70DF4A-E61F-4877-94CD-1F0ACAC2591D}.Release|Any CPU.Build.0 = Release|Any CPU
		{DD70DF4A-E61F-4877-94CD-1F0ACAC2591D}.Release|x64.ActiveCfg = Release|Any CPU
		{DD70DF4A-E61F-4877-94CD-1F0ACAC2591D}.Release|x64.Build.0 = Release|Any CPU
		{DD70DF4A-E61F-4877-94CD-1F0ACAC2591D}.Release|x86.ActiveCfg = Release|Any CPU
		{DD70DF4A-E61F-4877-94CD-1F0ACAC2591D}.Release|x86.Build.0 = Release|Any CPU
		{78836085-C57D-4B47-8C52-230D4D590F9D}.Debug|Any CPU.ActiveCfg = Debug|Any CPU
		{78836085-C57D-4B47-8C52-230D4D590F9D}.Debug|Any CPU.Build.0 = Debug|Any CPU
		{78836085-C57D-4B47-8C52-230D4D590F9D}.Debug|x64.ActiveCfg = Debug|Any CPU
		{78836085-C57D-4B47-8C52-230D4D590F9D}.Debug|x64.Build.0 = Debug|Any CPU
		{78836085-C57D-4B47-8C52-230D4D590F9D}.Debug|x86.ActiveCfg = Debug|Any CPU
		{78836085-C57D-4B47-8C52-230D4D590F9D}.Debug|x86.Build.0 = Debug|Any CPU
		{78836085-C57D-4B47-8C52-230D4D590F9D}.Release|Any CPU.ActiveCfg = Release|Any CPU
		{78836085-C57D-4B47-8C52-230D4D590F9D}.Release|Any CPU.Build.0 = Release|Any CPU
		{78836085-C57D-4B47-8C52-230D4D590F9D}.Release|x64.ActiveCfg = Release|Any CPU
		{78836085-C57D-4B47-8C52-230D4D590F9D}.Release|x64.Build.0 = Release|Any CPU
		{78836085-C57D-4B47-8C52-230D4D590F9D}.Release|x86.ActiveCfg = Release|Any CPU
		{78836085-C57D-4B47-8C52-230D4D590F9D}.Release|x86.Build.0 = Release|Any CPU
		{54A6FDC7-C196-49FB-988D-4207E25DF68F}.Debug|Any CPU.ActiveCfg = Debug|Any CPU
		{54A6FDC7-C196-49FB-988D-4207E25DF68F}.Debug|Any CPU.Build.0 = Debug|Any CPU
		{54A6FDC7-C196-49FB-988D-4207E25DF68F}.Debug|x64.ActiveCfg = Debug|Any CPU
		{54A6FDC7-C196-49FB-988D-4207E25DF68F}.Debug|x64.Build.0 = Debug|Any CPU
		{54A6FDC7-C196-49FB-988D-4207E25DF68F}.Debug|x86.ActiveCfg = Debug|Any CPU
		{54A6FDC7-C196-49FB-988D-4207E25DF68F}.Debug|x86.Build.0 = Debug|Any CPU
		{54A6FDC7-C196-49FB-988D-4207E25DF68F}.Release|Any CPU.ActiveCfg = Release|Any CPU
		{54A6FDC7-C196-49FB-988D-4207E25DF68F}.Release|Any CPU.Build.0 = Release|Any CPU
		{54A6FDC7-C196-49FB-988D-4207E25DF68F}.Release|x64.ActiveCfg = Release|Any CPU
		{54A6FDC7-C196-49FB-988D-4207E25DF68F}.Release|x64.Build.0 = Release|Any CPU
		{54A6FDC7-C196-49FB-988D-4207E25DF68F}.Release|x86.ActiveCfg = Release|Any CPU
		{54A6FDC7-C196-49FB-988D-4207E25DF68F}.Release|x86.Build.0 = Release|Any CPU
		{0C8CB05E-681C-4B1C-BF81-34342F0C2FA2}.Debug|Any CPU.ActiveCfg = Debug|Any CPU
		{0C8CB05E-681C-4B1C-BF81-34342F0C2FA2}.Debug|Any CPU.Build.0 = Debug|Any CPU
		{0C8CB05E-681C-4B1C-BF81-34342F0C2FA2}.Debug|x64.ActiveCfg = Debug|Any CPU
		{0C8CB05E-681C-4B1C-BF81-34342F0C2FA2}.Debug|x64.Build.0 = Debug|Any CPU
		{0C8CB05E-681C-4B1C-BF81-34342F0C2FA2}.Debug|x86.ActiveCfg = Debug|Any CPU
		{0C8CB05E-681C-4B1C-BF81-34342F0C2FA2}.Debug|x86.Build.0 = Debug|Any CPU
		{0C8CB05E-681C-4B1C-BF81-34342F0C2FA2}.Release|Any CPU.ActiveCfg = Release|Any CPU
		{0C8CB05E-681C-4B1C-BF81-34342F0C2FA2}.Release|Any CPU.Build.0 = Release|Any CPU
		{0C8CB05E-681C-4B1C-BF81-34342F0C2FA2}.Release|x64.ActiveCfg = Release|Any CPU
		{0C8CB05E-681C-4B1C-BF81-34342F0C2FA2}.Release|x64.Build.0 = Release|Any CPU
		{0C8CB05E-681C-4B1C-BF81-34342F0C2FA2}.Release|x86.ActiveCfg = Release|Any CPU
		{0C8CB05E-681C-4B1C-BF81-34342F0C2FA2}.Release|x86.Build.0 = Release|Any CPU
		{56DACB99-D29B-432F-A9B9-4564A9147C0E}.Debug|Any CPU.ActiveCfg = Debug|Any CPU
		{56DACB99-D29B-432F-A9B9-4564A9147C0E}.Debug|Any CPU.Build.0 = Debug|Any CPU
		{56DACB99-D29B-432F-A9B9-4564A9147C0E}.Debug|x64.ActiveCfg = Debug|Any CPU
		{56DACB99-D29B-432F-A9B9-4564A9147C0E}.Debug|x64.Build.0 = Debug|Any CPU
		{56DACB99-D29B-432F-A9B9-4564A9147C0E}.Debug|x86.ActiveCfg = Debug|Any CPU
		{56DACB99-D29B-432F-A9B9-4564A9147C0E}.Debug|x86.Build.0 = Debug|Any CPU
		{56DACB99-D29B-432F-A9B9-4564A9147C0E}.Release|Any CPU.ActiveCfg = Release|Any CPU
		{56DACB99-D29B-432F-A9B9-4564A9147C0E}.Release|Any CPU.Build.0 = Release|Any CPU
		{56DACB99-D29B-432F-A9B9-4564A9147C0E}.Release|x64.ActiveCfg = Release|Any CPU
		{56DACB99-D29B-432F-A9B9-4564A9147C0E}.Release|x64.Build.0 = Release|Any CPU
		{56DACB99-D29B-432F-A9B9-4564A9147C0E}.Release|x86.ActiveCfg = Release|Any CPU
		{56DACB99-D29B-432F-A9B9-4564A9147C0E}.Release|x86.Build.0 = Release|Any CPU
		{37C00522-AA3B-4DF0-B5D6-4A42523AA3F0}.Debug|Any CPU.ActiveCfg = Debug|Any CPU
		{37C00522-AA3B-4DF0-B5D6-4A42523AA3F0}.Debug|Any CPU.Build.0 = Debug|Any CPU
		{37C00522-AA3B-4DF0-B5D6-4A42523AA3F0}.Debug|x64.ActiveCfg = Debug|Any CPU
		{37C00522-AA3B-4DF0-B5D6-4A42523AA3F0}.Debug|x64.Build.0 = Debug|Any CPU
		{37C00522-AA3B-4DF0-B5D6-4A42523AA3F0}.Debug|x86.ActiveCfg = Debug|Any CPU
		{37C00522-AA3B-4DF0-B5D6-4A42523AA3F0}.Debug|x86.Build.0 = Debug|Any CPU
		{37C00522-AA3B-4DF0-B5D6-4A42523AA3F0}.Release|Any CPU.ActiveCfg = Release|Any CPU
		{37C00522-AA3B-4DF0-B5D6-4A42523AA3F0}.Release|Any CPU.Build.0 = Release|Any CPU
		{37C00522-AA3B-4DF0-B5D6-4A42523AA3F0}.Release|x64.ActiveCfg = Release|Any CPU
		{37C00522-AA3B-4DF0-B5D6-4A42523AA3F0}.Release|x64.Build.0 = Release|Any CPU
		{37C00522-AA3B-4DF0-B5D6-4A42523AA3F0}.Release|x86.ActiveCfg = Release|Any CPU
		{37C00522-AA3B-4DF0-B5D6-4A42523AA3F0}.Release|x86.Build.0 = Release|Any CPU
		{71CDC5C2-028F-464A-9A06-B6A9349E6C12}.Debug|Any CPU.ActiveCfg = Debug|Any CPU
		{71CDC5C2-028F-464A-9A06-B6A9349E6C12}.Debug|Any CPU.Build.0 = Debug|Any CPU
		{71CDC5C2-028F-464A-9A06-B6A9349E6C12}.Debug|x64.ActiveCfg = Debug|Any CPU
		{71CDC5C2-028F-464A-9A06-B6A9349E6C12}.Debug|x64.Build.0 = Debug|Any CPU
		{71CDC5C2-028F-464A-9A06-B6A9349E6C12}.Debug|x86.ActiveCfg = Debug|Any CPU
		{71CDC5C2-028F-464A-9A06-B6A9349E6C12}.Debug|x86.Build.0 = Debug|Any CPU
		{71CDC5C2-028F-464A-9A06-B6A9349E6C12}.Release|Any CPU.ActiveCfg = Release|Any CPU
		{71CDC5C2-028F-464A-9A06-B6A9349E6C12}.Release|Any CPU.Build.0 = Release|Any CPU
		{71CDC5C2-028F-464A-9A06-B6A9349E6C12}.Release|x64.ActiveCfg = Release|Any CPU
		{71CDC5C2-028F-464A-9A06-B6A9349E6C12}.Release|x64.Build.0 = Release|Any CPU
		{71CDC5C2-028F-464A-9A06-B6A9349E6C12}.Release|x86.ActiveCfg = Release|Any CPU
		{71CDC5C2-028F-464A-9A06-B6A9349E6C12}.Release|x86.Build.0 = Release|Any CPU
		{8FE93A8E-5D40-4295-BF24-CE920730C94D}.Debug|Any CPU.ActiveCfg = Debug|Any CPU
		{8FE93A8E-5D40-4295-BF24-CE920730C94D}.Debug|Any CPU.Build.0 = Debug|Any CPU
		{8FE93A8E-5D40-4295-BF24-CE920730C94D}.Debug|x64.ActiveCfg = Debug|Any CPU
		{8FE93A8E-5D40-4295-BF24-CE920730C94D}.Debug|x64.Build.0 = Debug|Any CPU
		{8FE93A8E-5D40-4295-BF24-CE920730C94D}.Debug|x86.ActiveCfg = Debug|Any CPU
		{8FE93A8E-5D40-4295-BF24-CE920730C94D}.Debug|x86.Build.0 = Debug|Any CPU
		{8FE93A8E-5D40-4295-BF24-CE920730C94D}.Release|Any CPU.ActiveCfg = Release|Any CPU
		{8FE93A8E-5D40-4295-BF24-CE920730C94D}.Release|Any CPU.Build.0 = Release|Any CPU
		{8FE93A8E-5D40-4295-BF24-CE920730C94D}.Release|x64.ActiveCfg = Release|Any CPU
		{8FE93A8E-5D40-4295-BF24-CE920730C94D}.Release|x64.Build.0 = Release|Any CPU
		{8FE93A8E-5D40-4295-BF24-CE920730C94D}.Release|x86.ActiveCfg = Release|Any CPU
		{8FE93A8E-5D40-4295-BF24-CE920730C94D}.Release|x86.Build.0 = Release|Any CPU
		{C189554F-6506-45BE-A2A8-3A9302FDEE17}.Debug|Any CPU.ActiveCfg = Debug|Any CPU
		{C189554F-6506-45BE-A2A8-3A9302FDEE17}.Debug|Any CPU.Build.0 = Debug|Any CPU
		{C189554F-6506-45BE-A2A8-3A9302FDEE17}.Debug|x64.ActiveCfg = Debug|Any CPU
		{C189554F-6506-45BE-A2A8-3A9302FDEE17}.Debug|x64.Build.0 = Debug|Any CPU
		{C189554F-6506-45BE-A2A8-3A9302FDEE17}.Debug|x86.ActiveCfg = Debug|Any CPU
		{C189554F-6506-45BE-A2A8-3A9302FDEE17}.Debug|x86.Build.0 = Debug|Any CPU
		{C189554F-6506-45BE-A2A8-3A9302FDEE17}.Release|Any CPU.ActiveCfg = Release|Any CPU
		{C189554F-6506-45BE-A2A8-3A9302FDEE17}.Release|Any CPU.Build.0 = Release|Any CPU
		{C189554F-6506-45BE-A2A8-3A9302FDEE17}.Release|x64.ActiveCfg = Release|Any CPU
		{C189554F-6506-45BE-A2A8-3A9302FDEE17}.Release|x64.Build.0 = Release|Any CPU
		{C189554F-6506-45BE-A2A8-3A9302FDEE17}.Release|x86.ActiveCfg = Release|Any CPU
		{C189554F-6506-45BE-A2A8-3A9302FDEE17}.Release|x86.Build.0 = Release|Any CPU
		{3A8392FF-FD22-4150-A428-F41A939EFE81}.Debug|Any CPU.ActiveCfg = Debug|Any CPU
		{3A8392FF-FD22-4150-A428-F41A939EFE81}.Debug|Any CPU.Build.0 = Debug|Any CPU
		{3A8392FF-FD22-4150-A428-F41A939EFE81}.Debug|x64.ActiveCfg = Debug|Any CPU
		{3A8392FF-FD22-4150-A428-F41A939EFE81}.Debug|x64.Build.0 = Debug|Any CPU
		{3A8392FF-FD22-4150-A428-F41A939EFE81}.Debug|x86.ActiveCfg = Debug|Any CPU
		{3A8392FF-FD22-4150-A428-F41A939EFE81}.Debug|x86.Build.0 = Debug|Any CPU
		{3A8392FF-FD22-4150-A428-F41A939EFE81}.Release|Any CPU.ActiveCfg = Release|Any CPU
		{3A8392FF-FD22-4150-A428-F41A939EFE81}.Release|Any CPU.Build.0 = Release|Any CPU
		{3A8392FF-FD22-4150-A428-F41A939EFE81}.Release|x64.ActiveCfg = Release|Any CPU
		{3A8392FF-FD22-4150-A428-F41A939EFE81}.Release|x64.Build.0 = Release|Any CPU
		{3A8392FF-FD22-4150-A428-F41A939EFE81}.Release|x86.ActiveCfg = Release|Any CPU
		{3A8392FF-FD22-4150-A428-F41A939EFE81}.Release|x86.Build.0 = Release|Any CPU
		{1AF923BA-BF03-4928-B3A0-4E6DD47C0C92}.Debug|Any CPU.ActiveCfg = Debug|Any CPU
		{1AF923BA-BF03-4928-B3A0-4E6DD47C0C92}.Debug|Any CPU.Build.0 = Debug|Any CPU
		{1AF923BA-BF03-4928-B3A0-4E6DD47C0C92}.Debug|x64.ActiveCfg = Debug|Any CPU
		{1AF923BA-BF03-4928-B3A0-4E6DD47C0C92}.Debug|x64.Build.0 = Debug|Any CPU
		{1AF923BA-BF03-4928-B3A0-4E6DD47C0C92}.Debug|x86.ActiveCfg = Debug|Any CPU
		{1AF923BA-BF03-4928-B3A0-4E6DD47C0C92}.Debug|x86.Build.0 = Debug|Any CPU
		{1AF923BA-BF03-4928-B3A0-4E6DD47C0C92}.Release|Any CPU.ActiveCfg = Release|Any CPU
		{1AF923BA-BF03-4928-B3A0-4E6DD47C0C92}.Release|Any CPU.Build.0 = Release|Any CPU
		{1AF923BA-BF03-4928-B3A0-4E6DD47C0C92}.Release|x64.ActiveCfg = Release|Any CPU
		{1AF923BA-BF03-4928-B3A0-4E6DD47C0C92}.Release|x64.Build.0 = Release|Any CPU
		{1AF923BA-BF03-4928-B3A0-4E6DD47C0C92}.Release|x86.ActiveCfg = Release|Any CPU
		{1AF923BA-BF03-4928-B3A0-4E6DD47C0C92}.Release|x86.Build.0 = Release|Any CPU
		{217A4286-42A7-4795-B28E-7EEA8294C94D}.Debug|Any CPU.ActiveCfg = Debug|Any CPU
		{217A4286-42A7-4795-B28E-7EEA8294C94D}.Debug|Any CPU.Build.0 = Debug|Any CPU
		{217A4286-42A7-4795-B28E-7EEA8294C94D}.Debug|x64.ActiveCfg = Debug|Any CPU
		{217A4286-42A7-4795-B28E-7EEA8294C94D}.Debug|x64.Build.0 = Debug|Any CPU
		{217A4286-42A7-4795-B28E-7EEA8294C94D}.Debug|x86.ActiveCfg = Debug|Any CPU
		{217A4286-42A7-4795-B28E-7EEA8294C94D}.Debug|x86.Build.0 = Debug|Any CPU
		{217A4286-42A7-4795-B28E-7EEA8294C94D}.Release|Any CPU.ActiveCfg = Release|Any CPU
		{217A4286-42A7-4795-B28E-7EEA8294C94D}.Release|Any CPU.Build.0 = Release|Any CPU
		{217A4286-42A7-4795-B28E-7EEA8294C94D}.Release|x64.ActiveCfg = Release|Any CPU
		{217A4286-42A7-4795-B28E-7EEA8294C94D}.Release|x64.Build.0 = Release|Any CPU
		{217A4286-42A7-4795-B28E-7EEA8294C94D}.Release|x86.ActiveCfg = Release|Any CPU
		{217A4286-42A7-4795-B28E-7EEA8294C94D}.Release|x86.Build.0 = Release|Any CPU
		{FE89C351-49EC-4CB9-AE6C-C4F7AFA7E1C4}.Debug|Any CPU.ActiveCfg = Debug|Any CPU
		{FE89C351-49EC-4CB9-AE6C-C4F7AFA7E1C4}.Debug|Any CPU.Build.0 = Debug|Any CPU
		{FE89C351-49EC-4CB9-AE6C-C4F7AFA7E1C4}.Debug|x64.ActiveCfg = Debug|Any CPU
		{FE89C351-49EC-4CB9-AE6C-C4F7AFA7E1C4}.Debug|x64.Build.0 = Debug|Any CPU
		{FE89C351-49EC-4CB9-AE6C-C4F7AFA7E1C4}.Debug|x86.ActiveCfg = Debug|Any CPU
		{FE89C351-49EC-4CB9-AE6C-C4F7AFA7E1C4}.Debug|x86.Build.0 = Debug|Any CPU
		{FE89C351-49EC-4CB9-AE6C-C4F7AFA7E1C4}.Release|Any CPU.ActiveCfg = Release|Any CPU
		{FE89C351-49EC-4CB9-AE6C-C4F7AFA7E1C4}.Release|Any CPU.Build.0 = Release|Any CPU
		{FE89C351-49EC-4CB9-AE6C-C4F7AFA7E1C4}.Release|x64.ActiveCfg = Release|Any CPU
		{FE89C351-49EC-4CB9-AE6C-C4F7AFA7E1C4}.Release|x64.Build.0 = Release|Any CPU
		{FE89C351-49EC-4CB9-AE6C-C4F7AFA7E1C4}.Release|x86.ActiveCfg = Release|Any CPU
		{FE89C351-49EC-4CB9-AE6C-C4F7AFA7E1C4}.Release|x86.Build.0 = Release|Any CPU
		{E2A51075-16CB-49C3-8B0F-F1DDB6A196B7}.Debug|Any CPU.ActiveCfg = Debug|Any CPU
		{E2A51075-16CB-49C3-8B0F-F1DDB6A196B7}.Debug|Any CPU.Build.0 = Debug|Any CPU
		{E2A51075-16CB-49C3-8B0F-F1DDB6A196B7}.Debug|x64.ActiveCfg = Debug|Any CPU
		{E2A51075-16CB-49C3-8B0F-F1DDB6A196B7}.Debug|x64.Build.0 = Debug|Any CPU
		{E2A51075-16CB-49C3-8B0F-F1DDB6A196B7}.Debug|x86.ActiveCfg = Debug|Any CPU
		{E2A51075-16CB-49C3-8B0F-F1DDB6A196B7}.Debug|x86.Build.0 = Debug|Any CPU
		{E2A51075-16CB-49C3-8B0F-F1DDB6A196B7}.Release|Any CPU.ActiveCfg = Release|Any CPU
		{E2A51075-16CB-49C3-8B0F-F1DDB6A196B7}.Release|Any CPU.Build.0 = Release|Any CPU
		{E2A51075-16CB-49C3-8B0F-F1DDB6A196B7}.Release|x64.ActiveCfg = Release|Any CPU
		{E2A51075-16CB-49C3-8B0F-F1DDB6A196B7}.Release|x64.Build.0 = Release|Any CPU
		{E2A51075-16CB-49C3-8B0F-F1DDB6A196B7}.Release|x86.ActiveCfg = Release|Any CPU
		{E2A51075-16CB-49C3-8B0F-F1DDB6A196B7}.Release|x86.Build.0 = Release|Any CPU
		{8728CF4D-C28C-4CC7-84BF-2B322885873A}.Debug|Any CPU.ActiveCfg = Debug|Any CPU
		{8728CF4D-C28C-4CC7-84BF-2B322885873A}.Debug|Any CPU.Build.0 = Debug|Any CPU
		{8728CF4D-C28C-4CC7-84BF-2B322885873A}.Debug|x64.ActiveCfg = Debug|Any CPU
		{8728CF4D-C28C-4CC7-84BF-2B322885873A}.Debug|x64.Build.0 = Debug|Any CPU
		{8728CF4D-C28C-4CC7-84BF-2B322885873A}.Debug|x86.ActiveCfg = Debug|Any CPU
		{8728CF4D-C28C-4CC7-84BF-2B322885873A}.Debug|x86.Build.0 = Debug|Any CPU
		{8728CF4D-C28C-4CC7-84BF-2B322885873A}.Release|Any CPU.ActiveCfg = Release|Any CPU
		{8728CF4D-C28C-4CC7-84BF-2B322885873A}.Release|Any CPU.Build.0 = Release|Any CPU
		{8728CF4D-C28C-4CC7-84BF-2B322885873A}.Release|x64.ActiveCfg = Release|Any CPU
		{8728CF4D-C28C-4CC7-84BF-2B322885873A}.Release|x64.Build.0 = Release|Any CPU
		{8728CF4D-C28C-4CC7-84BF-2B322885873A}.Release|x86.ActiveCfg = Release|Any CPU
		{8728CF4D-C28C-4CC7-84BF-2B322885873A}.Release|x86.Build.0 = Release|Any CPU
		{99F7AF8A-289E-4F37-BE54-EFF68A1C431B}.Debug|Any CPU.ActiveCfg = Debug|Any CPU
		{99F7AF8A-289E-4F37-BE54-EFF68A1C431B}.Debug|Any CPU.Build.0 = Debug|Any CPU
		{99F7AF8A-289E-4F37-BE54-EFF68A1C431B}.Debug|x64.ActiveCfg = Debug|Any CPU
		{99F7AF8A-289E-4F37-BE54-EFF68A1C431B}.Debug|x64.Build.0 = Debug|Any CPU
		{99F7AF8A-289E-4F37-BE54-EFF68A1C431B}.Debug|x86.ActiveCfg = Debug|Any CPU
		{99F7AF8A-289E-4F37-BE54-EFF68A1C431B}.Debug|x86.Build.0 = Debug|Any CPU
		{99F7AF8A-289E-4F37-BE54-EFF68A1C431B}.Release|Any CPU.ActiveCfg = Release|Any CPU
		{99F7AF8A-289E-4F37-BE54-EFF68A1C431B}.Release|Any CPU.Build.0 = Release|Any CPU
		{99F7AF8A-289E-4F37-BE54-EFF68A1C431B}.Release|x64.ActiveCfg = Release|Any CPU
		{99F7AF8A-289E-4F37-BE54-EFF68A1C431B}.Release|x64.Build.0 = Release|Any CPU
		{99F7AF8A-289E-4F37-BE54-EFF68A1C431B}.Release|x86.ActiveCfg = Release|Any CPU
		{99F7AF8A-289E-4F37-BE54-EFF68A1C431B}.Release|x86.Build.0 = Release|Any CPU
		{2792C91B-F5E8-421B-8423-7D8C53F7DB05}.Debug|Any CPU.ActiveCfg = Debug|Any CPU
		{2792C91B-F5E8-421B-8423-7D8C53F7DB05}.Debug|Any CPU.Build.0 = Debug|Any CPU
		{2792C91B-F5E8-421B-8423-7D8C53F7DB05}.Debug|x64.ActiveCfg = Debug|Any CPU
		{2792C91B-F5E8-421B-8423-7D8C53F7DB05}.Debug|x64.Build.0 = Debug|Any CPU
		{2792C91B-F5E8-421B-8423-7D8C53F7DB05}.Debug|x86.ActiveCfg = Debug|Any CPU
		{2792C91B-F5E8-421B-8423-7D8C53F7DB05}.Debug|x86.Build.0 = Debug|Any CPU
		{2792C91B-F5E8-421B-8423-7D8C53F7DB05}.Release|Any CPU.ActiveCfg = Release|Any CPU
		{2792C91B-F5E8-421B-8423-7D8C53F7DB05}.Release|Any CPU.Build.0 = Release|Any CPU
		{2792C91B-F5E8-421B-8423-7D8C53F7DB05}.Release|x64.ActiveCfg = Release|Any CPU
		{2792C91B-F5E8-421B-8423-7D8C53F7DB05}.Release|x64.Build.0 = Release|Any CPU
		{2792C91B-F5E8-421B-8423-7D8C53F7DB05}.Release|x86.ActiveCfg = Release|Any CPU
		{2792C91B-F5E8-421B-8423-7D8C53F7DB05}.Release|x86.Build.0 = Release|Any CPU
		{E0699064-8DCC-44D8-979F-5353638B05FB}.Debug|Any CPU.ActiveCfg = Debug|Any CPU
		{E0699064-8DCC-44D8-979F-5353638B05FB}.Debug|Any CPU.Build.0 = Debug|Any CPU
		{E0699064-8DCC-44D8-979F-5353638B05FB}.Debug|x64.ActiveCfg = Debug|Any CPU
		{E0699064-8DCC-44D8-979F-5353638B05FB}.Debug|x64.Build.0 = Debug|Any CPU
		{E0699064-8DCC-44D8-979F-5353638B05FB}.Debug|x86.ActiveCfg = Debug|Any CPU
		{E0699064-8DCC-44D8-979F-5353638B05FB}.Debug|x86.Build.0 = Debug|Any CPU
		{E0699064-8DCC-44D8-979F-5353638B05FB}.Release|Any CPU.ActiveCfg = Release|Any CPU
		{E0699064-8DCC-44D8-979F-5353638B05FB}.Release|Any CPU.Build.0 = Release|Any CPU
		{E0699064-8DCC-44D8-979F-5353638B05FB}.Release|x64.ActiveCfg = Release|Any CPU
		{E0699064-8DCC-44D8-979F-5353638B05FB}.Release|x64.Build.0 = Release|Any CPU
		{E0699064-8DCC-44D8-979F-5353638B05FB}.Release|x86.ActiveCfg = Release|Any CPU
		{E0699064-8DCC-44D8-979F-5353638B05FB}.Release|x86.Build.0 = Release|Any CPU
		{ACE8BCF4-5896-44F6-9864-77B373DCF1C7}.Debug|Any CPU.ActiveCfg = Debug|Any CPU
		{ACE8BCF4-5896-44F6-9864-77B373DCF1C7}.Debug|Any CPU.Build.0 = Debug|Any CPU
		{ACE8BCF4-5896-44F6-9864-77B373DCF1C7}.Debug|x64.ActiveCfg = Debug|Any CPU
		{ACE8BCF4-5896-44F6-9864-77B373DCF1C7}.Debug|x64.Build.0 = Debug|Any CPU
		{ACE8BCF4-5896-44F6-9864-77B373DCF1C7}.Debug|x86.ActiveCfg = Debug|Any CPU
		{ACE8BCF4-5896-44F6-9864-77B373DCF1C7}.Debug|x86.Build.0 = Debug|Any CPU
		{ACE8BCF4-5896-44F6-9864-77B373DCF1C7}.Release|Any CPU.ActiveCfg = Release|Any CPU
		{ACE8BCF4-5896-44F6-9864-77B373DCF1C7}.Release|Any CPU.Build.0 = Release|Any CPU
		{ACE8BCF4-5896-44F6-9864-77B373DCF1C7}.Release|x64.ActiveCfg = Release|Any CPU
		{ACE8BCF4-5896-44F6-9864-77B373DCF1C7}.Release|x64.Build.0 = Release|Any CPU
		{ACE8BCF4-5896-44F6-9864-77B373DCF1C7}.Release|x86.ActiveCfg = Release|Any CPU
		{ACE8BCF4-5896-44F6-9864-77B373DCF1C7}.Release|x86.Build.0 = Release|Any CPU
		{5B723A2C-2ED2-4611-A2B2-C20526BDFCCA}.Debug|Any CPU.ActiveCfg = Debug|Any CPU
		{5B723A2C-2ED2-4611-A2B2-C20526BDFCCA}.Debug|Any CPU.Build.0 = Debug|Any CPU
		{5B723A2C-2ED2-4611-A2B2-C20526BDFCCA}.Debug|x64.ActiveCfg = Debug|Any CPU
		{5B723A2C-2ED2-4611-A2B2-C20526BDFCCA}.Debug|x64.Build.0 = Debug|Any CPU
		{5B723A2C-2ED2-4611-A2B2-C20526BDFCCA}.Debug|x86.ActiveCfg = Debug|Any CPU
		{5B723A2C-2ED2-4611-A2B2-C20526BDFCCA}.Debug|x86.Build.0 = Debug|Any CPU
		{5B723A2C-2ED2-4611-A2B2-C20526BDFCCA}.Release|Any CPU.ActiveCfg = Release|Any CPU
		{5B723A2C-2ED2-4611-A2B2-C20526BDFCCA}.Release|Any CPU.Build.0 = Release|Any CPU
		{5B723A2C-2ED2-4611-A2B2-C20526BDFCCA}.Release|x64.ActiveCfg = Release|Any CPU
		{5B723A2C-2ED2-4611-A2B2-C20526BDFCCA}.Release|x64.Build.0 = Release|Any CPU
		{5B723A2C-2ED2-4611-A2B2-C20526BDFCCA}.Release|x86.ActiveCfg = Release|Any CPU
		{5B723A2C-2ED2-4611-A2B2-C20526BDFCCA}.Release|x86.Build.0 = Release|Any CPU
		{8D46981E-1879-461A-89DD-F302E465C7B2}.Debug|Any CPU.ActiveCfg = Debug|Any CPU
		{8D46981E-1879-461A-89DD-F302E465C7B2}.Debug|Any CPU.Build.0 = Debug|Any CPU
		{8D46981E-1879-461A-89DD-F302E465C7B2}.Debug|x64.ActiveCfg = Debug|Any CPU
		{8D46981E-1879-461A-89DD-F302E465C7B2}.Debug|x64.Build.0 = Debug|Any CPU
		{8D46981E-1879-461A-89DD-F302E465C7B2}.Debug|x86.ActiveCfg = Debug|Any CPU
		{8D46981E-1879-461A-89DD-F302E465C7B2}.Debug|x86.Build.0 = Debug|Any CPU
		{8D46981E-1879-461A-89DD-F302E465C7B2}.Release|Any CPU.ActiveCfg = Release|Any CPU
		{8D46981E-1879-461A-89DD-F302E465C7B2}.Release|Any CPU.Build.0 = Release|Any CPU
		{8D46981E-1879-461A-89DD-F302E465C7B2}.Release|x64.ActiveCfg = Release|Any CPU
		{8D46981E-1879-461A-89DD-F302E465C7B2}.Release|x64.Build.0 = Release|Any CPU
		{8D46981E-1879-461A-89DD-F302E465C7B2}.Release|x86.ActiveCfg = Release|Any CPU
		{8D46981E-1879-461A-89DD-F302E465C7B2}.Release|x86.Build.0 = Release|Any CPU
		{6FE8C6DB-1CE7-4D70-BEC6-7555680E3FF8}.Debug|Any CPU.ActiveCfg = Debug|Any CPU
		{6FE8C6DB-1CE7-4D70-BEC6-7555680E3FF8}.Debug|Any CPU.Build.0 = Debug|Any CPU
		{6FE8C6DB-1CE7-4D70-BEC6-7555680E3FF8}.Debug|x64.ActiveCfg = Debug|Any CPU
		{6FE8C6DB-1CE7-4D70-BEC6-7555680E3FF8}.Debug|x64.Build.0 = Debug|Any CPU
		{6FE8C6DB-1CE7-4D70-BEC6-7555680E3FF8}.Debug|x86.ActiveCfg = Debug|Any CPU
		{6FE8C6DB-1CE7-4D70-BEC6-7555680E3FF8}.Debug|x86.Build.0 = Debug|Any CPU
		{6FE8C6DB-1CE7-4D70-BEC6-7555680E3FF8}.Release|Any CPU.ActiveCfg = Release|Any CPU
		{6FE8C6DB-1CE7-4D70-BEC6-7555680E3FF8}.Release|Any CPU.Build.0 = Release|Any CPU
		{6FE8C6DB-1CE7-4D70-BEC6-7555680E3FF8}.Release|x64.ActiveCfg = Release|Any CPU
		{6FE8C6DB-1CE7-4D70-BEC6-7555680E3FF8}.Release|x64.Build.0 = Release|Any CPU
		{6FE8C6DB-1CE7-4D70-BEC6-7555680E3FF8}.Release|x86.ActiveCfg = Release|Any CPU
		{6FE8C6DB-1CE7-4D70-BEC6-7555680E3FF8}.Release|x86.Build.0 = Release|Any CPU
		{E2D0D466-A538-44E5-B2DC-59D0A7A4F55A}.Debug|Any CPU.ActiveCfg = Debug|Any CPU
		{E2D0D466-A538-44E5-B2DC-59D0A7A4F55A}.Debug|Any CPU.Build.0 = Debug|Any CPU
		{E2D0D466-A538-44E5-B2DC-59D0A7A4F55A}.Debug|x64.ActiveCfg = Debug|Any CPU
		{E2D0D466-A538-44E5-B2DC-59D0A7A4F55A}.Debug|x64.Build.0 = Debug|Any CPU
		{E2D0D466-A538-44E5-B2DC-59D0A7A4F55A}.Debug|x86.ActiveCfg = Debug|Any CPU
		{E2D0D466-A538-44E5-B2DC-59D0A7A4F55A}.Debug|x86.Build.0 = Debug|Any CPU
		{E2D0D466-A538-44E5-B2DC-59D0A7A4F55A}.Release|Any CPU.ActiveCfg = Release|Any CPU
		{E2D0D466-A538-44E5-B2DC-59D0A7A4F55A}.Release|Any CPU.Build.0 = Release|Any CPU
		{E2D0D466-A538-44E5-B2DC-59D0A7A4F55A}.Release|x64.ActiveCfg = Release|Any CPU
		{E2D0D466-A538-44E5-B2DC-59D0A7A4F55A}.Release|x64.Build.0 = Release|Any CPU
		{E2D0D466-A538-44E5-B2DC-59D0A7A4F55A}.Release|x86.ActiveCfg = Release|Any CPU
		{E2D0D466-A538-44E5-B2DC-59D0A7A4F55A}.Release|x86.Build.0 = Release|Any CPU
	EndGlobalSection
	GlobalSection(SolutionProperties) = preSolution
		HideSolutionNode = FALSE
	EndGlobalSection
	GlobalSection(NestedProjects) = preSolution
		{3F804F82-57E8-47EE-BE48-FF19462C3B97} = {A5C9C74C-A503-4375-B56A-1411181B6E5A}
		{C2E3F840-F1D4-4995-BF41-E3EE8BB3D0CA} = {A5C9C74C-A503-4375-B56A-1411181B6E5A}
		{795A25F3-2D7B-49CE-88D8-16266941D704} = {5B9FFF6D-2E10-4D67-9916-4D4B1690E683}
		{7F9047AA-6151-4529-8739-128868B75919} = {795A25F3-2D7B-49CE-88D8-16266941D704}
		{BA32BBA6-8CF4-4812-AF69-E62CF0E2B663} = {5B9FFF6D-2E10-4D67-9916-4D4B1690E683}
		{7930D0CE-E2A5-4AAC-9C57-25E76B534D32} = {BA32BBA6-8CF4-4812-AF69-E62CF0E2B663}
		{74EA9F2E-B211-45FF-8563-F336202B5E79} = {A5C9C74C-A503-4375-B56A-1411181B6E5A}
		{381CB674-65C5-4BA7-AB5E-7DA9629CEE96} = {A5C9C74C-A503-4375-B56A-1411181B6E5A}
		{3412D1E8-2AAE-47AC-BCB2-1E8E1885582F} = {A5C9C74C-A503-4375-B56A-1411181B6E5A}
		{DD70DF4A-E61F-4877-94CD-1F0ACAC2591D} = {A5C9C74C-A503-4375-B56A-1411181B6E5A}
		{78836085-C57D-4B47-8C52-230D4D590F9D} = {A5C9C74C-A503-4375-B56A-1411181B6E5A}
		{54A6FDC7-C196-49FB-988D-4207E25DF68F} = {A5C9C74C-A503-4375-B56A-1411181B6E5A}
		{0C8CB05E-681C-4B1C-BF81-34342F0C2FA2} = {A5C9C74C-A503-4375-B56A-1411181B6E5A}
		{56DACB99-D29B-432F-A9B9-4564A9147C0E} = {A5C9C74C-A503-4375-B56A-1411181B6E5A}
		{37C00522-AA3B-4DF0-B5D6-4A42523AA3F0} = {A5C9C74C-A503-4375-B56A-1411181B6E5A}
		{71CDC5C2-028F-464A-9A06-B6A9349E6C12} = {A5C9C74C-A503-4375-B56A-1411181B6E5A}
		{8FE93A8E-5D40-4295-BF24-CE920730C94D} = {A5C9C74C-A503-4375-B56A-1411181B6E5A}
		{C189554F-6506-45BE-A2A8-3A9302FDEE17} = {0AB3BF05-4346-4AA6-1389-037BE0695223}
		{3A8392FF-FD22-4150-A428-F41A939EFE81} = {A5C9C74C-A503-4375-B56A-1411181B6E5A}
		{1AF923BA-BF03-4928-B3A0-4E6DD47C0C92} = {A5C9C74C-A503-4375-B56A-1411181B6E5A}
		{217A4286-42A7-4795-B28E-7EEA8294C94D} = {A5C9C74C-A503-4375-B56A-1411181B6E5A}
		{FE89C351-49EC-4CB9-AE6C-C4F7AFA7E1C4} = {A5C9C74C-A503-4375-B56A-1411181B6E5A}
		{E2A51075-16CB-49C3-8B0F-F1DDB6A196B7} = {A5C9C74C-A503-4375-B56A-1411181B6E5A}
		{8728CF4D-C28C-4CC7-84BF-2B322885873A} = {A5C9C74C-A503-4375-B56A-1411181B6E5A}
		{99F7AF8A-289E-4F37-BE54-EFF68A1C431B} = {A5C9C74C-A503-4375-B56A-1411181B6E5A}
		{2792C91B-F5E8-421B-8423-7D8C53F7DB05} = {A5C9C74C-A503-4375-B56A-1411181B6E5A}
		{E0699064-8DCC-44D8-979F-5353638B05FB} = {A5C9C74C-A503-4375-B56A-1411181B6E5A}
		{ACE8BCF4-5896-44F6-9864-77B373DCF1C7} = {A5C9C74C-A503-4375-B56A-1411181B6E5A}
		{5B723A2C-2ED2-4611-A2B2-C20526BDFCCA} = {A5C9C74C-A503-4375-B56A-1411181B6E5A}
		{8D46981E-1879-461A-89DD-F302E465C7B2} = {A5C9C74C-A503-4375-B56A-1411181B6E5A}
		{6FE8C6DB-1CE7-4D70-BEC6-7555680E3FF8} = {A5C9C74C-A503-4375-B56A-1411181B6E5A}
		{E2D0D466-A538-44E5-B2DC-59D0A7A4F55A} = {A5C9C74C-A503-4375-B56A-1411181B6E5A}
	EndGlobalSection
	GlobalSection(ExtensibilityGlobals) = postSolution
		SolutionGuid = {0720A3F0-7CD3-4F9C-8DFF-858B38D44C31}
	EndGlobalSection
EndGlobal
