
Microsoft Visual Studio Solution File, Format Version 12.00
# Visual Studio 2013
VisualStudioVersion = 12.0.31101.0
MinimumVisualStudioVersion = 10.0.40219.1
Project("{FAE04EC0-301F-11D3-BF4B-00C04F79EFBC}") = "Test", "Test\Test.csproj", "{12889680-3769-4914-BE60-5D09E83DF5B2}"
EndProject
Project("{FAE04EC0-301F-11D3-BF4B-00C04F79EFBC}") = "Test2d", "Test2d\Test2d.csproj", "{60DDA5D9-7ACC-41AF-9123-C96ABB6B7828}"
EndProject
Project("{FAE04EC0-301F-11D3-BF4B-00C04F79EFBC}") = "TestWPF", "TestWPF\TestWPF.csproj", "{A6E4A619-C1D8-4215-AEED-8F4839699D74}"
EndProject
Project("{FAE04EC0-301F-11D3-BF4B-00C04F79EFBC}") = "TestPDF", "TestPDF\TestPDF.csproj", "{FB4D87A1-A42C-4CC2-9D3B-9273B0E72474}"
EndProject
Project("{FAE04EC0-301F-11D3-BF4B-00C04F79EFBC}") = "TestJSON", "TestJSON\TestJSON.csproj", "{9AEC0134-D372-4DEB-88E8-074DD87B4663}"
EndProject
Project("{FAE04EC0-301F-11D3-BF4B-00C04F79EFBC}") = "TestEMF", "TestEMF\TestEMF.csproj", "{CBA9B80C-1EBE-4B0C-BB50-C24A9688DF51}"
EndProject
Project("{FAE04EC0-301F-11D3-BF4B-00C04F79EFBC}") = "TestDXF", "TestDXF\TestDXF.csproj", "{A71CB982-5F0D-4CDE-8537-559F7F45DE05}"
EndProject
Global
	GlobalSection(SolutionConfigurationPlatforms) = preSolution
		Debug|Any CPU = Debug|Any CPU
		Release|Any CPU = Release|Any CPU
	EndGlobalSection
	GlobalSection(ProjectConfigurationPlatforms) = postSolution
		{12889680-3769-4914-BE60-5D09E83DF5B2}.Debug|Any CPU.ActiveCfg = Debug|Any CPU
		{12889680-3769-4914-BE60-5D09E83DF5B2}.Debug|Any CPU.Build.0 = Debug|Any CPU
		{12889680-3769-4914-BE60-5D09E83DF5B2}.Release|Any CPU.ActiveCfg = Release|Any CPU
		{12889680-3769-4914-BE60-5D09E83DF5B2}.Release|Any CPU.Build.0 = Release|Any CPU
		{60DDA5D9-7ACC-41AF-9123-C96ABB6B7828}.Debug|Any CPU.ActiveCfg = Debug|Any CPU
		{60DDA5D9-7ACC-41AF-9123-C96ABB6B7828}.Debug|Any CPU.Build.0 = Debug|Any CPU
		{60DDA5D9-7ACC-41AF-9123-C96ABB6B7828}.Release|Any CPU.ActiveCfg = Release|Any CPU
		{60DDA5D9-7ACC-41AF-9123-C96ABB6B7828}.Release|Any CPU.Build.0 = Release|Any CPU
		{A6E4A619-C1D8-4215-AEED-8F4839699D74}.Debug|Any CPU.ActiveCfg = Debug|Any CPU
		{A6E4A619-C1D8-4215-AEED-8F4839699D74}.Debug|Any CPU.Build.0 = Debug|Any CPU
		{A6E4A619-C1D8-4215-AEED-8F4839699D74}.Release|Any CPU.ActiveCfg = Release|Any CPU
		{A6E4A619-C1D8-4215-AEED-8F4839699D74}.Release|Any CPU.Build.0 = Release|Any CPU
		{FB4D87A1-A42C-4CC2-9D3B-9273B0E72474}.Debug|Any CPU.ActiveCfg = Debug|Any CPU
		{FB4D87A1-A42C-4CC2-9D3B-9273B0E72474}.Debug|Any CPU.Build.0 = Debug|Any CPU
		{FB4D87A1-A42C-4CC2-9D3B-9273B0E72474}.Release|Any CPU.ActiveCfg = Release|Any CPU
		{FB4D87A1-A42C-4CC2-9D3B-9273B0E72474}.Release|Any CPU.Build.0 = Release|Any CPU
		{9AEC0134-D372-4DEB-88E8-074DD87B4663}.Debug|Any CPU.ActiveCfg = Debug|Any CPU
		{9AEC0134-D372-4DEB-88E8-074DD87B4663}.Debug|Any CPU.Build.0 = Debug|Any CPU
		{9AEC0134-D372-4DEB-88E8-074DD87B4663}.Release|Any CPU.ActiveCfg = Release|Any CPU
		{9AEC0134-D372-4DEB-88E8-074DD87B4663}.Release|Any CPU.Build.0 = Release|Any CPU
		{CBA9B80C-1EBE-4B0C-BB50-C24A9688DF51}.Debug|Any CPU.ActiveCfg = Debug|Any CPU
		{CBA9B80C-1EBE-4B0C-BB50-C24A9688DF51}.Debug|Any CPU.Build.0 = Debug|Any CPU
		{CBA9B80C-1EBE-4B0C-BB50-C24A9688DF51}.Release|Any CPU.ActiveCfg = Release|Any CPU
		{CBA9B80C-1EBE-4B0C-BB50-C24A9688DF51}.Release|Any CPU.Build.0 = Release|Any CPU
		{A71CB982-5F0D-4CDE-8537-559F7F45DE05}.Debug|Any CPU.ActiveCfg = Debug|Any CPU
		{A71CB982-5F0D-4CDE-8537-559F7F45DE05}.Debug|Any CPU.Build.0 = Debug|Any CPU
		{A71CB982-5F0D-4CDE-8537-559F7F45DE05}.Release|Any CPU.ActiveCfg = Release|Any CPU
		{A71CB982-5F0D-4CDE-8537-559F7F45DE05}.Release|Any CPU.Build.0 = Release|Any CPU
	EndGlobalSection
	GlobalSection(SolutionProperties) = preSolution
		HideSolutionNode = FALSE
	EndGlobalSection
EndGlobal
