
Microsoft Visual Studio Solution File, Format Version 12.00
# Visual Studio 2013
VisualStudioVersion = 12.0.31101.0
MinimumVisualStudioVersion = 10.0.40219.1
Project("{FAE04EC0-301F-11D3-BF4B-00C04F79EFBC}") = "Test2d.UI.Wpf", "Test2d.UI.Wpf\Test2d.UI.Wpf.csproj", "{12889680-3769-4914-BE60-5D09E83DF5B2}"
EndProject
Project("{FAE04EC0-301F-11D3-BF4B-00C04F79EFBC}") = "Test2d.UI.WinForms", "Test2d.UI.WinForms\Test2d.UI.WinForms.csproj", "{89476BE1-326D-4548-B62A-DE7B2ACC56F9}"
EndProject
Project("{FAE04EC0-301F-11D3-BF4B-00C04F79EFBC}") = "Test2d.UI.EtoForms.Direct2D", "Test2d.UI.EtoForms.Direct2D\Test2d.UI.EtoForms.Direct2D.csproj", "{1C74A7B6-A80B-406B-A53F-465740D3742F}"
EndProject
Project("{FAE04EC0-301F-11D3-BF4B-00C04F79EFBC}") = "Test2d.UI.EtoForms.Shared", "Test2d.UI.EtoForms.Shared\Test2d.UI.EtoForms.Shared.csproj", "{C2D17C89-B904-4BCE-8BCE-FC65020DE7BB}"
EndProject
Project("{2150E333-8FDC-42A3-9474-1A3956D46DE8}") = "Dependencies", "Dependencies", "{2D76C6F5-844B-4D2D-96D8-B39D49C70706}"
EndProject
Project("{FAE04EC0-301F-11D3-BF4B-00C04F79EFBC}") = "Compressor.LZ4", "Dependencies\Compressor.LZ4\Compressor.LZ4.csproj", "{AFE57F76-D587-4F4D-B308-507476934D29}"
EndProject
Project("{FAE04EC0-301F-11D3-BF4B-00C04F79EFBC}") = "Compressor.GZip", "Dependencies\Compressor.GZip\Compressor.GZip.csproj", "{683D737A-6887-40A8-B513-C742F69B0A71}"
EndProject
Project("{FAE04EC0-301F-11D3-BF4B-00C04F79EFBC}") = "Serializer.Newtonsoft", "Dependencies\Serializer.Newtonsoft\Serializer.Newtonsoft.csproj", "{08E4E8BF-E513-4A8D-835C-1EED6ECB4A21}"
EndProject
Project("{FAE04EC0-301F-11D3-BF4B-00C04F79EFBC}") = "Renderer.PdfSharp-wpf", "Dependencies\Renderer.PdfSharp-wpf\Renderer.PdfSharp-wpf.csproj", "{8D8845D7-998D-4FC2-B4A0-51E2EFB34B45}"
EndProject
Project("{FAE04EC0-301F-11D3-BF4B-00C04F79EFBC}") = "Renderer.Wpf", "Dependencies\Renderer.Wpf\Renderer.Wpf.csproj", "{3BFBD239-8979-480D-B1CB-B763F7C915C8}"
EndProject
Project("{FAE04EC0-301F-11D3-BF4B-00C04F79EFBC}") = "Renderer.EtoForms", "Dependencies\Renderer.EtoForms\Renderer.EtoForms.csproj", "{E4F69CD9-1373-4587-8BD2-A2F46EBB4912}"
EndProject
Project("{FAE04EC0-301F-11D3-BF4B-00C04F79EFBC}") = "Renderer.WinForms", "Dependencies\Renderer.WinForms\Renderer.WinForms.csproj", "{3DC476E6-5032-4888-9337-221B88653C40}"
EndProject
Project("{FAE04EC0-301F-11D3-BF4B-00C04F79EFBC}") = "Renderer.Dxf", "Dependencies\Renderer.Dxf\Renderer.Dxf.csproj", "{ACC2C898-B49B-4ED9-B18C-389F50801B39}"
EndProject
Project("{FAE04EC0-301F-11D3-BF4B-00C04F79EFBC}") = "TextFieldReader.VisualBasic", "Dependencies\TextFieldReader.VisualBasic\TextFieldReader.VisualBasic.csproj", "{A5C01125-8391-4966-B724-5F5EC4FE80A9}"
EndProject
Project("{FAE04EC0-301F-11D3-BF4B-00C04F79EFBC}") = "FileWriter.Pdf-wpf", "Dependencies\FileWriter.Pdf-wpf\FileWriter.Pdf-wpf.csproj", "{5C5A31B5-8F76-42E7-AEA8-55B32CA641FA}"
EndProject
Project("{FAE04EC0-301F-11D3-BF4B-00C04F79EFBC}") = "FileWriter.Emf", "Dependencies\FileWriter.Emf\FileWriter.Emf.csproj", "{3660FCE5-3D0F-412E-93A7-D0D992B4DA65}"
EndProject
Project("{FAE04EC0-301F-11D3-BF4B-00C04F79EFBC}") = "FileWriter.Dxf", "Dependencies\FileWriter.Dxf\FileWriter.Dxf.csproj", "{D40B3BCD-0A26-40BB-960B-9464D248C934}"
EndProject
Project("{FAE04EC0-301F-11D3-BF4B-00C04F79EFBC}") = "TextFieldWriter.CsvHelper", "Dependencies\TextFieldWriter.CsvHelper\TextFieldWriter.CsvHelper.csproj", "{87302D12-1184-402D-BF23-A5699F3D0BB4}"
EndProject
Project("{FAE04EC0-301F-11D3-BF4B-00C04F79EFBC}") = "ScriptEngine.Roslyn", "Dependencies\ScriptEngine.Roslyn\ScriptEngine.Roslyn.csproj", "{DFBEACC3-406D-4216-8841-56398B9500D5}"
EndProject
Project("{FAE04EC0-301F-11D3-BF4B-00C04F79EFBC}") = "Test2d.Editor", "Test2d.Editor\Test2d.Editor.csproj", "{C2E7CC66-B36E-4F1A-998A-029AE107C2E6}"
EndProject
Project("{FAE04EC0-301F-11D3-BF4B-00C04F79EFBC}") = "Test2d", "Test2d\Test2d.csproj", "{8C419CD0-F8A2-4A85-B72B-84BC7FF59616}"
EndProject
Project("{FAE04EC0-301F-11D3-BF4B-00C04F79EFBC}") = "Test2d.Interfaces", "Test2d.Interfaces\Test2d.Interfaces.csproj", "{C3E348E1-BF9E-4A71-A1F7-61B7607E0A20}"
EndProject
Project("{FAE04EC0-301F-11D3-BF4B-00C04F79EFBC}") = "Test2d.Editor.Math", "Test2d.Editor.Math\Test2d.Editor.Math.csproj", "{3292A90C-B664-4F71-AF59-F4BFA04020F8}"
EndProject
Project("{FAE04EC0-301F-11D3-BF4B-00C04F79EFBC}") = "Test2d.Editor.Simulation", "Test2d.Editor.Simulation\Test2d.Editor.Simulation.csproj", "{426FE776-BE71-4860-A0B0-09178B06C22E}"
EndProject
Project("{FAE04EC0-301F-11D3-BF4B-00C04F79EFBC}") = "Test2d.Editor.Dxf", "Test2d.Editor.Dxf\Test2d.Editor.Dxf.csproj", "{304B499E-9FB2-45FF-ACB9-1C5224028BE6}"
EndProject
Global
	GlobalSection(SolutionConfigurationPlatforms) = preSolution
		Debug|Any CPU = Debug|Any CPU
		Debug|x64 = Debug|x64
		Debug|x86 = Debug|x86
		Release|Any CPU = Release|Any CPU
		Release|x64 = Release|x64
		Release|x86 = Release|x86
	EndGlobalSection
	GlobalSection(ProjectConfigurationPlatforms) = postSolution
		{12889680-3769-4914-BE60-5D09E83DF5B2}.Debug|Any CPU.ActiveCfg = Debug|Any CPU
		{12889680-3769-4914-BE60-5D09E83DF5B2}.Debug|Any CPU.Build.0 = Debug|Any CPU
		{12889680-3769-4914-BE60-5D09E83DF5B2}.Debug|x64.ActiveCfg = Debug|x64
		{12889680-3769-4914-BE60-5D09E83DF5B2}.Debug|x64.Build.0 = Debug|x64
		{12889680-3769-4914-BE60-5D09E83DF5B2}.Debug|x86.ActiveCfg = Debug|x86
		{12889680-3769-4914-BE60-5D09E83DF5B2}.Debug|x86.Build.0 = Debug|x86
		{12889680-3769-4914-BE60-5D09E83DF5B2}.Release|Any CPU.ActiveCfg = Release|Any CPU
		{12889680-3769-4914-BE60-5D09E83DF5B2}.Release|Any CPU.Build.0 = Release|Any CPU
		{12889680-3769-4914-BE60-5D09E83DF5B2}.Release|x64.ActiveCfg = Release|x64
		{12889680-3769-4914-BE60-5D09E83DF5B2}.Release|x64.Build.0 = Release|x64
		{12889680-3769-4914-BE60-5D09E83DF5B2}.Release|x86.ActiveCfg = Release|x86
		{12889680-3769-4914-BE60-5D09E83DF5B2}.Release|x86.Build.0 = Release|x86
		{89476BE1-326D-4548-B62A-DE7B2ACC56F9}.Debug|Any CPU.ActiveCfg = Debug|Any CPU
		{89476BE1-326D-4548-B62A-DE7B2ACC56F9}.Debug|Any CPU.Build.0 = Debug|Any CPU
		{89476BE1-326D-4548-B62A-DE7B2ACC56F9}.Debug|x64.ActiveCfg = Debug|x64
		{89476BE1-326D-4548-B62A-DE7B2ACC56F9}.Debug|x64.Build.0 = Debug|x64
		{89476BE1-326D-4548-B62A-DE7B2ACC56F9}.Debug|x86.ActiveCfg = Debug|x86
		{89476BE1-326D-4548-B62A-DE7B2ACC56F9}.Debug|x86.Build.0 = Debug|x86
		{89476BE1-326D-4548-B62A-DE7B2ACC56F9}.Release|Any CPU.ActiveCfg = Release|Any CPU
		{89476BE1-326D-4548-B62A-DE7B2ACC56F9}.Release|Any CPU.Build.0 = Release|Any CPU
		{89476BE1-326D-4548-B62A-DE7B2ACC56F9}.Release|x64.ActiveCfg = Release|x64
		{89476BE1-326D-4548-B62A-DE7B2ACC56F9}.Release|x64.Build.0 = Release|x64
		{89476BE1-326D-4548-B62A-DE7B2ACC56F9}.Release|x86.ActiveCfg = Release|x86
		{89476BE1-326D-4548-B62A-DE7B2ACC56F9}.Release|x86.Build.0 = Release|x86
		{1C74A7B6-A80B-406B-A53F-465740D3742F}.Debug|Any CPU.ActiveCfg = Debug|Any CPU
		{1C74A7B6-A80B-406B-A53F-465740D3742F}.Debug|Any CPU.Build.0 = Debug|Any CPU
		{1C74A7B6-A80B-406B-A53F-465740D3742F}.Debug|x64.ActiveCfg = Debug|x64
		{1C74A7B6-A80B-406B-A53F-465740D3742F}.Debug|x64.Build.0 = Debug|x64
		{1C74A7B6-A80B-406B-A53F-465740D3742F}.Debug|x86.ActiveCfg = Debug|x86
		{1C74A7B6-A80B-406B-A53F-465740D3742F}.Debug|x86.Build.0 = Debug|x86
		{1C74A7B6-A80B-406B-A53F-465740D3742F}.Release|Any CPU.ActiveCfg = Release|Any CPU
		{1C74A7B6-A80B-406B-A53F-465740D3742F}.Release|Any CPU.Build.0 = Release|Any CPU
		{1C74A7B6-A80B-406B-A53F-465740D3742F}.Release|x64.ActiveCfg = Release|x64
		{1C74A7B6-A80B-406B-A53F-465740D3742F}.Release|x64.Build.0 = Release|x64
		{1C74A7B6-A80B-406B-A53F-465740D3742F}.Release|x86.ActiveCfg = Release|x86
		{1C74A7B6-A80B-406B-A53F-465740D3742F}.Release|x86.Build.0 = Release|x86
		{C2D17C89-B904-4BCE-8BCE-FC65020DE7BB}.Debug|Any CPU.ActiveCfg = Debug|Any CPU
		{C2D17C89-B904-4BCE-8BCE-FC65020DE7BB}.Debug|Any CPU.Build.0 = Debug|Any CPU
		{C2D17C89-B904-4BCE-8BCE-FC65020DE7BB}.Debug|x64.ActiveCfg = Debug|x64
		{C2D17C89-B904-4BCE-8BCE-FC65020DE7BB}.Debug|x64.Build.0 = Debug|x64
		{C2D17C89-B904-4BCE-8BCE-FC65020DE7BB}.Debug|x86.ActiveCfg = Debug|x86
		{C2D17C89-B904-4BCE-8BCE-FC65020DE7BB}.Debug|x86.Build.0 = Debug|x86
		{C2D17C89-B904-4BCE-8BCE-FC65020DE7BB}.Release|Any CPU.ActiveCfg = Release|Any CPU
		{C2D17C89-B904-4BCE-8BCE-FC65020DE7BB}.Release|Any CPU.Build.0 = Release|Any CPU
		{C2D17C89-B904-4BCE-8BCE-FC65020DE7BB}.Release|x64.ActiveCfg = Release|x64
		{C2D17C89-B904-4BCE-8BCE-FC65020DE7BB}.Release|x64.Build.0 = Release|x64
		{C2D17C89-B904-4BCE-8BCE-FC65020DE7BB}.Release|x86.ActiveCfg = Release|x86
		{C2D17C89-B904-4BCE-8BCE-FC65020DE7BB}.Release|x86.Build.0 = Release|x86
		{AFE57F76-D587-4F4D-B308-507476934D29}.Debug|Any CPU.ActiveCfg = Debug|Any CPU
		{AFE57F76-D587-4F4D-B308-507476934D29}.Debug|Any CPU.Build.0 = Debug|Any CPU
		{AFE57F76-D587-4F4D-B308-507476934D29}.Debug|x64.ActiveCfg = Debug|x64
		{AFE57F76-D587-4F4D-B308-507476934D29}.Debug|x64.Build.0 = Debug|x64
		{AFE57F76-D587-4F4D-B308-507476934D29}.Debug|x86.ActiveCfg = Debug|x86
		{AFE57F76-D587-4F4D-B308-507476934D29}.Debug|x86.Build.0 = Debug|x86
		{AFE57F76-D587-4F4D-B308-507476934D29}.Release|Any CPU.ActiveCfg = Release|Any CPU
		{AFE57F76-D587-4F4D-B308-507476934D29}.Release|Any CPU.Build.0 = Release|Any CPU
		{AFE57F76-D587-4F4D-B308-507476934D29}.Release|x64.ActiveCfg = Release|x64
		{AFE57F76-D587-4F4D-B308-507476934D29}.Release|x64.Build.0 = Release|x64
		{AFE57F76-D587-4F4D-B308-507476934D29}.Release|x86.ActiveCfg = Release|x86
		{AFE57F76-D587-4F4D-B308-507476934D29}.Release|x86.Build.0 = Release|x86
		{683D737A-6887-40A8-B513-C742F69B0A71}.Debug|Any CPU.ActiveCfg = Debug|Any CPU
		{683D737A-6887-40A8-B513-C742F69B0A71}.Debug|Any CPU.Build.0 = Debug|Any CPU
		{683D737A-6887-40A8-B513-C742F69B0A71}.Debug|x64.ActiveCfg = Debug|x64
		{683D737A-6887-40A8-B513-C742F69B0A71}.Debug|x64.Build.0 = Debug|x64
		{683D737A-6887-40A8-B513-C742F69B0A71}.Debug|x86.ActiveCfg = Debug|x86
		{683D737A-6887-40A8-B513-C742F69B0A71}.Debug|x86.Build.0 = Debug|x86
		{683D737A-6887-40A8-B513-C742F69B0A71}.Release|Any CPU.ActiveCfg = Release|Any CPU
		{683D737A-6887-40A8-B513-C742F69B0A71}.Release|Any CPU.Build.0 = Release|Any CPU
		{683D737A-6887-40A8-B513-C742F69B0A71}.Release|x64.ActiveCfg = Release|x64
		{683D737A-6887-40A8-B513-C742F69B0A71}.Release|x64.Build.0 = Release|x64
		{683D737A-6887-40A8-B513-C742F69B0A71}.Release|x86.ActiveCfg = Release|x86
		{683D737A-6887-40A8-B513-C742F69B0A71}.Release|x86.Build.0 = Release|x86
		{08E4E8BF-E513-4A8D-835C-1EED6ECB4A21}.Debug|Any CPU.ActiveCfg = Debug|Any CPU
		{08E4E8BF-E513-4A8D-835C-1EED6ECB4A21}.Debug|Any CPU.Build.0 = Debug|Any CPU
		{08E4E8BF-E513-4A8D-835C-1EED6ECB4A21}.Debug|x64.ActiveCfg = Debug|x64
		{08E4E8BF-E513-4A8D-835C-1EED6ECB4A21}.Debug|x64.Build.0 = Debug|x64
		{08E4E8BF-E513-4A8D-835C-1EED6ECB4A21}.Debug|x86.ActiveCfg = Debug|x86
		{08E4E8BF-E513-4A8D-835C-1EED6ECB4A21}.Debug|x86.Build.0 = Debug|x86
		{08E4E8BF-E513-4A8D-835C-1EED6ECB4A21}.Release|Any CPU.ActiveCfg = Release|Any CPU
		{08E4E8BF-E513-4A8D-835C-1EED6ECB4A21}.Release|Any CPU.Build.0 = Release|Any CPU
		{08E4E8BF-E513-4A8D-835C-1EED6ECB4A21}.Release|x64.ActiveCfg = Release|x64
		{08E4E8BF-E513-4A8D-835C-1EED6ECB4A21}.Release|x64.Build.0 = Release|x64
		{08E4E8BF-E513-4A8D-835C-1EED6ECB4A21}.Release|x86.ActiveCfg = Release|x86
		{08E4E8BF-E513-4A8D-835C-1EED6ECB4A21}.Release|x86.Build.0 = Release|x86
		{8D8845D7-998D-4FC2-B4A0-51E2EFB34B45}.Debug|Any CPU.ActiveCfg = Debug|Any CPU
		{8D8845D7-998D-4FC2-B4A0-51E2EFB34B45}.Debug|Any CPU.Build.0 = Debug|Any CPU
		{8D8845D7-998D-4FC2-B4A0-51E2EFB34B45}.Debug|x64.ActiveCfg = Debug|x64
		{8D8845D7-998D-4FC2-B4A0-51E2EFB34B45}.Debug|x64.Build.0 = Debug|x64
		{8D8845D7-998D-4FC2-B4A0-51E2EFB34B45}.Debug|x86.ActiveCfg = Debug|x86
		{8D8845D7-998D-4FC2-B4A0-51E2EFB34B45}.Debug|x86.Build.0 = Debug|x86
		{8D8845D7-998D-4FC2-B4A0-51E2EFB34B45}.Release|Any CPU.ActiveCfg = Release|Any CPU
		{8D8845D7-998D-4FC2-B4A0-51E2EFB34B45}.Release|Any CPU.Build.0 = Release|Any CPU
		{8D8845D7-998D-4FC2-B4A0-51E2EFB34B45}.Release|x64.ActiveCfg = Release|x64
		{8D8845D7-998D-4FC2-B4A0-51E2EFB34B45}.Release|x64.Build.0 = Release|x64
		{8D8845D7-998D-4FC2-B4A0-51E2EFB34B45}.Release|x86.ActiveCfg = Release|x86
		{8D8845D7-998D-4FC2-B4A0-51E2EFB34B45}.Release|x86.Build.0 = Release|x86
		{3BFBD239-8979-480D-B1CB-B763F7C915C8}.Debug|Any CPU.ActiveCfg = Debug|Any CPU
		{3BFBD239-8979-480D-B1CB-B763F7C915C8}.Debug|Any CPU.Build.0 = Debug|Any CPU
		{3BFBD239-8979-480D-B1CB-B763F7C915C8}.Debug|x64.ActiveCfg = Debug|x64
		{3BFBD239-8979-480D-B1CB-B763F7C915C8}.Debug|x64.Build.0 = Debug|x64
		{3BFBD239-8979-480D-B1CB-B763F7C915C8}.Debug|x86.ActiveCfg = Debug|x86
		{3BFBD239-8979-480D-B1CB-B763F7C915C8}.Debug|x86.Build.0 = Debug|x86
		{3BFBD239-8979-480D-B1CB-B763F7C915C8}.Release|Any CPU.ActiveCfg = Release|Any CPU
		{3BFBD239-8979-480D-B1CB-B763F7C915C8}.Release|Any CPU.Build.0 = Release|Any CPU
		{3BFBD239-8979-480D-B1CB-B763F7C915C8}.Release|x64.ActiveCfg = Release|x64
		{3BFBD239-8979-480D-B1CB-B763F7C915C8}.Release|x64.Build.0 = Release|x64
		{3BFBD239-8979-480D-B1CB-B763F7C915C8}.Release|x86.ActiveCfg = Release|x86
		{3BFBD239-8979-480D-B1CB-B763F7C915C8}.Release|x86.Build.0 = Release|x86
		{E4F69CD9-1373-4587-8BD2-A2F46EBB4912}.Debug|Any CPU.ActiveCfg = Debug|Any CPU
		{E4F69CD9-1373-4587-8BD2-A2F46EBB4912}.Debug|Any CPU.Build.0 = Debug|Any CPU
		{E4F69CD9-1373-4587-8BD2-A2F46EBB4912}.Debug|x64.ActiveCfg = Debug|x64
		{E4F69CD9-1373-4587-8BD2-A2F46EBB4912}.Debug|x64.Build.0 = Debug|x64
		{E4F69CD9-1373-4587-8BD2-A2F46EBB4912}.Debug|x86.ActiveCfg = Debug|x86
		{E4F69CD9-1373-4587-8BD2-A2F46EBB4912}.Debug|x86.Build.0 = Debug|x86
		{E4F69CD9-1373-4587-8BD2-A2F46EBB4912}.Release|Any CPU.ActiveCfg = Release|Any CPU
		{E4F69CD9-1373-4587-8BD2-A2F46EBB4912}.Release|Any CPU.Build.0 = Release|Any CPU
		{E4F69CD9-1373-4587-8BD2-A2F46EBB4912}.Release|x64.ActiveCfg = Release|x64
		{E4F69CD9-1373-4587-8BD2-A2F46EBB4912}.Release|x64.Build.0 = Release|x64
		{E4F69CD9-1373-4587-8BD2-A2F46EBB4912}.Release|x86.ActiveCfg = Release|x86
		{E4F69CD9-1373-4587-8BD2-A2F46EBB4912}.Release|x86.Build.0 = Release|x86
		{3DC476E6-5032-4888-9337-221B88653C40}.Debug|Any CPU.ActiveCfg = Debug|Any CPU
		{3DC476E6-5032-4888-9337-221B88653C40}.Debug|Any CPU.Build.0 = Debug|Any CPU
		{3DC476E6-5032-4888-9337-221B88653C40}.Debug|x64.ActiveCfg = Debug|x64
		{3DC476E6-5032-4888-9337-221B88653C40}.Debug|x64.Build.0 = Debug|x64
		{3DC476E6-5032-4888-9337-221B88653C40}.Debug|x86.ActiveCfg = Debug|x86
		{3DC476E6-5032-4888-9337-221B88653C40}.Debug|x86.Build.0 = Debug|x86
		{3DC476E6-5032-4888-9337-221B88653C40}.Release|Any CPU.ActiveCfg = Release|Any CPU
		{3DC476E6-5032-4888-9337-221B88653C40}.Release|Any CPU.Build.0 = Release|Any CPU
		{3DC476E6-5032-4888-9337-221B88653C40}.Release|x64.ActiveCfg = Release|x64
		{3DC476E6-5032-4888-9337-221B88653C40}.Release|x64.Build.0 = Release|x64
		{3DC476E6-5032-4888-9337-221B88653C40}.Release|x86.ActiveCfg = Release|x86
		{3DC476E6-5032-4888-9337-221B88653C40}.Release|x86.Build.0 = Release|x86
		{ACC2C898-B49B-4ED9-B18C-389F50801B39}.Debug|Any CPU.ActiveCfg = Debug|Any CPU
		{ACC2C898-B49B-4ED9-B18C-389F50801B39}.Debug|Any CPU.Build.0 = Debug|Any CPU
		{ACC2C898-B49B-4ED9-B18C-389F50801B39}.Debug|x64.ActiveCfg = Debug|x64
		{ACC2C898-B49B-4ED9-B18C-389F50801B39}.Debug|x64.Build.0 = Debug|x64
		{ACC2C898-B49B-4ED9-B18C-389F50801B39}.Debug|x86.ActiveCfg = Debug|x86
		{ACC2C898-B49B-4ED9-B18C-389F50801B39}.Debug|x86.Build.0 = Debug|x86
		{ACC2C898-B49B-4ED9-B18C-389F50801B39}.Release|Any CPU.ActiveCfg = Release|Any CPU
		{ACC2C898-B49B-4ED9-B18C-389F50801B39}.Release|Any CPU.Build.0 = Release|Any CPU
		{ACC2C898-B49B-4ED9-B18C-389F50801B39}.Release|x64.ActiveCfg = Release|x64
		{ACC2C898-B49B-4ED9-B18C-389F50801B39}.Release|x64.Build.0 = Release|x64
		{ACC2C898-B49B-4ED9-B18C-389F50801B39}.Release|x86.ActiveCfg = Release|x86
		{ACC2C898-B49B-4ED9-B18C-389F50801B39}.Release|x86.Build.0 = Release|x86
		{A5C01125-8391-4966-B724-5F5EC4FE80A9}.Debug|Any CPU.ActiveCfg = Debug|Any CPU
		{A5C01125-8391-4966-B724-5F5EC4FE80A9}.Debug|Any CPU.Build.0 = Debug|Any CPU
		{A5C01125-8391-4966-B724-5F5EC4FE80A9}.Debug|x64.ActiveCfg = Debug|x64
		{A5C01125-8391-4966-B724-5F5EC4FE80A9}.Debug|x64.Build.0 = Debug|x64
		{A5C01125-8391-4966-B724-5F5EC4FE80A9}.Debug|x86.ActiveCfg = Debug|x86
		{A5C01125-8391-4966-B724-5F5EC4FE80A9}.Debug|x86.Build.0 = Debug|x86
		{A5C01125-8391-4966-B724-5F5EC4FE80A9}.Release|Any CPU.ActiveCfg = Release|Any CPU
		{A5C01125-8391-4966-B724-5F5EC4FE80A9}.Release|Any CPU.Build.0 = Release|Any CPU
		{A5C01125-8391-4966-B724-5F5EC4FE80A9}.Release|x64.ActiveCfg = Release|x64
		{A5C01125-8391-4966-B724-5F5EC4FE80A9}.Release|x64.Build.0 = Release|x64
		{A5C01125-8391-4966-B724-5F5EC4FE80A9}.Release|x86.ActiveCfg = Release|x86
		{A5C01125-8391-4966-B724-5F5EC4FE80A9}.Release|x86.Build.0 = Release|x86
		{5C5A31B5-8F76-42E7-AEA8-55B32CA641FA}.Debug|Any CPU.ActiveCfg = Debug|Any CPU
		{5C5A31B5-8F76-42E7-AEA8-55B32CA641FA}.Debug|Any CPU.Build.0 = Debug|Any CPU
		{5C5A31B5-8F76-42E7-AEA8-55B32CA641FA}.Debug|x64.ActiveCfg = Debug|x64
		{5C5A31B5-8F76-42E7-AEA8-55B32CA641FA}.Debug|x64.Build.0 = Debug|x64
		{5C5A31B5-8F76-42E7-AEA8-55B32CA641FA}.Debug|x86.ActiveCfg = Debug|x86
		{5C5A31B5-8F76-42E7-AEA8-55B32CA641FA}.Debug|x86.Build.0 = Debug|x86
		{5C5A31B5-8F76-42E7-AEA8-55B32CA641FA}.Release|Any CPU.ActiveCfg = Release|Any CPU
		{5C5A31B5-8F76-42E7-AEA8-55B32CA641FA}.Release|Any CPU.Build.0 = Release|Any CPU
		{5C5A31B5-8F76-42E7-AEA8-55B32CA641FA}.Release|x64.ActiveCfg = Release|x64
		{5C5A31B5-8F76-42E7-AEA8-55B32CA641FA}.Release|x64.Build.0 = Release|x64
		{5C5A31B5-8F76-42E7-AEA8-55B32CA641FA}.Release|x86.ActiveCfg = Release|x86
		{5C5A31B5-8F76-42E7-AEA8-55B32CA641FA}.Release|x86.Build.0 = Release|x86
		{3660FCE5-3D0F-412E-93A7-D0D992B4DA65}.Debug|Any CPU.ActiveCfg = Debug|Any CPU
		{3660FCE5-3D0F-412E-93A7-D0D992B4DA65}.Debug|Any CPU.Build.0 = Debug|Any CPU
		{3660FCE5-3D0F-412E-93A7-D0D992B4DA65}.Debug|x64.ActiveCfg = Debug|x64
		{3660FCE5-3D0F-412E-93A7-D0D992B4DA65}.Debug|x64.Build.0 = Debug|x64
		{3660FCE5-3D0F-412E-93A7-D0D992B4DA65}.Debug|x86.ActiveCfg = Debug|x86
		{3660FCE5-3D0F-412E-93A7-D0D992B4DA65}.Debug|x86.Build.0 = Debug|x86
		{3660FCE5-3D0F-412E-93A7-D0D992B4DA65}.Release|Any CPU.ActiveCfg = Release|Any CPU
		{3660FCE5-3D0F-412E-93A7-D0D992B4DA65}.Release|Any CPU.Build.0 = Release|Any CPU
		{3660FCE5-3D0F-412E-93A7-D0D992B4DA65}.Release|x64.ActiveCfg = Release|x64
		{3660FCE5-3D0F-412E-93A7-D0D992B4DA65}.Release|x64.Build.0 = Release|x64
		{3660FCE5-3D0F-412E-93A7-D0D992B4DA65}.Release|x86.ActiveCfg = Release|x86
		{3660FCE5-3D0F-412E-93A7-D0D992B4DA65}.Release|x86.Build.0 = Release|x86
		{D40B3BCD-0A26-40BB-960B-9464D248C934}.Debug|Any CPU.ActiveCfg = Debug|Any CPU
		{D40B3BCD-0A26-40BB-960B-9464D248C934}.Debug|Any CPU.Build.0 = Debug|Any CPU
		{D40B3BCD-0A26-40BB-960B-9464D248C934}.Debug|x64.ActiveCfg = Debug|x64
		{D40B3BCD-0A26-40BB-960B-9464D248C934}.Debug|x64.Build.0 = Debug|x64
		{D40B3BCD-0A26-40BB-960B-9464D248C934}.Debug|x86.ActiveCfg = Debug|x86
		{D40B3BCD-0A26-40BB-960B-9464D248C934}.Debug|x86.Build.0 = Debug|x86
		{D40B3BCD-0A26-40BB-960B-9464D248C934}.Release|Any CPU.ActiveCfg = Release|Any CPU
		{D40B3BCD-0A26-40BB-960B-9464D248C934}.Release|Any CPU.Build.0 = Release|Any CPU
		{D40B3BCD-0A26-40BB-960B-9464D248C934}.Release|x64.ActiveCfg = Release|x64
		{D40B3BCD-0A26-40BB-960B-9464D248C934}.Release|x64.Build.0 = Release|x64
		{D40B3BCD-0A26-40BB-960B-9464D248C934}.Release|x86.ActiveCfg = Release|x86
		{D40B3BCD-0A26-40BB-960B-9464D248C934}.Release|x86.Build.0 = Release|x86
		{87302D12-1184-402D-BF23-A5699F3D0BB4}.Debug|Any CPU.ActiveCfg = Debug|Any CPU
		{87302D12-1184-402D-BF23-A5699F3D0BB4}.Debug|Any CPU.Build.0 = Debug|Any CPU
		{87302D12-1184-402D-BF23-A5699F3D0BB4}.Debug|x64.ActiveCfg = Debug|x64
		{87302D12-1184-402D-BF23-A5699F3D0BB4}.Debug|x64.Build.0 = Debug|x64
		{87302D12-1184-402D-BF23-A5699F3D0BB4}.Debug|x86.ActiveCfg = Debug|x86
		{87302D12-1184-402D-BF23-A5699F3D0BB4}.Debug|x86.Build.0 = Debug|x86
		{87302D12-1184-402D-BF23-A5699F3D0BB4}.Release|Any CPU.ActiveCfg = Release|Any CPU
		{87302D12-1184-402D-BF23-A5699F3D0BB4}.Release|Any CPU.Build.0 = Release|Any CPU
		{87302D12-1184-402D-BF23-A5699F3D0BB4}.Release|x64.ActiveCfg = Release|x64
		{87302D12-1184-402D-BF23-A5699F3D0BB4}.Release|x64.Build.0 = Release|x64
		{87302D12-1184-402D-BF23-A5699F3D0BB4}.Release|x86.ActiveCfg = Release|x86
		{87302D12-1184-402D-BF23-A5699F3D0BB4}.Release|x86.Build.0 = Release|x86
		{DFBEACC3-406D-4216-8841-56398B9500D5}.Debug|Any CPU.ActiveCfg = Debug|Any CPU
		{DFBEACC3-406D-4216-8841-56398B9500D5}.Debug|Any CPU.Build.0 = Debug|Any CPU
		{DFBEACC3-406D-4216-8841-56398B9500D5}.Debug|x64.ActiveCfg = Debug|x64
		{DFBEACC3-406D-4216-8841-56398B9500D5}.Debug|x64.Build.0 = Debug|x64
		{DFBEACC3-406D-4216-8841-56398B9500D5}.Debug|x86.ActiveCfg = Debug|x86
		{DFBEACC3-406D-4216-8841-56398B9500D5}.Debug|x86.Build.0 = Debug|x86
		{DFBEACC3-406D-4216-8841-56398B9500D5}.Release|Any CPU.ActiveCfg = Release|Any CPU
		{DFBEACC3-406D-4216-8841-56398B9500D5}.Release|Any CPU.Build.0 = Release|Any CPU
		{DFBEACC3-406D-4216-8841-56398B9500D5}.Release|x64.ActiveCfg = Release|x64
		{DFBEACC3-406D-4216-8841-56398B9500D5}.Release|x64.Build.0 = Release|x64
		{DFBEACC3-406D-4216-8841-56398B9500D5}.Release|x86.ActiveCfg = Release|x86
		{DFBEACC3-406D-4216-8841-56398B9500D5}.Release|x86.Build.0 = Release|x86
		{C2E7CC66-B36E-4F1A-998A-029AE107C2E6}.Debug|Any CPU.ActiveCfg = Debug|Any CPU
		{C2E7CC66-B36E-4F1A-998A-029AE107C2E6}.Debug|Any CPU.Build.0 = Debug|Any CPU
		{C2E7CC66-B36E-4F1A-998A-029AE107C2E6}.Debug|x64.ActiveCfg = Debug|x64
		{C2E7CC66-B36E-4F1A-998A-029AE107C2E6}.Debug|x64.Build.0 = Debug|x64
		{C2E7CC66-B36E-4F1A-998A-029AE107C2E6}.Debug|x86.ActiveCfg = Debug|x86
		{C2E7CC66-B36E-4F1A-998A-029AE107C2E6}.Debug|x86.Build.0 = Debug|x86
		{C2E7CC66-B36E-4F1A-998A-029AE107C2E6}.Release|Any CPU.ActiveCfg = Release|Any CPU
		{C2E7CC66-B36E-4F1A-998A-029AE107C2E6}.Release|Any CPU.Build.0 = Release|Any CPU
		{C2E7CC66-B36E-4F1A-998A-029AE107C2E6}.Release|x64.ActiveCfg = Release|x64
		{C2E7CC66-B36E-4F1A-998A-029AE107C2E6}.Release|x64.Build.0 = Release|x64
		{C2E7CC66-B36E-4F1A-998A-029AE107C2E6}.Release|x86.ActiveCfg = Release|x86
		{C2E7CC66-B36E-4F1A-998A-029AE107C2E6}.Release|x86.Build.0 = Release|x86
		{8C419CD0-F8A2-4A85-B72B-84BC7FF59616}.Debug|Any CPU.ActiveCfg = Debug|Any CPU
		{8C419CD0-F8A2-4A85-B72B-84BC7FF59616}.Debug|Any CPU.Build.0 = Debug|Any CPU
		{8C419CD0-F8A2-4A85-B72B-84BC7FF59616}.Debug|x64.ActiveCfg = Debug|x64
		{8C419CD0-F8A2-4A85-B72B-84BC7FF59616}.Debug|x64.Build.0 = Debug|x64
		{8C419CD0-F8A2-4A85-B72B-84BC7FF59616}.Debug|x86.ActiveCfg = Debug|x86
		{8C419CD0-F8A2-4A85-B72B-84BC7FF59616}.Debug|x86.Build.0 = Debug|x86
		{8C419CD0-F8A2-4A85-B72B-84BC7FF59616}.Release|Any CPU.ActiveCfg = Release|Any CPU
		{8C419CD0-F8A2-4A85-B72B-84BC7FF59616}.Release|Any CPU.Build.0 = Release|Any CPU
		{8C419CD0-F8A2-4A85-B72B-84BC7FF59616}.Release|x64.ActiveCfg = Release|x64
		{8C419CD0-F8A2-4A85-B72B-84BC7FF59616}.Release|x64.Build.0 = Release|x64
		{8C419CD0-F8A2-4A85-B72B-84BC7FF59616}.Release|x86.ActiveCfg = Release|x86
		{8C419CD0-F8A2-4A85-B72B-84BC7FF59616}.Release|x86.Build.0 = Release|x86
		{C3E348E1-BF9E-4A71-A1F7-61B7607E0A20}.Debug|Any CPU.ActiveCfg = Debug|Any CPU
		{C3E348E1-BF9E-4A71-A1F7-61B7607E0A20}.Debug|Any CPU.Build.0 = Debug|Any CPU
		{C3E348E1-BF9E-4A71-A1F7-61B7607E0A20}.Debug|x64.ActiveCfg = Debug|x64
		{C3E348E1-BF9E-4A71-A1F7-61B7607E0A20}.Debug|x64.Build.0 = Debug|x64
		{C3E348E1-BF9E-4A71-A1F7-61B7607E0A20}.Debug|x86.ActiveCfg = Debug|x86
		{C3E348E1-BF9E-4A71-A1F7-61B7607E0A20}.Debug|x86.Build.0 = Debug|x86
		{C3E348E1-BF9E-4A71-A1F7-61B7607E0A20}.Release|Any CPU.ActiveCfg = Release|Any CPU
		{C3E348E1-BF9E-4A71-A1F7-61B7607E0A20}.Release|Any CPU.Build.0 = Release|Any CPU
		{C3E348E1-BF9E-4A71-A1F7-61B7607E0A20}.Release|x64.ActiveCfg = Release|x64
		{C3E348E1-BF9E-4A71-A1F7-61B7607E0A20}.Release|x64.Build.0 = Release|x64
		{C3E348E1-BF9E-4A71-A1F7-61B7607E0A20}.Release|x86.ActiveCfg = Release|x86
		{C3E348E1-BF9E-4A71-A1F7-61B7607E0A20}.Release|x86.Build.0 = Release|x86
		{3292A90C-B664-4F71-AF59-F4BFA04020F8}.Debug|Any CPU.ActiveCfg = Debug|Any CPU
		{3292A90C-B664-4F71-AF59-F4BFA04020F8}.Debug|Any CPU.Build.0 = Debug|Any CPU
		{3292A90C-B664-4F71-AF59-F4BFA04020F8}.Debug|x64.ActiveCfg = Debug|x64
		{3292A90C-B664-4F71-AF59-F4BFA04020F8}.Debug|x64.Build.0 = Debug|x64
		{3292A90C-B664-4F71-AF59-F4BFA04020F8}.Debug|x86.ActiveCfg = Debug|x86
		{3292A90C-B664-4F71-AF59-F4BFA04020F8}.Debug|x86.Build.0 = Debug|x86
		{3292A90C-B664-4F71-AF59-F4BFA04020F8}.Release|Any CPU.ActiveCfg = Release|Any CPU
		{3292A90C-B664-4F71-AF59-F4BFA04020F8}.Release|Any CPU.Build.0 = Release|Any CPU
		{3292A90C-B664-4F71-AF59-F4BFA04020F8}.Release|x64.ActiveCfg = Release|x64
		{3292A90C-B664-4F71-AF59-F4BFA04020F8}.Release|x64.Build.0 = Release|x64
		{3292A90C-B664-4F71-AF59-F4BFA04020F8}.Release|x86.ActiveCfg = Release|x86
		{3292A90C-B664-4F71-AF59-F4BFA04020F8}.Release|x86.Build.0 = Release|x86
		{426FE776-BE71-4860-A0B0-09178B06C22E}.Debug|Any CPU.ActiveCfg = Debug|Any CPU
		{426FE776-BE71-4860-A0B0-09178B06C22E}.Debug|Any CPU.Build.0 = Debug|Any CPU
		{426FE776-BE71-4860-A0B0-09178B06C22E}.Debug|x64.ActiveCfg = Debug|x64
		{426FE776-BE71-4860-A0B0-09178B06C22E}.Debug|x64.Build.0 = Debug|x64
		{426FE776-BE71-4860-A0B0-09178B06C22E}.Debug|x86.ActiveCfg = Debug|x86
		{426FE776-BE71-4860-A0B0-09178B06C22E}.Debug|x86.Build.0 = Debug|x86
		{426FE776-BE71-4860-A0B0-09178B06C22E}.Release|Any CPU.ActiveCfg = Release|Any CPU
		{426FE776-BE71-4860-A0B0-09178B06C22E}.Release|Any CPU.Build.0 = Release|Any CPU
		{426FE776-BE71-4860-A0B0-09178B06C22E}.Release|x64.ActiveCfg = Release|x64
		{426FE776-BE71-4860-A0B0-09178B06C22E}.Release|x64.Build.0 = Release|x64
		{426FE776-BE71-4860-A0B0-09178B06C22E}.Release|x86.ActiveCfg = Release|x86
		{426FE776-BE71-4860-A0B0-09178B06C22E}.Release|x86.Build.0 = Release|x86
		{304B499E-9FB2-45FF-ACB9-1C5224028BE6}.Debug|Any CPU.ActiveCfg = Debug|Any CPU
		{304B499E-9FB2-45FF-ACB9-1C5224028BE6}.Debug|Any CPU.Build.0 = Debug|Any CPU
		{304B499E-9FB2-45FF-ACB9-1C5224028BE6}.Debug|x64.ActiveCfg = Debug|x64
		{304B499E-9FB2-45FF-ACB9-1C5224028BE6}.Debug|x64.Build.0 = Debug|x64
		{304B499E-9FB2-45FF-ACB9-1C5224028BE6}.Debug|x86.ActiveCfg = Debug|x86
		{304B499E-9FB2-45FF-ACB9-1C5224028BE6}.Debug|x86.Build.0 = Debug|x86
		{304B499E-9FB2-45FF-ACB9-1C5224028BE6}.Release|Any CPU.ActiveCfg = Release|Any CPU
		{304B499E-9FB2-45FF-ACB9-1C5224028BE6}.Release|Any CPU.Build.0 = Release|Any CPU
		{304B499E-9FB2-45FF-ACB9-1C5224028BE6}.Release|x64.ActiveCfg = Release|x64
		{304B499E-9FB2-45FF-ACB9-1C5224028BE6}.Release|x64.Build.0 = Release|x64
		{304B499E-9FB2-45FF-ACB9-1C5224028BE6}.Release|x86.ActiveCfg = Release|x86
		{304B499E-9FB2-45FF-ACB9-1C5224028BE6}.Release|x86.Build.0 = Release|x86
	EndGlobalSection
	GlobalSection(SolutionProperties) = preSolution
		HideSolutionNode = FALSE
	EndGlobalSection
	GlobalSection(NestedProjects) = preSolution
		{AFE57F76-D587-4F4D-B308-507476934D29} = {2D76C6F5-844B-4D2D-96D8-B39D49C70706}
		{683D737A-6887-40A8-B513-C742F69B0A71} = {2D76C6F5-844B-4D2D-96D8-B39D49C70706}
		{08E4E8BF-E513-4A8D-835C-1EED6ECB4A21} = {2D76C6F5-844B-4D2D-96D8-B39D49C70706}
		{8D8845D7-998D-4FC2-B4A0-51E2EFB34B45} = {2D76C6F5-844B-4D2D-96D8-B39D49C70706}
		{3BFBD239-8979-480D-B1CB-B763F7C915C8} = {2D76C6F5-844B-4D2D-96D8-B39D49C70706}
		{E4F69CD9-1373-4587-8BD2-A2F46EBB4912} = {2D76C6F5-844B-4D2D-96D8-B39D49C70706}
		{3DC476E6-5032-4888-9337-221B88653C40} = {2D76C6F5-844B-4D2D-96D8-B39D49C70706}
		{ACC2C898-B49B-4ED9-B18C-389F50801B39} = {2D76C6F5-844B-4D2D-96D8-B39D49C70706}
		{A5C01125-8391-4966-B724-5F5EC4FE80A9} = {2D76C6F5-844B-4D2D-96D8-B39D49C70706}
		{5C5A31B5-8F76-42E7-AEA8-55B32CA641FA} = {2D76C6F5-844B-4D2D-96D8-B39D49C70706}
		{3660FCE5-3D0F-412E-93A7-D0D992B4DA65} = {2D76C6F5-844B-4D2D-96D8-B39D49C70706}
		{D40B3BCD-0A26-40BB-960B-9464D248C934} = {2D76C6F5-844B-4D2D-96D8-B39D49C70706}
		{87302D12-1184-402D-BF23-A5699F3D0BB4} = {2D76C6F5-844B-4D2D-96D8-B39D49C70706}
		{DFBEACC3-406D-4216-8841-56398B9500D5} = {2D76C6F5-844B-4D2D-96D8-B39D49C70706}
	EndGlobalSection
EndGlobal
